// !$*UTF8*$!
{
	archiveVersion = 1;
	classes = {
	};
	objectVersion = 46;
	objects = {

/* Begin PBXBuildFile section */
		2F34C2318A205D6A20FAA12F /* TransBundle.m in Sources */ = {isa = PBXBuildFile; fileRef = 2F34C1E22F2A44DADCDF38C3 /* TransBundle.m */; };
		2F34CADF83517CAFD6C03311 /* append_post_content.html in Resources */ = {isa = PBXBuildFile; fileRef = 2F34C4DA4FA7BEF14D1932AD /* append_post_content.html */; };
		2F34CFE0A8D88142C21C7417 /* append_post.js in Resources */ = {isa = PBXBuildFile; fileRef = 2F34CAFB4248BA4D1BE6E027 /* append_post.js */; };
		3A0A99831C4A71B600086DAB /* ForumSeniorNewPostViewController.m in Sources */ = {isa = PBXBuildFile; fileRef = 3A0A99821C4A71B600086DAB /* ForumSeniorNewPostViewController.m */; };
		3A0B2C541DDAAE5100FF4ABD /* ForumReportViewController.m in Sources */ = {isa = PBXBuildFile; fileRef = 3A0B2C531DDAAE5100FF4ABD /* ForumReportViewController.m */; };
		3A0B3A001D0962D40060F8A4 /* private_message.html in Resources */ = {isa = PBXBuildFile; fileRef = 3A0B39FF1D0962D40060F8A4 /* private_message.html */; };
		3A1C2CD11C9E9B740068AF6B /* ForumUserProfileTableViewController.m in Sources */ = {isa = PBXBuildFile; fileRef = 3A1C2CD01C9E9B740068AF6B /* ForumUserProfileTableViewController.m */; };
		3A1C2CD71C9EB2C10068AF6B /* ForumProfileTableViewCell.m in Sources */ = {isa = PBXBuildFile; fileRef = 3A1C2CD61C9EB2C10068AF6B /* ForumProfileTableViewCell.m */; };
		3A1CC3B11CB8F8B5007A0B97 /* paperclip.gif in Resources */ = {isa = PBXBuildFile; fileRef = 3A1CC3B01CB8F8B5007A0B97 /* paperclip.gif */; };
		3A1CC3E01CB922F5007A0B97 /* ForumWritePMViewController.m in Sources */ = {isa = PBXBuildFile; fileRef = 3A1CC3DF1CB922F5007A0B97 /* ForumWritePMViewController.m */; };
		3A1CF86F1C54F88C002E52EE /* LeftDrawerItem.m in Sources */ = {isa = PBXBuildFile; fileRef = 3A1CF86E1C54F88C002E52EE /* LeftDrawerItem.m */; };
		3A1CF8761C54F8AB002E52EE /* CommonUtils.m in Sources */ = {isa = PBXBuildFile; fileRef = 3A1CF8711C54F8AB002E52EE /* CommonUtils.m */; };
		3A1CF8771C54F8AB002E52EE /* UIImage+Tint.m in Sources */ = {isa = PBXBuildFile; fileRef = 3A1CF8731C54F8AB002E52EE /* UIImage+Tint.m */; };
		3A1CF8781C54F8AB002E52EE /* UIColor+MyColor.m in Sources */ = {isa = PBXBuildFile; fileRef = 3A1CF8751C54F8AB002E52EE /* UIColor+MyColor.m */; };
		3A256FA11CA57F4000419D67 /* ForumShowPrivateMessageViewController.m in Sources */ = {isa = PBXBuildFile; fileRef = 3A256FA01CA57F4000419D67 /* ForumShowPrivateMessageViewController.m */; };
		3A256FAD1CA62DA900419D67 /* IGHTMLDocument+QueryNode.m in Sources */ = {isa = PBXBuildFile; fileRef = 3A256FAC1CA62DA900419D67 /* IGHTMLDocument+QueryNode.m */; };
		3A256FB01CA62FC600419D67 /* IGXMLNode+Children.m in Sources */ = {isa = PBXBuildFile; fileRef = 3A256FAF1CA62FC600419D67 /* IGXMLNode+Children.m */; };
		3A28267F1CFF30D20095EAE5 /* post_view_notitle.html in Resources */ = {isa = PBXBuildFile; fileRef = 3A28267E1CFF30D20095EAE5 /* post_view_notitle.html */; };
		3A2CE7CE1DAA3C9000315C09 /* ForumMyProfileTableViewController.m in Sources */ = {isa = PBXBuildFile; fileRef = 3A2CE7CD1DAA3C9000315C09 /* ForumMyProfileTableViewController.m */; };
		3A2CE7D11DAA3DFD00315C09 /* ForumBaseStaticTableViewController.m in Sources */ = {isa = PBXBuildFile; fileRef = 3A2CE7D01DAA3DFD00315C09 /* ForumBaseStaticTableViewController.m */; };
		3A2FCC7E1C956DB100B469E4 /* PrivateMessageTableViewCell.m in Sources */ = {isa = PBXBuildFile; fileRef = 3A2FCC7D1C956DB100B469E4 /* PrivateMessageTableViewCell.m */; };
		3A3AC5461DA24733000C9CED /* UIView+Corner.m in Sources */ = {isa = PBXBuildFile; fileRef = 3A3AC5451DA24733000C9CED /* UIView+Corner.m */; };
		3A671EE41CB9E061001CC91E /* PageHeaderView.m in Sources */ = {isa = PBXBuildFile; fileRef = 3A671EE31CB9E061001CC91E /* PageHeaderView.m */; };
		3A671EE61CB9E0E1001CC91E /* PageHeaderView.xib in Resources */ = {isa = PBXBuildFile; fileRef = 3A671EE51CB9E0E1001CC91E /* PageHeaderView.xib */; };
		3A671EE91CB9EA59001CC91E /* XibInflater.m in Sources */ = {isa = PBXBuildFile; fileRef = 3A671EE81CB9EA59001CC91E /* XibInflater.m */; };
		3A690A431C3755C00076C8F1 /* ForumThreadListCell.m in Sources */ = {isa = PBXBuildFile; fileRef = 3A690A421C3755C00076C8F1 /* ForumThreadListCell.m */; };
		3A734BE41CCCB2E600C4821A /* UIAutoResizeTextView.m in Sources */ = {isa = PBXBuildFile; fileRef = 3A734BE31CCCB2E600C4821A /* UIAutoResizeTextView.m */; };
		3A734BEB1CCCC2B000C4821A /* ForumNewThreadNavigationController.m in Sources */ = {isa = PBXBuildFile; fileRef = 3A734BEA1CCCC2B000C4821A /* ForumNewThreadNavigationController.m */; };
		3A734BFB1CCCD72400C4821A /* ForumWritePMNavigationController.m in Sources */ = {isa = PBXBuildFile; fileRef = 3A734BFA1CCCD72400C4821A /* ForumWritePMNavigationController.m */; };
		3A842CA11C469AC1002944A9 /* ForumNewThreadViewController.m in Sources */ = {isa = PBXBuildFile; fileRef = 3A842CA01C469AC1002944A9 /* ForumNewThreadViewController.m */; };
		3A93298D1C39648900A26249 /* CoreText.framework in Frameworks */ = {isa = PBXBuildFile; fileRef = 3A93298C1C39648900A26249 /* CoreText.framework */; };
		3A9ADC6C1C9D8F2C006055A8 /* BaseFourmTableViewCell.m in Sources */ = {isa = PBXBuildFile; fileRef = 3A9ADC6B1C9D8F2C006055A8 /* BaseFourmTableViewCell.m */; };
		3AA397391DABB6FF00F74E32 /* iOSDeviceName.framework in Frameworks */ = {isa = PBXBuildFile; fileRef = 3AA397381DABB6FF00F74E32 /* iOSDeviceName.framework */; };
		3AA5B99D1CBA7D690008175A /* ForumSimpleReplyViewController.m in Sources */ = {isa = PBXBuildFile; fileRef = 3AA5B99C1CBA7D690008175A /* ForumSimpleReplyViewController.m */; };
		3AA5B9A01CBA8C6C0008175A /* ForumReplyNavigationController.m in Sources */ = {isa = PBXBuildFile; fileRef = 3AA5B99F1CBA8C6C0008175A /* ForumReplyNavigationController.m */; };
		3AA935B41CF1BABE009FC4A6 /* db.xcdatamodeld in Sources */ = {isa = PBXBuildFile; fileRef = 3AA935B21CF1BABE009FC4A6 /* db.xcdatamodeld */; };
		3AA935E11CF1BCB2009FC4A6 /* UserEntry+CoreDataProperties.m in Sources */ = {isa = PBXBuildFile; fileRef = 3AA935DA1CF1BCB2009FC4A6 /* UserEntry+CoreDataProperties.m */; };
		3AA935E21CF1BCB2009FC4A6 /* UserEntry.m in Sources */ = {isa = PBXBuildFile; fileRef = 3AA935DC1CF1BCB2009FC4A6 /* UserEntry.m */; };
		3AA935E31CF1BCB2009FC4A6 /* FormEntry+CoreDataProperties.m in Sources */ = {isa = PBXBuildFile; fileRef = 3AA935DE1CF1BCB2009FC4A6 /* FormEntry+CoreDataProperties.m */; };
		3AA935E41CF1BCB2009FC4A6 /* FormEntry.m in Sources */ = {isa = PBXBuildFile; fileRef = 3AA935E01CF1BCB2009FC4A6 /* FormEntry.m */; };
		3AA935E81CF1C19A009FC4A6 /* ForumLoginViewController.m in Sources */ = {isa = PBXBuildFile; fileRef = 3AA935E61CF1C19A009FC4A6 /* ForumLoginViewController.m */; };
		3AA935E91CF1C19A009FC4A6 /* ForumLoginViewController.xib in Resources */ = {isa = PBXBuildFile; fileRef = 3AA935E71CF1C19A009FC4A6 /* ForumLoginViewController.xib */; };
		3AA935ED1CF1DFE9009FC4A6 /* ForumListHeaderView.xib in Resources */ = {isa = PBXBuildFile; fileRef = 3AA935EC1CF1DFE9009FC4A6 /* ForumListHeaderView.xib */; };
		3ABAFE411CAAD12300803085 /* TransValueUITableViewCell.m in Sources */ = {isa = PBXBuildFile; fileRef = 3ABAFE401CAAD12300803085 /* TransValueUITableViewCell.m */; };
		3AC65FBF1CF13A8F000D3BDB /* NSUserDefaults+Extensions.m in Sources */ = {isa = PBXBuildFile; fileRef = 3AC65FBE1CF13A8F000D3BDB /* NSUserDefaults+Extensions.m */; };
		3AC65FC21CF13AA1000D3BDB /* Utils.m in Sources */ = {isa = PBXBuildFile; fileRef = 3AC65FC11CF13AA1000D3BDB /* Utils.m */; };
		3AC65FC81CF13AC5000D3BDB /* NSString+Extensions.m in Sources */ = {isa = PBXBuildFile; fileRef = 3AC65FC71CF13AC5000D3BDB /* NSString+Extensions.m */; };
		3AC65FD61CF149CB000D3BDB /* ForumListHeaderView.m in Sources */ = {isa = PBXBuildFile; fileRef = 3AC65FD41CF149CB000D3BDB /* ForumListHeaderView.m */; };
		3AC65FDA1CF14AA9000D3BDB /* MGSwipeTableCellWithIndexPath.m in Sources */ = {isa = PBXBuildFile; fileRef = 3AC65FD91CF14AA9000D3BDB /* MGSwipeTableCellWithIndexPath.m */; };
		3AC660071CF17D86000D3BDB /* CCFForumApi.m in Sources */ = {isa = PBXBuildFile; fileRef = 3AC660061CF17D86000D3BDB /* CCFForumApi.m */; };
		3AC660671CF1833F000D3BDB /* ForumApiBaseTableViewController.m in Sources */ = {isa = PBXBuildFile; fileRef = 3AC660431CF1833F000D3BDB /* ForumApiBaseTableViewController.m */; };
		3AC660681CF1833F000D3BDB /* ForumApiBaseViewController.m in Sources */ = {isa = PBXBuildFile; fileRef = 3AC660451CF1833F000D3BDB /* ForumApiBaseViewController.m */; };
		3AC660691CF1833F000D3BDB /* ForumFavFormController.m in Sources */ = {isa = PBXBuildFile; fileRef = 3AC660471CF1833F000D3BDB /* ForumFavFormController.m */; };
		3AC6606A1CF1833F000D3BDB /* ForumFavThreadPostTableViewController.m in Sources */ = {isa = PBXBuildFile; fileRef = 3AC660491CF1833F000D3BDB /* ForumFavThreadPostTableViewController.m */; };
		3AC6606B1CF1833F000D3BDB /* ForumTableViewController.m in Sources */ = {isa = PBXBuildFile; fileRef = 3AC6604B1CF1833F000D3BDB /* ForumTableViewController.m */; };
		3AC6606C1CF1833F000D3BDB /* ForumMyThreadPostTableViewController.m in Sources */ = {isa = PBXBuildFile; fileRef = 3AC6604D1CF1833F000D3BDB /* ForumMyThreadPostTableViewController.m */; };
		3AC6606D1CF1833F000D3BDB /* ForumMyThreadTableViewController.m in Sources */ = {isa = PBXBuildFile; fileRef = 3AC6604F1CF1833F000D3BDB /* ForumMyThreadTableViewController.m */; };
		3AC6606F1CF1833F000D3BDB /* ForumShowNewThreadPostTableViewController.m in Sources */ = {isa = PBXBuildFile; fileRef = 3AC660531CF1833F000D3BDB /* ForumShowNewThreadPostTableViewController.m */; };
		3AC660711CF1833F000D3BDB /* ForumThreadListForChildFormUITableViewController.m in Sources */ = {isa = PBXBuildFile; fileRef = 3AC660571CF1833F000D3BDB /* ForumThreadListForChildFormUITableViewController.m */; };
		3AC660721CF1833F000D3BDB /* ForumThreadListTableViewController.m in Sources */ = {isa = PBXBuildFile; fileRef = 3AC660591CF1833F000D3BDB /* ForumThreadListTableViewController.m */; };
		3AC660731CF1833F000D3BDB /* ForumUserThreadTableViewController.m in Sources */ = {isa = PBXBuildFile; fileRef = 3AC6605B1CF1833F000D3BDB /* ForumUserThreadTableViewController.m */; };
		3AC660761CF1833F000D3BDB /* ForumSearchViewController.m in Sources */ = {isa = PBXBuildFile; fileRef = 3AC660601CF1833F000D3BDB /* ForumSearchViewController.m */; };
		3AC660771CF1833F000D3BDB /* ForumSettingTableViewController.m in Sources */ = {isa = PBXBuildFile; fileRef = 3AC660621CF1833F000D3BDB /* ForumSettingTableViewController.m */; };
		3AC660781CF1833F000D3BDB /* ForumTabBarController.m in Sources */ = {isa = PBXBuildFile; fileRef = 3AC660641CF1833F000D3BDB /* ForumTabBarController.m */; };
		3AC660811CF18685000D3BDB /* NSUserDefaults+Setting.m in Sources */ = {isa = PBXBuildFile; fileRef = 3AC660801CF18685000D3BDB /* NSUserDefaults+Setting.m */; };
		3AC660841CF1AEA1000D3BDB /* AutoRelayoutToolbar.m in Sources */ = {isa = PBXBuildFile; fileRef = 3AC660831CF1AEA1000D3BDB /* AutoRelayoutToolbar.m */; };
		3AC660871CF1AF85000D3BDB /* AutoRelayoutUITextView.m in Sources */ = {isa = PBXBuildFile; fileRef = 3AC660861CF1AF85000D3BDB /* AutoRelayoutUITextView.m */; };
		3AC660921CF1B578000D3BDB /* ForumCoreDataManager.m in Sources */ = {isa = PBXBuildFile; fileRef = 3AC660911CF1B578000D3BDB /* ForumCoreDataManager.m */; };
		3ACFFD261CF9B151000312DC /* post_message.html in Resources */ = {isa = PBXBuildFile; fileRef = 3ACFFD251CF9B151000312DC /* post_message.html */; };
		3ACFFD2C1CF9D6BF000312DC /* HPURLCache.m in Sources */ = {isa = PBXBuildFile; fileRef = 3ACFFD291CF9D6BF000312DC /* HPURLCache.m */; };
		3ACFFD2D1CF9D6BF000312DC /* SDImageCache+URLCache.m in Sources */ = {isa = PBXBuildFile; fileRef = 3ACFFD2B1CF9D6BF000312DC /* SDImageCache+URLCache.m */; };
		3ACFFD301CF9DD3C000312DC /* HPURLProtocol.m in Sources */ = {isa = PBXBuildFile; fileRef = 3ACFFD2F1CF9DD3C000312DC /* HPURLProtocol.m */; };
		3ACFFD341CFA641F000312DC /* NYTExamplePhoto.m in Sources */ = {isa = PBXBuildFile; fileRef = 3ACFFD331CFA641F000312DC /* NYTExamplePhoto.m */; };
		3AD077C51CF73B50006A8FBF /* ForumWebViewController.m in Sources */ = {isa = PBXBuildFile; fileRef = 3AD077C41CF73B50006A8FBF /* ForumWebViewController.m */; };
		3AD077C71CF73FBF006A8FBF /* post_view.html in Resources */ = {isa = PBXBuildFile; fileRef = 3AD077C61CF73FBF006A8FBF /* post_view.html */; };
		3AF8878E1DA155D20083A8D5 /* CCFForumParser.m in Sources */ = {isa = PBXBuildFile; fileRef = 3AF8878D1DA155D20083A8D5 /* CCFForumParser.m */; };
		3AF887971DA16D2C0083A8D5 /* CCFForumBrowser.m in Sources */ = {isa = PBXBuildFile; fileRef = 3AF887961DA16D2C0083A8D5 /* CCFForumBrowser.m */; };
		4D32560D1C4754E700053288 /* SelectPhotoCollectionViewCell.m in Sources */ = {isa = PBXBuildFile; fileRef = 4D32560C1C4754E700053288 /* SelectPhotoCollectionViewCell.m */; };
		4D339D901C31454A0022A6A4 /* main.m in Sources */ = {isa = PBXBuildFile; fileRef = 4D339D8F1C31454A0022A6A4 /* main.m */; };
		4D339D931C31454A0022A6A4 /* AppDelegate.m in Sources */ = {isa = PBXBuildFile; fileRef = 4D339D921C31454A0022A6A4 /* AppDelegate.m */; };
		4D339D991C31454A0022A6A4 /* Main.storyboard in Resources */ = {isa = PBXBuildFile; fileRef = 4D339D971C31454A0022A6A4 /* Main.storyboard */; };
		4D339D9E1C31454B0022A6A4 /* Assets.xcassets in Resources */ = {isa = PBXBuildFile; fileRef = 4D339D9D1C31454B0022A6A4 /* Assets.xcassets */; };
		4D339DA11C31454B0022A6A4 /* LaunchScreen.storyboard in Resources */ = {isa = PBXBuildFile; fileRef = 4D339D9F1C31454B0022A6A4 /* LaunchScreen.storyboard */; };
		4D6B11CB1C9A582100E073A1 /* CCFSimpleThreadTableViewCell.m in Sources */ = {isa = PBXBuildFile; fileRef = 4D6B11CA1C9A582100E073A1 /* CCFSimpleThreadTableViewCell.m */; };
		4D796BDB1C43666C00B3C62D /* ForumSearchResultCell.m in Sources */ = {isa = PBXBuildFile; fileRef = 4D796BDA1C43666C00B3C62D /* ForumSearchResultCell.m */; };
		4D796BEA1C44992700B3C62D /* UIStoryboard+Forum.m in Sources */ = {isa = PBXBuildFile; fileRef = 4D796BE91C44992700B3C62D /* UIStoryboard+Forum.m */; };
		4D796BFA1C44BE7800B3C62D /* CoreDataManager.m in Sources */ = {isa = PBXBuildFile; fileRef = 4D796BF91C44BE7800B3C62D /* CoreDataManager.m */; };
		4D93CFD71C85355D00852D28 /* ApiTestViewController.m in Sources */ = {isa = PBXBuildFile; fileRef = 4D93CFD51C85355D00852D28 /* ApiTestViewController.m */; };
		4D93CFD81C85355D00852D28 /* ApiTestViewController.xib in Resources */ = {isa = PBXBuildFile; fileRef = 4D93CFD61C85355D00852D28 /* ApiTestViewController.xib */; };
		4DAFF55A1C91AB2E000E72C8 /* ForumPrivateMessageTableViewController.m in Sources */ = {isa = PBXBuildFile; fileRef = 4DAFF5591C91AB2E000E72C8 /* ForumPrivateMessageTableViewController.m */; };
		4DEB34C31C47BBE400063CBB /* AssetsLibrary.framework in Frameworks */ = {isa = PBXBuildFile; fileRef = 4DEB34C21C47BBE400063CBB /* AssetsLibrary.framework */; };
		4DEB34C61C48D57C00063CBB /* AFHTTPSessionManager+SimpleAction.m in Sources */ = {isa = PBXBuildFile; fileRef = 4DEB34C51C48D57C00063CBB /* AFHTTPSessionManager+SimpleAction.m */; };
		4DF737051DDECC8500BF1896 /* ThreadInSearch.m in Sources */ = {isa = PBXBuildFile; fileRef = 4DF737021DDECC8500BF1896 /* ThreadInSearch.m */; };
		4DF737061DDECC8500BF1896 /* SearchForumDisplayPage.m in Sources */ = {isa = PBXBuildFile; fileRef = 4DF737041DDECC8500BF1896 /* SearchForumDisplayPage.m */; };
		4DF737191DDECC8D00BF1896 /* Post.m in Sources */ = {isa = PBXBuildFile; fileRef = 4DF737081DDECC8D00BF1896 /* Post.m */; };
		4DF7371A1DDECC8D00BF1896 /* User.m in Sources */ = {isa = PBXBuildFile; fileRef = 4DF7370A1DDECC8D00BF1896 /* User.m */; };
		4DF7371B1DDECC8D00BF1896 /* Forum.m in Sources */ = {isa = PBXBuildFile; fileRef = 4DF7370C1DDECC8D00BF1896 /* Forum.m */; };
		4DF7371C1DDECC8D00BF1896 /* Thread.m in Sources */ = {isa = PBXBuildFile; fileRef = 4DF7370E1DDECC8D00BF1896 /* Thread.m */; };
		4DF7371D1DDECC8D00BF1896 /* UserProfile.m in Sources */ = {isa = PBXBuildFile; fileRef = 4DF737101DDECC8D00BF1896 /* UserProfile.m */; };
		4DF7371E1DDECC8D00BF1896 /* SimpleThread.m in Sources */ = {isa = PBXBuildFile; fileRef = 4DF737121DDECC8D00BF1896 /* SimpleThread.m */; };
		4DF7371F1DDECC8D00BF1896 /* NormalThread.m in Sources */ = {isa = PBXBuildFile; fileRef = 4DF737141DDECC8D00BF1896 /* NormalThread.m */; };
		4DF737201DDECC8D00BF1896 /* ShowThreadPage.m in Sources */ = {isa = PBXBuildFile; fileRef = 4DF737161DDECC8D00BF1896 /* ShowThreadPage.m */; };
		4DF737211DDECC8D00BF1896 /* ForumDisplayPage.m in Sources */ = {isa = PBXBuildFile; fileRef = 4DF737181DDECC8D00BF1896 /* ForumDisplayPage.m */; };
		4DF737261DDECC9600BF1896 /* PrivateMessage.m in Sources */ = {isa = PBXBuildFile; fileRef = 4DF737231DDECC9600BF1896 /* PrivateMessage.m */; };
		4DF737271DDECC9600BF1896 /* ShowPrivateMessage.m in Sources */ = {isa = PBXBuildFile; fileRef = 4DF737251DDECC9600BF1896 /* ShowPrivateMessage.m */; };
		4DF7372A1DDECCA200BF1896 /* LoginUser.m in Sources */ = {isa = PBXBuildFile; fileRef = 4DF737291DDECCA200BF1896 /* LoginUser.m */; };
		C7B593E096D9917A12EDBC57 /* TransBundleUIViewController.m in Sources */ = {isa = PBXBuildFile; fileRef = C7B59AA7107634802B9208BE /* TransBundleUIViewController.m */; };
		C7B59881688117523FB59B18 /* TransBudleUINavigatioController.m in Sources */ = {isa = PBXBuildFile; fileRef = C7B593DF37912CFD5EA823A5 /* TransBudleUINavigatioController.m */; };
		C7B59E72D9580AF3CD42302E /* TranBundleUITableViewController.m in Sources */ = {isa = PBXBuildFile; fileRef = C7B590AB42B8175D5E01C121 /* TranBundleUITableViewController.m */; };
		F98D9EA68FB327B72FDB5083 /* libPods.a in Frameworks */ = {isa = PBXBuildFile; fileRef = 57A2A0B6B96C76030E628C93 /* libPods.a */; };
/* End PBXBuildFile section */

/* Begin PBXFileReference section */
		2F34C1E22F2A44DADCDF38C3 /* TransBundle.m */ = {isa = PBXFileReference; fileEncoding = 4; lastKnownFileType = sourcecode.c.objc; path = TransBundle.m; sourceTree = "<group>"; };
		2F34C3077FB8CFC3594C5C65 /* TransBundle.h */ = {isa = PBXFileReference; fileEncoding = 4; lastKnownFileType = sourcecode.c.h; path = TransBundle.h; sourceTree = "<group>"; };
		2F34C4DA4FA7BEF14D1932AD /* append_post_content.html */ = {isa = PBXFileReference; fileEncoding = 4; lastKnownFileType = text.html; name = append_post_content.html; path = CCF/append_post_content.html; sourceTree = "<group>"; };
		2F34CAFB4248BA4D1BE6E027 /* append_post.js */ = {isa = PBXFileReference; fileEncoding = 4; lastKnownFileType = sourcecode.javascript; name = append_post.js; path = CCF/append_post.js; sourceTree = "<group>"; };
		3A0A99811C4A71B600086DAB /* ForumSeniorNewPostViewController.h */ = {isa = PBXFileReference; fileEncoding = 4; lastKnownFileType = sourcecode.c.h; path = ForumSeniorNewPostViewController.h; sourceTree = "<group>"; };
		3A0A99821C4A71B600086DAB /* ForumSeniorNewPostViewController.m */ = {isa = PBXFileReference; fileEncoding = 4; lastKnownFileType = sourcecode.c.objc; path = ForumSeniorNewPostViewController.m; sourceTree = "<group>"; };
		3A0B2C521DDAAE5100FF4ABD /* ForumReportViewController.h */ = {isa = PBXFileReference; fileEncoding = 4; lastKnownFileType = sourcecode.c.h; path = ForumReportViewController.h; sourceTree = "<group>"; };
		3A0B2C531DDAAE5100FF4ABD /* ForumReportViewController.m */ = {isa = PBXFileReference; fileEncoding = 4; lastKnownFileType = sourcecode.c.objc; path = ForumReportViewController.m; sourceTree = "<group>"; };
		3A0B39FF1D0962D40060F8A4 /* private_message.html */ = {isa = PBXFileReference; fileEncoding = 4; lastKnownFileType = text.html; name = private_message.html; path = CCF/private_message.html; sourceTree = "<group>"; };
		3A141A1F1D0AD9D2001A1F78 /* ForumConfig.h */ = {isa = PBXFileReference; lastKnownFileType = sourcecode.c.h; name = ForumConfig.h; path = CCF/ForumConfig.h; sourceTree = "<group>"; };
		3A1C2CCF1C9E9B740068AF6B /* ForumUserProfileTableViewController.h */ = {isa = PBXFileReference; fileEncoding = 4; lastKnownFileType = sourcecode.c.h; path = ForumUserProfileTableViewController.h; sourceTree = "<group>"; };
		3A1C2CD01C9E9B740068AF6B /* ForumUserProfileTableViewController.m */ = {isa = PBXFileReference; fileEncoding = 4; lastKnownFileType = sourcecode.c.objc; path = ForumUserProfileTableViewController.m; sourceTree = "<group>"; };
		3A1C2CD51C9EB2C10068AF6B /* ForumProfileTableViewCell.h */ = {isa = PBXFileReference; fileEncoding = 4; lastKnownFileType = sourcecode.c.h; path = ForumProfileTableViewCell.h; sourceTree = "<group>"; };
		3A1C2CD61C9EB2C10068AF6B /* ForumProfileTableViewCell.m */ = {isa = PBXFileReference; fileEncoding = 4; lastKnownFileType = sourcecode.c.objc; path = ForumProfileTableViewCell.m; sourceTree = "<group>"; };
		3A1CC3B01CB8F8B5007A0B97 /* paperclip.gif */ = {isa = PBXFileReference; lastKnownFileType = image.gif; path = paperclip.gif; sourceTree = "<group>"; };
		3A1CC3DE1CB922F5007A0B97 /* ForumWritePMViewController.h */ = {isa = PBXFileReference; fileEncoding = 4; lastKnownFileType = sourcecode.c.h; path = ForumWritePMViewController.h; sourceTree = "<group>"; };
		3A1CC3DF1CB922F5007A0B97 /* ForumWritePMViewController.m */ = {isa = PBXFileReference; fileEncoding = 4; lastKnownFileType = sourcecode.c.objc; path = ForumWritePMViewController.m; sourceTree = "<group>"; };
		3A1CF86D1C54F88C002E52EE /* LeftDrawerItem.h */ = {isa = PBXFileReference; fileEncoding = 4; lastKnownFileType = sourcecode.c.h; path = LeftDrawerItem.h; sourceTree = "<group>"; };
		3A1CF86E1C54F88C002E52EE /* LeftDrawerItem.m */ = {isa = PBXFileReference; fileEncoding = 4; lastKnownFileType = sourcecode.c.objc; path = LeftDrawerItem.m; sourceTree = "<group>"; };
		3A1CF8701C54F8AB002E52EE /* CommonUtils.h */ = {isa = PBXFileReference; fileEncoding = 4; lastKnownFileType = sourcecode.c.h; path = CommonUtils.h; sourceTree = "<group>"; };
		3A1CF8711C54F8AB002E52EE /* CommonUtils.m */ = {isa = PBXFileReference; fileEncoding = 4; lastKnownFileType = sourcecode.c.objc; path = CommonUtils.m; sourceTree = "<group>"; };
		3A1CF8721C54F8AB002E52EE /* UIImage+Tint.h */ = {isa = PBXFileReference; fileEncoding = 4; lastKnownFileType = sourcecode.c.h; path = "UIImage+Tint.h"; sourceTree = "<group>"; };
		3A1CF8731C54F8AB002E52EE /* UIImage+Tint.m */ = {isa = PBXFileReference; fileEncoding = 4; lastKnownFileType = sourcecode.c.objc; path = "UIImage+Tint.m"; sourceTree = "<group>"; };
		3A1CF8741C54F8AB002E52EE /* UIColor+MyColor.h */ = {isa = PBXFileReference; fileEncoding = 4; lastKnownFileType = sourcecode.c.h; path = "UIColor+MyColor.h"; sourceTree = "<group>"; };
		3A1CF8751C54F8AB002E52EE /* UIColor+MyColor.m */ = {isa = PBXFileReference; fileEncoding = 4; lastKnownFileType = sourcecode.c.objc; path = "UIColor+MyColor.m"; sourceTree = "<group>"; };
		3A256F9F1CA57F4000419D67 /* ForumShowPrivateMessageViewController.h */ = {isa = PBXFileReference; fileEncoding = 4; lastKnownFileType = sourcecode.c.h; path = ForumShowPrivateMessageViewController.h; sourceTree = "<group>"; };
		3A256FA01CA57F4000419D67 /* ForumShowPrivateMessageViewController.m */ = {isa = PBXFileReference; fileEncoding = 4; lastKnownFileType = sourcecode.c.objc; path = ForumShowPrivateMessageViewController.m; sourceTree = "<group>"; };
		3A256FAB1CA62DA900419D67 /* IGHTMLDocument+QueryNode.h */ = {isa = PBXFileReference; fileEncoding = 4; lastKnownFileType = sourcecode.c.h; path = "IGHTMLDocument+QueryNode.h"; sourceTree = "<group>"; };
		3A256FAC1CA62DA900419D67 /* IGHTMLDocument+QueryNode.m */ = {isa = PBXFileReference; fileEncoding = 4; lastKnownFileType = sourcecode.c.objc; path = "IGHTMLDocument+QueryNode.m"; sourceTree = "<group>"; };
		3A256FAE1CA62FC600419D67 /* IGXMLNode+Children.h */ = {isa = PBXFileReference; fileEncoding = 4; lastKnownFileType = sourcecode.c.h; path = "IGXMLNode+Children.h"; sourceTree = "<group>"; };
		3A256FAF1CA62FC600419D67 /* IGXMLNode+Children.m */ = {isa = PBXFileReference; fileEncoding = 4; lastKnownFileType = sourcecode.c.objc; path = "IGXMLNode+Children.m"; sourceTree = "<group>"; };
		3A28267E1CFF30D20095EAE5 /* post_view_notitle.html */ = {isa = PBXFileReference; fileEncoding = 4; lastKnownFileType = text.html; name = post_view_notitle.html; path = CCF/post_view_notitle.html; sourceTree = "<group>"; };
		3A2CE7CC1DAA3C9000315C09 /* ForumMyProfileTableViewController.h */ = {isa = PBXFileReference; fileEncoding = 4; lastKnownFileType = sourcecode.c.h; path = ForumMyProfileTableViewController.h; sourceTree = "<group>"; };
		3A2CE7CD1DAA3C9000315C09 /* ForumMyProfileTableViewController.m */ = {isa = PBXFileReference; fileEncoding = 4; lastKnownFileType = sourcecode.c.objc; path = ForumMyProfileTableViewController.m; sourceTree = "<group>"; };
		3A2CE7CF1DAA3DFD00315C09 /* ForumBaseStaticTableViewController.h */ = {isa = PBXFileReference; fileEncoding = 4; lastKnownFileType = sourcecode.c.h; path = ForumBaseStaticTableViewController.h; sourceTree = "<group>"; };
		3A2CE7D01DAA3DFD00315C09 /* ForumBaseStaticTableViewController.m */ = {isa = PBXFileReference; fileEncoding = 4; lastKnownFileType = sourcecode.c.objc; path = ForumBaseStaticTableViewController.m; sourceTree = "<group>"; };
		3A2FCC7C1C956DB100B469E4 /* PrivateMessageTableViewCell.h */ = {isa = PBXFileReference; fileEncoding = 4; lastKnownFileType = sourcecode.c.h; path = PrivateMessageTableViewCell.h; sourceTree = "<group>"; };
		3A2FCC7D1C956DB100B469E4 /* PrivateMessageTableViewCell.m */ = {isa = PBXFileReference; fileEncoding = 4; lastKnownFileType = sourcecode.c.objc; path = PrivateMessageTableViewCell.m; sourceTree = "<group>"; };
		3A3AC5441DA24733000C9CED /* UIView+Corner.h */ = {isa = PBXFileReference; fileEncoding = 4; lastKnownFileType = sourcecode.c.h; path = "UIView+Corner.h"; sourceTree = "<group>"; };
		3A3AC5451DA24733000C9CED /* UIView+Corner.m */ = {isa = PBXFileReference; fileEncoding = 4; lastKnownFileType = sourcecode.c.objc; path = "UIView+Corner.m"; sourceTree = "<group>"; };
		3A671EE21CB9E061001CC91E /* PageHeaderView.h */ = {isa = PBXFileReference; fileEncoding = 4; lastKnownFileType = sourcecode.c.h; path = PageHeaderView.h; sourceTree = "<group>"; };
		3A671EE31CB9E061001CC91E /* PageHeaderView.m */ = {isa = PBXFileReference; fileEncoding = 4; lastKnownFileType = sourcecode.c.objc; path = PageHeaderView.m; sourceTree = "<group>"; };
		3A671EE51CB9E0E1001CC91E /* PageHeaderView.xib */ = {isa = PBXFileReference; fileEncoding = 4; lastKnownFileType = file.xib; path = PageHeaderView.xib; sourceTree = "<group>"; };
		3A671EE71CB9EA59001CC91E /* XibInflater.h */ = {isa = PBXFileReference; fileEncoding = 4; lastKnownFileType = sourcecode.c.h; path = XibInflater.h; sourceTree = "<group>"; };
		3A671EE81CB9EA59001CC91E /* XibInflater.m */ = {isa = PBXFileReference; fileEncoding = 4; lastKnownFileType = sourcecode.c.objc; path = XibInflater.m; sourceTree = "<group>"; };
		3A690A411C3755C00076C8F1 /* ForumThreadListCell.h */ = {isa = PBXFileReference; fileEncoding = 4; lastKnownFileType = sourcecode.c.h; path = ForumThreadListCell.h; sourceTree = "<group>"; };
		3A690A421C3755C00076C8F1 /* ForumThreadListCell.m */ = {isa = PBXFileReference; fileEncoding = 4; lastKnownFileType = sourcecode.c.objc; path = ForumThreadListCell.m; sourceTree = "<group>"; };
		3A734BE11CCCADF500C4821A /* CCFPCH.pch */ = {isa = PBXFileReference; lastKnownFileType = sourcecode.c.h; path = CCFPCH.pch; sourceTree = "<group>"; };
		3A734BE21CCCB2E600C4821A /* UIAutoResizeTextView.h */ = {isa = PBXFileReference; fileEncoding = 4; lastKnownFileType = sourcecode.c.h; path = UIAutoResizeTextView.h; sourceTree = "<group>"; };
		3A734BE31CCCB2E600C4821A /* UIAutoResizeTextView.m */ = {isa = PBXFileReference; fileEncoding = 4; lastKnownFileType = sourcecode.c.objc; path = UIAutoResizeTextView.m; sourceTree = "<group>"; };
		3A734BE91CCCC2B000C4821A /* ForumNewThreadNavigationController.h */ = {isa = PBXFileReference; fileEncoding = 4; lastKnownFileType = sourcecode.c.h; path = ForumNewThreadNavigationController.h; sourceTree = "<group>"; };
		3A734BEA1CCCC2B000C4821A /* ForumNewThreadNavigationController.m */ = {isa = PBXFileReference; fileEncoding = 4; lastKnownFileType = sourcecode.c.objc; path = ForumNewThreadNavigationController.m; sourceTree = "<group>"; };
		3A734BF81CCCCEE600C4821A /* TransBundleDelegate.h */ = {isa = PBXFileReference; lastKnownFileType = sourcecode.c.h; path = TransBundleDelegate.h; sourceTree = "<group>"; };
		3A734BF91CCCD72400C4821A /* ForumWritePMNavigationController.h */ = {isa = PBXFileReference; fileEncoding = 4; lastKnownFileType = sourcecode.c.h; path = ForumWritePMNavigationController.h; sourceTree = "<group>"; };
		3A734BFA1CCCD72400C4821A /* ForumWritePMNavigationController.m */ = {isa = PBXFileReference; fileEncoding = 4; lastKnownFileType = sourcecode.c.objc; path = ForumWritePMNavigationController.m; sourceTree = "<group>"; };
		3A842C9F1C469AC1002944A9 /* ForumNewThreadViewController.h */ = {isa = PBXFileReference; fileEncoding = 4; lastKnownFileType = sourcecode.c.h; path = ForumNewThreadViewController.h; sourceTree = "<group>"; };
		3A842CA01C469AC1002944A9 /* ForumNewThreadViewController.m */ = {isa = PBXFileReference; fileEncoding = 4; lastKnownFileType = sourcecode.c.objc; path = ForumNewThreadViewController.m; sourceTree = "<group>"; };
		3A93298C1C39648900A26249 /* CoreText.framework */ = {isa = PBXFileReference; lastKnownFileType = wrapper.framework; name = CoreText.framework; path = System/Library/Frameworks/CoreText.framework; sourceTree = SDKROOT; };
		3A9ADC6A1C9D8F2C006055A8 /* BaseFourmTableViewCell.h */ = {isa = PBXFileReference; fileEncoding = 4; lastKnownFileType = sourcecode.c.h; path = BaseFourmTableViewCell.h; sourceTree = "<group>"; };
		3A9ADC6B1C9D8F2C006055A8 /* BaseFourmTableViewCell.m */ = {isa = PBXFileReference; fileEncoding = 4; lastKnownFileType = sourcecode.c.objc; path = BaseFourmTableViewCell.m; sourceTree = "<group>"; };
		3AA397381DABB6FF00F74E32 /* iOSDeviceName.framework */ = {isa = PBXFileReference; lastKnownFileType = wrapper.framework; path = iOSDeviceName.framework; sourceTree = "<group>"; };
		3AA5B99B1CBA7D690008175A /* ForumSimpleReplyViewController.h */ = {isa = PBXFileReference; fileEncoding = 4; lastKnownFileType = sourcecode.c.h; path = ForumSimpleReplyViewController.h; sourceTree = "<group>"; };
		3AA5B99C1CBA7D690008175A /* ForumSimpleReplyViewController.m */ = {isa = PBXFileReference; fileEncoding = 4; lastKnownFileType = sourcecode.c.objc; path = ForumSimpleReplyViewController.m; sourceTree = "<group>"; };
		3AA5B99E1CBA8C6C0008175A /* ForumReplyNavigationController.h */ = {isa = PBXFileReference; fileEncoding = 4; lastKnownFileType = sourcecode.c.h; path = ForumReplyNavigationController.h; sourceTree = "<group>"; };
		3AA5B99F1CBA8C6C0008175A /* ForumReplyNavigationController.m */ = {isa = PBXFileReference; fileEncoding = 4; lastKnownFileType = sourcecode.c.objc; path = ForumReplyNavigationController.m; sourceTree = "<group>"; };
		3AA935B31CF1BABE009FC4A6 /* db.xcdatamodel */ = {isa = PBXFileReference; lastKnownFileType = wrapper.xcdatamodel; path = db.xcdatamodel; sourceTree = "<group>"; };
		3AA935D91CF1BCB2009FC4A6 /* UserEntry+CoreDataProperties.h */ = {isa = PBXFileReference; fileEncoding = 4; lastKnownFileType = sourcecode.c.h; path = "UserEntry+CoreDataProperties.h"; sourceTree = "<group>"; };
		3AA935DA1CF1BCB2009FC4A6 /* UserEntry+CoreDataProperties.m */ = {isa = PBXFileReference; fileEncoding = 4; lastKnownFileType = sourcecode.c.objc; path = "UserEntry+CoreDataProperties.m"; sourceTree = "<group>"; };
		3AA935DB1CF1BCB2009FC4A6 /* UserEntry.h */ = {isa = PBXFileReference; fileEncoding = 4; lastKnownFileType = sourcecode.c.h; path = UserEntry.h; sourceTree = "<group>"; };
		3AA935DC1CF1BCB2009FC4A6 /* UserEntry.m */ = {isa = PBXFileReference; fileEncoding = 4; lastKnownFileType = sourcecode.c.objc; path = UserEntry.m; sourceTree = "<group>"; };
		3AA935DD1CF1BCB2009FC4A6 /* FormEntry+CoreDataProperties.h */ = {isa = PBXFileReference; fileEncoding = 4; lastKnownFileType = sourcecode.c.h; path = "FormEntry+CoreDataProperties.h"; sourceTree = "<group>"; };
		3AA935DE1CF1BCB2009FC4A6 /* FormEntry+CoreDataProperties.m */ = {isa = PBXFileReference; fileEncoding = 4; lastKnownFileType = sourcecode.c.objc; path = "FormEntry+CoreDataProperties.m"; sourceTree = "<group>"; };
		3AA935DF1CF1BCB2009FC4A6 /* FormEntry.h */ = {isa = PBXFileReference; fileEncoding = 4; lastKnownFileType = sourcecode.c.h; path = FormEntry.h; sourceTree = "<group>"; };
		3AA935E01CF1BCB2009FC4A6 /* FormEntry.m */ = {isa = PBXFileReference; fileEncoding = 4; lastKnownFileType = sourcecode.c.objc; path = FormEntry.m; sourceTree = "<group>"; };
		3AA935E51CF1C19A009FC4A6 /* ForumLoginViewController.h */ = {isa = PBXFileReference; fileEncoding = 4; lastKnownFileType = sourcecode.c.h; path = ForumLoginViewController.h; sourceTree = "<group>"; };
		3AA935E61CF1C19A009FC4A6 /* ForumLoginViewController.m */ = {isa = PBXFileReference; fileEncoding = 4; lastKnownFileType = sourcecode.c.objc; path = ForumLoginViewController.m; sourceTree = "<group>"; };
		3AA935E71CF1C19A009FC4A6 /* ForumLoginViewController.xib */ = {isa = PBXFileReference; fileEncoding = 4; lastKnownFileType = file.xib; path = ForumLoginViewController.xib; sourceTree = "<group>"; };
		3AA935EC1CF1DFE9009FC4A6 /* ForumListHeaderView.xib */ = {isa = PBXFileReference; fileEncoding = 4; lastKnownFileType = file.xib; path = ForumListHeaderView.xib; sourceTree = "<group>"; };
		3ABAFE3F1CAAD12300803085 /* TransValueUITableViewCell.h */ = {isa = PBXFileReference; fileEncoding = 4; lastKnownFileType = sourcecode.c.h; path = TransValueUITableViewCell.h; sourceTree = "<group>"; };
		3ABAFE401CAAD12300803085 /* TransValueUITableViewCell.m */ = {isa = PBXFileReference; fileEncoding = 4; lastKnownFileType = sourcecode.c.objc; path = TransValueUITableViewCell.m; sourceTree = "<group>"; };
		3AC65FBD1CF13A8F000D3BDB /* NSUserDefaults+Extensions.h */ = {isa = PBXFileReference; fileEncoding = 4; lastKnownFileType = sourcecode.c.h; path = "NSUserDefaults+Extensions.h"; sourceTree = "<group>"; };
		3AC65FBE1CF13A8F000D3BDB /* NSUserDefaults+Extensions.m */ = {isa = PBXFileReference; fileEncoding = 4; lastKnownFileType = sourcecode.c.objc; path = "NSUserDefaults+Extensions.m"; sourceTree = "<group>"; };
		3AC65FC01CF13AA1000D3BDB /* Utils.h */ = {isa = PBXFileReference; fileEncoding = 4; lastKnownFileType = sourcecode.c.h; path = Utils.h; sourceTree = "<group>"; };
		3AC65FC11CF13AA1000D3BDB /* Utils.m */ = {isa = PBXFileReference; fileEncoding = 4; lastKnownFileType = sourcecode.c.objc; path = Utils.m; sourceTree = "<group>"; };
		3AC65FC61CF13AC5000D3BDB /* NSString+Extensions.h */ = {isa = PBXFileReference; fileEncoding = 4; lastKnownFileType = sourcecode.c.h; path = "NSString+Extensions.h"; sourceTree = "<group>"; };
		3AC65FC71CF13AC5000D3BDB /* NSString+Extensions.m */ = {isa = PBXFileReference; fileEncoding = 4; lastKnownFileType = sourcecode.c.objc; path = "NSString+Extensions.m"; sourceTree = "<group>"; };
		3AC65FD31CF149CB000D3BDB /* ForumListHeaderView.h */ = {isa = PBXFileReference; fileEncoding = 4; lastKnownFileType = sourcecode.c.h; path = ForumListHeaderView.h; sourceTree = "<group>"; };
		3AC65FD41CF149CB000D3BDB /* ForumListHeaderView.m */ = {isa = PBXFileReference; fileEncoding = 4; lastKnownFileType = sourcecode.c.objc; path = ForumListHeaderView.m; sourceTree = "<group>"; };
		3AC65FD81CF14AA9000D3BDB /* MGSwipeTableCellWithIndexPath.h */ = {isa = PBXFileReference; fileEncoding = 4; lastKnownFileType = sourcecode.c.h; path = MGSwipeTableCellWithIndexPath.h; sourceTree = "<group>"; };
		3AC65FD91CF14AA9000D3BDB /* MGSwipeTableCellWithIndexPath.m */ = {isa = PBXFileReference; fileEncoding = 4; lastKnownFileType = sourcecode.c.objc; path = MGSwipeTableCellWithIndexPath.m; sourceTree = "<group>"; };
		3AC660051CF17D86000D3BDB /* CCFForumApi.h */ = {isa = PBXFileReference; fileEncoding = 4; lastKnownFileType = sourcecode.c.h; name = CCFForumApi.h; path = CCF/CCFForumApi.h; sourceTree = "<group>"; };
		3AC660061CF17D86000D3BDB /* CCFForumApi.m */ = {isa = PBXFileReference; fileEncoding = 4; lastKnownFileType = sourcecode.c.objc; name = CCFForumApi.m; path = CCF/CCFForumApi.m; sourceTree = "<group>"; };
		3AC660421CF1833F000D3BDB /* ForumApiBaseTableViewController.h */ = {isa = PBXFileReference; fileEncoding = 4; lastKnownFileType = sourcecode.c.h; path = ForumApiBaseTableViewController.h; sourceTree = "<group>"; };
		3AC660431CF1833F000D3BDB /* ForumApiBaseTableViewController.m */ = {isa = PBXFileReference; fileEncoding = 4; lastKnownFileType = sourcecode.c.objc; path = ForumApiBaseTableViewController.m; sourceTree = "<group>"; };
		3AC660441CF1833F000D3BDB /* ForumApiBaseViewController.h */ = {isa = PBXFileReference; fileEncoding = 4; lastKnownFileType = sourcecode.c.h; path = ForumApiBaseViewController.h; sourceTree = "<group>"; };
		3AC660451CF1833F000D3BDB /* ForumApiBaseViewController.m */ = {isa = PBXFileReference; fileEncoding = 4; lastKnownFileType = sourcecode.c.objc; path = ForumApiBaseViewController.m; sourceTree = "<group>"; };
		3AC660461CF1833F000D3BDB /* ForumFavFormController.h */ = {isa = PBXFileReference; fileEncoding = 4; lastKnownFileType = sourcecode.c.h; path = ForumFavFormController.h; sourceTree = "<group>"; };
		3AC660471CF1833F000D3BDB /* ForumFavFormController.m */ = {isa = PBXFileReference; fileEncoding = 4; lastKnownFileType = sourcecode.c.objc; path = ForumFavFormController.m; sourceTree = "<group>"; };
		3AC660481CF1833F000D3BDB /* ForumFavThreadPostTableViewController.h */ = {isa = PBXFileReference; fileEncoding = 4; lastKnownFileType = sourcecode.c.h; path = ForumFavThreadPostTableViewController.h; sourceTree = "<group>"; };
		3AC660491CF1833F000D3BDB /* ForumFavThreadPostTableViewController.m */ = {isa = PBXFileReference; fileEncoding = 4; lastKnownFileType = sourcecode.c.objc; path = ForumFavThreadPostTableViewController.m; sourceTree = "<group>"; };
		3AC6604A1CF1833F000D3BDB /* ForumTableViewController.h */ = {isa = PBXFileReference; fileEncoding = 4; lastKnownFileType = sourcecode.c.h; path = ForumTableViewController.h; sourceTree = "<group>"; };
		3AC6604B1CF1833F000D3BDB /* ForumTableViewController.m */ = {isa = PBXFileReference; fileEncoding = 4; lastKnownFileType = sourcecode.c.objc; path = ForumTableViewController.m; sourceTree = "<group>"; };
		3AC6604C1CF1833F000D3BDB /* ForumMyThreadPostTableViewController.h */ = {isa = PBXFileReference; fileEncoding = 4; lastKnownFileType = sourcecode.c.h; path = ForumMyThreadPostTableViewController.h; sourceTree = "<group>"; };
		3AC6604D1CF1833F000D3BDB /* ForumMyThreadPostTableViewController.m */ = {isa = PBXFileReference; fileEncoding = 4; lastKnownFileType = sourcecode.c.objc; path = ForumMyThreadPostTableViewController.m; sourceTree = "<group>"; };
		3AC6604E1CF1833F000D3BDB /* ForumMyThreadTableViewController.h */ = {isa = PBXFileReference; fileEncoding = 4; lastKnownFileType = sourcecode.c.h; path = ForumMyThreadTableViewController.h; sourceTree = "<group>"; };
		3AC6604F1CF1833F000D3BDB /* ForumMyThreadTableViewController.m */ = {isa = PBXFileReference; fileEncoding = 4; lastKnownFileType = sourcecode.c.objc; path = ForumMyThreadTableViewController.m; sourceTree = "<group>"; };
		3AC660521CF1833F000D3BDB /* ForumShowNewThreadPostTableViewController.h */ = {isa = PBXFileReference; fileEncoding = 4; lastKnownFileType = sourcecode.c.h; path = ForumShowNewThreadPostTableViewController.h; sourceTree = "<group>"; };
		3AC660531CF1833F000D3BDB /* ForumShowNewThreadPostTableViewController.m */ = {isa = PBXFileReference; fileEncoding = 4; lastKnownFileType = sourcecode.c.objc; path = ForumShowNewThreadPostTableViewController.m; sourceTree = "<group>"; };
		3AC660561CF1833F000D3BDB /* ForumThreadListForChildFormUITableViewController.h */ = {isa = PBXFileReference; fileEncoding = 4; lastKnownFileType = sourcecode.c.h; path = ForumThreadListForChildFormUITableViewController.h; sourceTree = "<group>"; };
		3AC660571CF1833F000D3BDB /* ForumThreadListForChildFormUITableViewController.m */ = {isa = PBXFileReference; fileEncoding = 4; lastKnownFileType = sourcecode.c.objc; path = ForumThreadListForChildFormUITableViewController.m; sourceTree = "<group>"; };
		3AC660581CF1833F000D3BDB /* ForumThreadListTableViewController.h */ = {isa = PBXFileReference; fileEncoding = 4; lastKnownFileType = sourcecode.c.h; path = ForumThreadListTableViewController.h; sourceTree = "<group>"; };
		3AC660591CF1833F000D3BDB /* ForumThreadListTableViewController.m */ = {isa = PBXFileReference; fileEncoding = 4; lastKnownFileType = sourcecode.c.objc; path = ForumThreadListTableViewController.m; sourceTree = "<group>"; };
		3AC6605A1CF1833F000D3BDB /* ForumUserThreadTableViewController.h */ = {isa = PBXFileReference; fileEncoding = 4; lastKnownFileType = sourcecode.c.h; path = ForumUserThreadTableViewController.h; sourceTree = "<group>"; };
		3AC6605B1CF1833F000D3BDB /* ForumUserThreadTableViewController.m */ = {isa = PBXFileReference; fileEncoding = 4; lastKnownFileType = sourcecode.c.objc; path = ForumUserThreadTableViewController.m; sourceTree = "<group>"; };
		3AC6605F1CF1833F000D3BDB /* ForumSearchViewController.h */ = {isa = PBXFileReference; fileEncoding = 4; lastKnownFileType = sourcecode.c.h; path = ForumSearchViewController.h; sourceTree = "<group>"; };
		3AC660601CF1833F000D3BDB /* ForumSearchViewController.m */ = {isa = PBXFileReference; fileEncoding = 4; lastKnownFileType = sourcecode.c.objc; path = ForumSearchViewController.m; sourceTree = "<group>"; };
		3AC660611CF1833F000D3BDB /* ForumSettingTableViewController.h */ = {isa = PBXFileReference; fileEncoding = 4; lastKnownFileType = sourcecode.c.h; path = ForumSettingTableViewController.h; sourceTree = "<group>"; };
		3AC660621CF1833F000D3BDB /* ForumSettingTableViewController.m */ = {isa = PBXFileReference; fileEncoding = 4; lastKnownFileType = sourcecode.c.objc; path = ForumSettingTableViewController.m; sourceTree = "<group>"; };
		3AC660631CF1833F000D3BDB /* ForumTabBarController.h */ = {isa = PBXFileReference; fileEncoding = 4; lastKnownFileType = sourcecode.c.h; path = ForumTabBarController.h; sourceTree = "<group>"; };
		3AC660641CF1833F000D3BDB /* ForumTabBarController.m */ = {isa = PBXFileReference; fileEncoding = 4; lastKnownFileType = sourcecode.c.objc; path = ForumTabBarController.m; sourceTree = "<group>"; };
		3AC6607F1CF18685000D3BDB /* NSUserDefaults+Setting.h */ = {isa = PBXFileReference; fileEncoding = 4; lastKnownFileType = sourcecode.c.h; path = "NSUserDefaults+Setting.h"; sourceTree = "<group>"; };
		3AC660801CF18685000D3BDB /* NSUserDefaults+Setting.m */ = {isa = PBXFileReference; fileEncoding = 4; lastKnownFileType = sourcecode.c.objc; path = "NSUserDefaults+Setting.m"; sourceTree = "<group>"; };
		3AC660821CF1AEA1000D3BDB /* AutoRelayoutToolbar.h */ = {isa = PBXFileReference; fileEncoding = 4; lastKnownFileType = sourcecode.c.h; path = AutoRelayoutToolbar.h; sourceTree = "<group>"; };
		3AC660831CF1AEA1000D3BDB /* AutoRelayoutToolbar.m */ = {isa = PBXFileReference; fileEncoding = 4; lastKnownFileType = sourcecode.c.objc; path = AutoRelayoutToolbar.m; sourceTree = "<group>"; };
		3AC660851CF1AF85000D3BDB /* AutoRelayoutUITextView.h */ = {isa = PBXFileReference; fileEncoding = 4; lastKnownFileType = sourcecode.c.h; path = AutoRelayoutUITextView.h; sourceTree = "<group>"; };
		3AC660861CF1AF85000D3BDB /* AutoRelayoutUITextView.m */ = {isa = PBXFileReference; fileEncoding = 4; lastKnownFileType = sourcecode.c.objc; path = AutoRelayoutUITextView.m; sourceTree = "<group>"; };
		3AC660901CF1B578000D3BDB /* ForumCoreDataManager.h */ = {isa = PBXFileReference; fileEncoding = 4; lastKnownFileType = sourcecode.c.h; path = ForumCoreDataManager.h; sourceTree = "<group>"; };
		3AC660911CF1B578000D3BDB /* ForumCoreDataManager.m */ = {isa = PBXFileReference; fileEncoding = 4; lastKnownFileType = sourcecode.c.objc; path = ForumCoreDataManager.m; sourceTree = "<group>"; };
		3ACFFD251CF9B151000312DC /* post_message.html */ = {isa = PBXFileReference; fileEncoding = 4; lastKnownFileType = text.html; name = post_message.html; path = CCF/post_message.html; sourceTree = "<group>"; };
		3ACFFD281CF9D6BF000312DC /* HPURLCache.h */ = {isa = PBXFileReference; fileEncoding = 4; lastKnownFileType = sourcecode.c.h; path = HPURLCache.h; sourceTree = "<group>"; };
		3ACFFD291CF9D6BF000312DC /* HPURLCache.m */ = {isa = PBXFileReference; fileEncoding = 4; lastKnownFileType = sourcecode.c.objc; path = HPURLCache.m; sourceTree = "<group>"; };
		3ACFFD2A1CF9D6BF000312DC /* SDImageCache+URLCache.h */ = {isa = PBXFileReference; fileEncoding = 4; lastKnownFileType = sourcecode.c.h; path = "SDImageCache+URLCache.h"; sourceTree = "<group>"; };
		3ACFFD2B1CF9D6BF000312DC /* SDImageCache+URLCache.m */ = {isa = PBXFileReference; fileEncoding = 4; lastKnownFileType = sourcecode.c.objc; path = "SDImageCache+URLCache.m"; sourceTree = "<group>"; };
		3ACFFD2E1CF9DD3C000312DC /* HPURLProtocol.h */ = {isa = PBXFileReference; fileEncoding = 4; lastKnownFileType = sourcecode.c.h; path = HPURLProtocol.h; sourceTree = "<group>"; };
		3ACFFD2F1CF9DD3C000312DC /* HPURLProtocol.m */ = {isa = PBXFileReference; fileEncoding = 4; lastKnownFileType = sourcecode.c.objc; path = HPURLProtocol.m; sourceTree = "<group>"; };
		3ACFFD321CFA641F000312DC /* NYTExamplePhoto.h */ = {isa = PBXFileReference; fileEncoding = 4; lastKnownFileType = sourcecode.c.h; path = NYTExamplePhoto.h; sourceTree = "<group>"; };
		3ACFFD331CFA641F000312DC /* NYTExamplePhoto.m */ = {isa = PBXFileReference; fileEncoding = 4; lastKnownFileType = sourcecode.c.objc; path = NYTExamplePhoto.m; sourceTree = "<group>"; };
		3AD077C31CF73B50006A8FBF /* ForumWebViewController.h */ = {isa = PBXFileReference; fileEncoding = 4; lastKnownFileType = sourcecode.c.h; path = ForumWebViewController.h; sourceTree = "<group>"; };
		3AD077C41CF73B50006A8FBF /* ForumWebViewController.m */ = {isa = PBXFileReference; fileEncoding = 4; lastKnownFileType = sourcecode.c.objc; path = ForumWebViewController.m; sourceTree = "<group>"; };
		3AD077C61CF73FBF006A8FBF /* post_view.html */ = {isa = PBXFileReference; fileEncoding = 4; lastKnownFileType = text.html; name = post_view.html; path = CCF/post_view.html; sourceTree = "<group>"; };
		3AF8878C1DA155D20083A8D5 /* CCFForumParser.h */ = {isa = PBXFileReference; fileEncoding = 4; lastKnownFileType = sourcecode.c.h; path = CCFForumParser.h; sourceTree = "<group>"; };
		3AF8878D1DA155D20083A8D5 /* CCFForumParser.m */ = {isa = PBXFileReference; fileEncoding = 4; lastKnownFileType = sourcecode.c.objc; path = CCFForumParser.m; sourceTree = "<group>"; };
		3AF887951DA16D2C0083A8D5 /* CCFForumBrowser.h */ = {isa = PBXFileReference; fileEncoding = 4; lastKnownFileType = sourcecode.c.h; path = CCFForumBrowser.h; sourceTree = "<group>"; };
		3AF887961DA16D2C0083A8D5 /* CCFForumBrowser.m */ = {isa = PBXFileReference; fileEncoding = 4; lastKnownFileType = sourcecode.c.objc; path = CCFForumBrowser.m; sourceTree = "<group>"; };
		4AD749A3A2E07798AF7D58D5 /* Pods.release.xcconfig */ = {isa = PBXFileReference; includeInIndex = 1; lastKnownFileType = text.xcconfig; name = Pods.release.xcconfig; path = "Pods/Target Support Files/Pods/Pods.release.xcconfig"; sourceTree = "<group>"; };
		4D32560B1C4754E700053288 /* SelectPhotoCollectionViewCell.h */ = {isa = PBXFileReference; fileEncoding = 4; lastKnownFileType = sourcecode.c.h; path = SelectPhotoCollectionViewCell.h; sourceTree = "<group>"; };
		4D32560C1C4754E700053288 /* SelectPhotoCollectionViewCell.m */ = {isa = PBXFileReference; fileEncoding = 4; lastKnownFileType = sourcecode.c.objc; path = SelectPhotoCollectionViewCell.m; sourceTree = "<group>"; };
		4D339D8B1C31454A0022A6A4 /* CCF.app */ = {isa = PBXFileReference; explicitFileType = wrapper.application; includeInIndex = 0; path = CCF.app; sourceTree = BUILT_PRODUCTS_DIR; };
		4D339D8F1C31454A0022A6A4 /* main.m */ = {isa = PBXFileReference; lastKnownFileType = sourcecode.c.objc; path = main.m; sourceTree = "<group>"; };
		4D339D911C31454A0022A6A4 /* AppDelegate.h */ = {isa = PBXFileReference; lastKnownFileType = sourcecode.c.h; path = AppDelegate.h; sourceTree = "<group>"; };
		4D339D921C31454A0022A6A4 /* AppDelegate.m */ = {isa = PBXFileReference; lastKnownFileType = sourcecode.c.objc; path = AppDelegate.m; sourceTree = "<group>"; };
		4D339D981C31454A0022A6A4 /* Base */ = {isa = PBXFileReference; lastKnownFileType = file.storyboard; name = Base; path = Base.lproj/Main.storyboard; sourceTree = "<group>"; };
		4D339D9D1C31454B0022A6A4 /* Assets.xcassets */ = {isa = PBXFileReference; lastKnownFileType = folder.assetcatalog; path = Assets.xcassets; sourceTree = "<group>"; };
		4D339DA01C31454B0022A6A4 /* Base */ = {isa = PBXFileReference; lastKnownFileType = file.storyboard; name = Base; path = Base.lproj/LaunchScreen.storyboard; sourceTree = "<group>"; };
		4D339DA21C31454B0022A6A4 /* Info.plist */ = {isa = PBXFileReference; lastKnownFileType = text.plist.xml; path = Info.plist; sourceTree = "<group>"; };
		4D6B11C91C9A582100E073A1 /* CCFSimpleThreadTableViewCell.h */ = {isa = PBXFileReference; fileEncoding = 4; lastKnownFileType = sourcecode.c.h; path = CCFSimpleThreadTableViewCell.h; sourceTree = "<group>"; };
		4D6B11CA1C9A582100E073A1 /* CCFSimpleThreadTableViewCell.m */ = {isa = PBXFileReference; fileEncoding = 4; lastKnownFileType = sourcecode.c.objc; path = CCFSimpleThreadTableViewCell.m; sourceTree = "<group>"; };
		4D796BD91C43666C00B3C62D /* ForumSearchResultCell.h */ = {isa = PBXFileReference; fileEncoding = 4; lastKnownFileType = sourcecode.c.h; path = ForumSearchResultCell.h; sourceTree = "<group>"; };
		4D796BDA1C43666C00B3C62D /* ForumSearchResultCell.m */ = {isa = PBXFileReference; fileEncoding = 4; lastKnownFileType = sourcecode.c.objc; path = ForumSearchResultCell.m; sourceTree = "<group>"; };
		4D796BE81C44992700B3C62D /* UIStoryboard+Forum.h */ = {isa = PBXFileReference; fileEncoding = 4; lastKnownFileType = sourcecode.c.h; path = "UIStoryboard+Forum.h"; sourceTree = "<group>"; };
		4D796BE91C44992700B3C62D /* UIStoryboard+Forum.m */ = {isa = PBXFileReference; fileEncoding = 4; lastKnownFileType = sourcecode.c.objc; path = "UIStoryboard+Forum.m"; sourceTree = "<group>"; };
		4D796BF81C44BE7800B3C62D /* CoreDataManager.h */ = {isa = PBXFileReference; fileEncoding = 4; lastKnownFileType = sourcecode.c.h; path = CoreDataManager.h; sourceTree = "<group>"; };
		4D796BF91C44BE7800B3C62D /* CoreDataManager.m */ = {isa = PBXFileReference; fileEncoding = 4; lastKnownFileType = sourcecode.c.objc; path = CoreDataManager.m; sourceTree = "<group>"; };
		4D93CFD41C85355D00852D28 /* ApiTestViewController.h */ = {isa = PBXFileReference; fileEncoding = 4; lastKnownFileType = sourcecode.c.h; path = ApiTestViewController.h; sourceTree = "<group>"; };
		4D93CFD51C85355D00852D28 /* ApiTestViewController.m */ = {isa = PBXFileReference; fileEncoding = 4; lastKnownFileType = sourcecode.c.objc; path = ApiTestViewController.m; sourceTree = "<group>"; };
		4D93CFD61C85355D00852D28 /* ApiTestViewController.xib */ = {isa = PBXFileReference; fileEncoding = 4; lastKnownFileType = file.xib; path = ApiTestViewController.xib; sourceTree = "<group>"; };
		4DAFF5581C91AB2E000E72C8 /* ForumPrivateMessageTableViewController.h */ = {isa = PBXFileReference; fileEncoding = 4; lastKnownFileType = sourcecode.c.h; path = ForumPrivateMessageTableViewController.h; sourceTree = "<group>"; };
		4DAFF5591C91AB2E000E72C8 /* ForumPrivateMessageTableViewController.m */ = {isa = PBXFileReference; fileEncoding = 4; lastKnownFileType = sourcecode.c.objc; path = ForumPrivateMessageTableViewController.m; sourceTree = "<group>"; };
		4DEB34C21C47BBE400063CBB /* AssetsLibrary.framework */ = {isa = PBXFileReference; lastKnownFileType = wrapper.framework; name = AssetsLibrary.framework; path = System/Library/Frameworks/AssetsLibrary.framework; sourceTree = SDKROOT; };
		4DEB34C41C48D57C00063CBB /* AFHTTPSessionManager+SimpleAction.h */ = {isa = PBXFileReference; fileEncoding = 4; lastKnownFileType = sourcecode.c.h; path = "AFHTTPSessionManager+SimpleAction.h"; sourceTree = "<group>"; };
		4DEB34C51C48D57C00063CBB /* AFHTTPSessionManager+SimpleAction.m */ = {isa = PBXFileReference; fileEncoding = 4; lastKnownFileType = sourcecode.c.objc; path = "AFHTTPSessionManager+SimpleAction.m"; sourceTree = "<group>"; };
		4DF736FA1DDECC5000BF1896 /* ForumEngine.h */ = {isa = PBXFileReference; lastKnownFileType = sourcecode.c.h; path = ForumEngine.h; sourceTree = "<group>"; };
		4DF736FB1DDECC5000BF1896 /* ForumParser.h */ = {isa = PBXFileReference; lastKnownFileType = sourcecode.c.h; path = ForumParser.h; sourceTree = "<group>"; };
		4DF736FC1DDECC5000BF1896 /* vBulletinForumEngine.h */ = {isa = PBXFileReference; lastKnownFileType = sourcecode.c.h; path = vBulletinForumEngine.h; sourceTree = "<group>"; };
		4DF737011DDECC8500BF1896 /* ThreadInSearch.h */ = {isa = PBXFileReference; fileEncoding = 4; lastKnownFileType = sourcecode.c.h; path = ThreadInSearch.h; sourceTree = "<group>"; };
		4DF737021DDECC8500BF1896 /* ThreadInSearch.m */ = {isa = PBXFileReference; fileEncoding = 4; lastKnownFileType = sourcecode.c.objc; path = ThreadInSearch.m; sourceTree = "<group>"; };
		4DF737031DDECC8500BF1896 /* SearchForumDisplayPage.h */ = {isa = PBXFileReference; fileEncoding = 4; lastKnownFileType = sourcecode.c.h; path = SearchForumDisplayPage.h; sourceTree = "<group>"; };
		4DF737041DDECC8500BF1896 /* SearchForumDisplayPage.m */ = {isa = PBXFileReference; fileEncoding = 4; lastKnownFileType = sourcecode.c.objc; path = SearchForumDisplayPage.m; sourceTree = "<group>"; };
		4DF737071DDECC8D00BF1896 /* Post.h */ = {isa = PBXFileReference; fileEncoding = 4; lastKnownFileType = sourcecode.c.h; path = Post.h; sourceTree = "<group>"; };
		4DF737081DDECC8D00BF1896 /* Post.m */ = {isa = PBXFileReference; fileEncoding = 4; lastKnownFileType = sourcecode.c.objc; path = Post.m; sourceTree = "<group>"; };
		4DF737091DDECC8D00BF1896 /* User.h */ = {isa = PBXFileReference; fileEncoding = 4; lastKnownFileType = sourcecode.c.h; path = User.h; sourceTree = "<group>"; };
		4DF7370A1DDECC8D00BF1896 /* User.m */ = {isa = PBXFileReference; fileEncoding = 4; lastKnownFileType = sourcecode.c.objc; path = User.m; sourceTree = "<group>"; };
		4DF7370B1DDECC8D00BF1896 /* Forum.h */ = {isa = PBXFileReference; fileEncoding = 4; lastKnownFileType = sourcecode.c.h; path = Forum.h; sourceTree = "<group>"; };
		4DF7370C1DDECC8D00BF1896 /* Forum.m */ = {isa = PBXFileReference; fileEncoding = 4; lastKnownFileType = sourcecode.c.objc; path = Forum.m; sourceTree = "<group>"; };
		4DF7370D1DDECC8D00BF1896 /* Thread.h */ = {isa = PBXFileReference; fileEncoding = 4; lastKnownFileType = sourcecode.c.h; path = Thread.h; sourceTree = "<group>"; };
		4DF7370E1DDECC8D00BF1896 /* Thread.m */ = {isa = PBXFileReference; fileEncoding = 4; lastKnownFileType = sourcecode.c.objc; path = Thread.m; sourceTree = "<group>"; };
		4DF7370F1DDECC8D00BF1896 /* UserProfile.h */ = {isa = PBXFileReference; fileEncoding = 4; lastKnownFileType = sourcecode.c.h; path = UserProfile.h; sourceTree = "<group>"; };
		4DF737101DDECC8D00BF1896 /* UserProfile.m */ = {isa = PBXFileReference; fileEncoding = 4; lastKnownFileType = sourcecode.c.objc; path = UserProfile.m; sourceTree = "<group>"; };
		4DF737111DDECC8D00BF1896 /* SimpleThread.h */ = {isa = PBXFileReference; fileEncoding = 4; lastKnownFileType = sourcecode.c.h; path = SimpleThread.h; sourceTree = "<group>"; };
		4DF737121DDECC8D00BF1896 /* SimpleThread.m */ = {isa = PBXFileReference; fileEncoding = 4; lastKnownFileType = sourcecode.c.objc; path = SimpleThread.m; sourceTree = "<group>"; };
		4DF737131DDECC8D00BF1896 /* NormalThread.h */ = {isa = PBXFileReference; fileEncoding = 4; lastKnownFileType = sourcecode.c.h; path = NormalThread.h; sourceTree = "<group>"; };
		4DF737141DDECC8D00BF1896 /* NormalThread.m */ = {isa = PBXFileReference; fileEncoding = 4; lastKnownFileType = sourcecode.c.objc; path = NormalThread.m; sourceTree = "<group>"; };
		4DF737151DDECC8D00BF1896 /* ShowThreadPage.h */ = {isa = PBXFileReference; fileEncoding = 4; lastKnownFileType = sourcecode.c.h; path = ShowThreadPage.h; sourceTree = "<group>"; };
		4DF737161DDECC8D00BF1896 /* ShowThreadPage.m */ = {isa = PBXFileReference; fileEncoding = 4; lastKnownFileType = sourcecode.c.objc; path = ShowThreadPage.m; sourceTree = "<group>"; };
		4DF737171DDECC8D00BF1896 /* ForumDisplayPage.h */ = {isa = PBXFileReference; fileEncoding = 4; lastKnownFileType = sourcecode.c.h; path = ForumDisplayPage.h; sourceTree = "<group>"; };
		4DF737181DDECC8D00BF1896 /* ForumDisplayPage.m */ = {isa = PBXFileReference; fileEncoding = 4; lastKnownFileType = sourcecode.c.objc; path = ForumDisplayPage.m; sourceTree = "<group>"; };
		4DF737221DDECC9600BF1896 /* PrivateMessage.h */ = {isa = PBXFileReference; fileEncoding = 4; lastKnownFileType = sourcecode.c.h; path = PrivateMessage.h; sourceTree = "<group>"; };
		4DF737231DDECC9600BF1896 /* PrivateMessage.m */ = {isa = PBXFileReference; fileEncoding = 4; lastKnownFileType = sourcecode.c.objc; path = PrivateMessage.m; sourceTree = "<group>"; };
		4DF737241DDECC9600BF1896 /* ShowPrivateMessage.h */ = {isa = PBXFileReference; fileEncoding = 4; lastKnownFileType = sourcecode.c.h; path = ShowPrivateMessage.h; sourceTree = "<group>"; };
		4DF737251DDECC9600BF1896 /* ShowPrivateMessage.m */ = {isa = PBXFileReference; fileEncoding = 4; lastKnownFileType = sourcecode.c.objc; path = ShowPrivateMessage.m; sourceTree = "<group>"; };
		4DF737281DDECCA200BF1896 /* LoginUser.h */ = {isa = PBXFileReference; fileEncoding = 4; lastKnownFileType = sourcecode.c.h; path = LoginUser.h; sourceTree = "<group>"; };
		4DF737291DDECCA200BF1896 /* LoginUser.m */ = {isa = PBXFileReference; fileEncoding = 4; lastKnownFileType = sourcecode.c.objc; path = LoginUser.m; sourceTree = "<group>"; };
		57A2A0B6B96C76030E628C93 /* libPods.a */ = {isa = PBXFileReference; explicitFileType = archive.ar; includeInIndex = 0; path = libPods.a; sourceTree = BUILT_PRODUCTS_DIR; };
		C7B590AB42B8175D5E01C121 /* TranBundleUITableViewController.m */ = {isa = PBXFileReference; fileEncoding = 4; lastKnownFileType = sourcecode.c.objc; path = TranBundleUITableViewController.m; sourceTree = "<group>"; };
		C7B59272F91FD28BCCA0E5CE /* TranBundleUITableViewController.h */ = {isa = PBXFileReference; fileEncoding = 4; lastKnownFileType = sourcecode.c.h; path = TranBundleUITableViewController.h; sourceTree = "<group>"; };
		C7B593DF37912CFD5EA823A5 /* TransBudleUINavigatioController.m */ = {isa = PBXFileReference; fileEncoding = 4; lastKnownFileType = sourcecode.c.objc; path = TransBudleUINavigatioController.m; sourceTree = "<group>"; };
		C7B5974FAC6495EE944B9DAE /* TransBundleUIViewController.h */ = {isa = PBXFileReference; fileEncoding = 4; lastKnownFileType = sourcecode.c.h; path = TransBundleUIViewController.h; sourceTree = "<group>"; };
		C7B599FD25E488F22DD38042 /* TransBudleUINavigatioController.h */ = {isa = PBXFileReference; fileEncoding = 4; lastKnownFileType = sourcecode.c.h; path = TransBudleUINavigatioController.h; sourceTree = "<group>"; };
		C7B59AA7107634802B9208BE /* TransBundleUIViewController.m */ = {isa = PBXFileReference; fileEncoding = 4; lastKnownFileType = sourcecode.c.objc; path = TransBundleUIViewController.m; sourceTree = "<group>"; };
		D45EAE323577337DE9983928 /* Pods.debug.xcconfig */ = {isa = PBXFileReference; includeInIndex = 1; lastKnownFileType = text.xcconfig; name = Pods.debug.xcconfig; path = "Pods/Target Support Files/Pods/Pods.debug.xcconfig"; sourceTree = "<group>"; };
/* End PBXFileReference section */

/* Begin PBXFrameworksBuildPhase section */
		4D339D881C31454A0022A6A4 /* Frameworks */ = {
			isa = PBXFrameworksBuildPhase;
			buildActionMask = 2147483647;
			files = (
				3AA397391DABB6FF00F74E32 /* iOSDeviceName.framework in Frameworks */,
				4DEB34C31C47BBE400063CBB /* AssetsLibrary.framework in Frameworks */,
				3A93298D1C39648900A26249 /* CoreText.framework in Frameworks */,
				F98D9EA68FB327B72FDB5083 /* libPods.a in Frameworks */,
			);
			runOnlyForDeploymentPostprocessing = 0;
		};
/* End PBXFrameworksBuildPhase section */

/* Begin PBXGroup section */
		3A0B2C511DDAADD300FF4ABD /* Report */ = {
			isa = PBXGroup;
			children = (
				3A0B2C521DDAAE5100FF4ABD /* ForumReportViewController.h */,
				3A0B2C531DDAAE5100FF4ABD /* ForumReportViewController.m */,
			);
			name = Report;
			sourceTree = "<group>";
		};
		3A2FCC7B1C956D5C00B469E4 /* TableViewCell */ = {
			isa = PBXGroup;
			children = (
				3A690A411C3755C00076C8F1 /* ForumThreadListCell.h */,
				3A690A421C3755C00076C8F1 /* ForumThreadListCell.m */,
				4D796BD91C43666C00B3C62D /* ForumSearchResultCell.h */,
				4D796BDA1C43666C00B3C62D /* ForumSearchResultCell.m */,
				3A9ADC6A1C9D8F2C006055A8 /* BaseFourmTableViewCell.h */,
				3A9ADC6B1C9D8F2C006055A8 /* BaseFourmTableViewCell.m */,
				3A1C2CD51C9EB2C10068AF6B /* ForumProfileTableViewCell.h */,
				3A1C2CD61C9EB2C10068AF6B /* ForumProfileTableViewCell.m */,
				3ABAFE3F1CAAD12300803085 /* TransValueUITableViewCell.h */,
				3ABAFE401CAAD12300803085 /* TransValueUITableViewCell.m */,
				3A2FCC7C1C956DB100B469E4 /* PrivateMessageTableViewCell.h */,
				3A2FCC7D1C956DB100B469E4 /* PrivateMessageTableViewCell.m */,
				4D32560B1C4754E700053288 /* SelectPhotoCollectionViewCell.h */,
				4D32560C1C4754E700053288 /* SelectPhotoCollectionViewCell.m */,
				4D6B11C91C9A582100E073A1 /* CCFSimpleThreadTableViewCell.h */,
				4D6B11CA1C9A582100E073A1 /* CCFSimpleThreadTableViewCell.m */,
				3AC65FD81CF14AA9000D3BDB /* MGSwipeTableCellWithIndexPath.h */,
				3AC65FD91CF14AA9000D3BDB /* MGSwipeTableCellWithIndexPath.m */,
			);
			name = TableViewCell;
			path = CCF;
			sourceTree = "<group>";
		};
		3A37ED921D85C72E003CDC58 /* Templet */ = {
			isa = PBXGroup;
			children = (
				3AD077C61CF73FBF006A8FBF /* post_view.html */,
				3ACFFD251CF9B151000312DC /* post_message.html */,
				3A28267E1CFF30D20095EAE5 /* post_view_notitle.html */,
				3A0B39FF1D0962D40060F8A4 /* private_message.html */,
				2F34CAFB4248BA4D1BE6E027 /* append_post.js */,
				2F34C4DA4FA7BEF14D1932AD /* append_post_content.html */,
			);
			name = Templet;
			sourceTree = "<group>";
		};
		3A671EE11CB9E00C001CC91E /* Widgets */ = {
			isa = PBXGroup;
			children = (
				3A671EE71CB9EA59001CC91E /* XibInflater.h */,
				3A671EE81CB9EA59001CC91E /* XibInflater.m */,
				3A671EE21CB9E061001CC91E /* PageHeaderView.h */,
				3A671EE31CB9E061001CC91E /* PageHeaderView.m */,
				3A671EE51CB9E0E1001CC91E /* PageHeaderView.xib */,
				3AC65FD31CF149CB000D3BDB /* ForumListHeaderView.h */,
				3AC65FD41CF149CB000D3BDB /* ForumListHeaderView.m */,
				3AA935EC1CF1DFE9009FC4A6 /* ForumListHeaderView.xib */,
			);
			name = Widgets;
			path = CCF;
			sourceTree = "<group>";
		};
		3A734BDC1CCC55EF00C4821A /* Profile */ = {
			isa = PBXGroup;
			children = (
				3A1C2CCF1C9E9B740068AF6B /* ForumUserProfileTableViewController.h */,
				3A1C2CD01C9E9B740068AF6B /* ForumUserProfileTableViewController.m */,
				3A2CE7CC1DAA3C9000315C09 /* ForumMyProfileTableViewController.h */,
				3A2CE7CD1DAA3C9000315C09 /* ForumMyProfileTableViewController.m */,
			);
			name = Profile;
			sourceTree = "<group>";
		};
		3A734BE81CCCC23700C4821A /* CreateNewThread */ = {
			isa = PBXGroup;
			children = (
				3A842C9F1C469AC1002944A9 /* ForumNewThreadViewController.h */,
				3A842CA01C469AC1002944A9 /* ForumNewThreadViewController.m */,
				3A734BE91CCCC2B000C4821A /* ForumNewThreadNavigationController.h */,
				3A734BEA1CCCC2B000C4821A /* ForumNewThreadNavigationController.m */,
			);
			name = CreateNewThread;
			sourceTree = "<group>";
		};
		3A734BEC1CCCC2CF00C4821A /* PrivateMessage */ = {
			isa = PBXGroup;
			children = (
				3A1CC3DE1CB922F5007A0B97 /* ForumWritePMViewController.h */,
				3A1CC3DF1CB922F5007A0B97 /* ForumWritePMViewController.m */,
				3A734BF91CCCD72400C4821A /* ForumWritePMNavigationController.h */,
				3A734BFA1CCCD72400C4821A /* ForumWritePMNavigationController.m */,
				3A256F9F1CA57F4000419D67 /* ForumShowPrivateMessageViewController.h */,
				3A256FA01CA57F4000419D67 /* ForumShowPrivateMessageViewController.m */,
				4DAFF5581C91AB2E000E72C8 /* ForumPrivateMessageTableViewController.h */,
				4DAFF5591C91AB2E000E72C8 /* ForumPrivateMessageTableViewController.m */,
			);
			name = PrivateMessage;
			sourceTree = "<group>";
		};
		3A734BF01CCCCCC900C4821A /* TransBundle */ = {
			isa = PBXGroup;
			children = (
				3A734BF81CCCCEE600C4821A /* TransBundleDelegate.h */,
				2F34C1E22F2A44DADCDF38C3 /* TransBundle.m */,
				2F34C3077FB8CFC3594C5C65 /* TransBundle.h */,
				C7B59AA7107634802B9208BE /* TransBundleUIViewController.m */,
				C7B5974FAC6495EE944B9DAE /* TransBundleUIViewController.h */,
				C7B590AB42B8175D5E01C121 /* TranBundleUITableViewController.m */,
				C7B59272F91FD28BCCA0E5CE /* TranBundleUITableViewController.h */,
				C7B593DF37912CFD5EA823A5 /* TransBudleUINavigatioController.m */,
				C7B599FD25E488F22DD38042 /* TransBudleUINavigatioController.h */,
			);
			name = TransBundle;
			sourceTree = "<group>";
		};
		3A84A4431CE8BF97009619DE /* Extension */ = {
			isa = PBXGroup;
			children = (
				3A1CF8721C54F8AB002E52EE /* UIImage+Tint.h */,
				3A1CF8731C54F8AB002E52EE /* UIImage+Tint.m */,
				3A1CF8741C54F8AB002E52EE /* UIColor+MyColor.h */,
				3A1CF8751C54F8AB002E52EE /* UIColor+MyColor.m */,
				4D796BE81C44992700B3C62D /* UIStoryboard+Forum.h */,
				4D796BE91C44992700B3C62D /* UIStoryboard+Forum.m */,
				3AC65FC61CF13AC5000D3BDB /* NSString+Extensions.h */,
				3AC65FC71CF13AC5000D3BDB /* NSString+Extensions.m */,
				3AC6607F1CF18685000D3BDB /* NSUserDefaults+Setting.h */,
				3AC660801CF18685000D3BDB /* NSUserDefaults+Setting.m */,
				3AC65FBD1CF13A8F000D3BDB /* NSUserDefaults+Extensions.h */,
				3AC65FBE1CF13A8F000D3BDB /* NSUserDefaults+Extensions.m */,
				3A3AC5441DA24733000C9CED /* UIView+Corner.h */,
				3A3AC5451DA24733000C9CED /* UIView+Corner.m */,
			);
			name = Extension;
			sourceTree = "<group>";
		};
		3A8E05561CC3AA28003D0D90 /* ReplyController */ = {
			isa = PBXGroup;
			children = (
				3AA5B99B1CBA7D690008175A /* ForumSimpleReplyViewController.h */,
				3AA5B99C1CBA7D690008175A /* ForumSimpleReplyViewController.m */,
				3A0A99811C4A71B600086DAB /* ForumSeniorNewPostViewController.h */,
				3A0A99821C4A71B600086DAB /* ForumSeniorNewPostViewController.m */,
				3AA5B99E1CBA8C6C0008175A /* ForumReplyNavigationController.h */,
				3AA5B99F1CBA8C6C0008175A /* ForumReplyNavigationController.m */,
			);
			name = ReplyController;
			sourceTree = "<group>";
		};
		3AC65FBC1CF13809000D3BDB /* CCF */ = {
			isa = PBXGroup;
			children = (
				4D339D8E1C31454A0022A6A4 /* Supporting Files */,
				4D339D911C31454A0022A6A4 /* AppDelegate.h */,
				4D339D921C31454A0022A6A4 /* AppDelegate.m */,
				4D339D971C31454A0022A6A4 /* Main.storyboard */,
				4D339D9D1C31454B0022A6A4 /* Assets.xcassets */,
				4D339D9F1C31454B0022A6A4 /* LaunchScreen.storyboard */,
				4D339DA21C31454B0022A6A4 /* Info.plist */,
			);
			path = CCF;
			sourceTree = "<group>";
		};
		3AC65FC91CF13C42000D3BDB /* ApiTest */ = {
			isa = PBXGroup;
			children = (
				4D93CFD41C85355D00852D28 /* ApiTestViewController.h */,
				4D93CFD51C85355D00852D28 /* ApiTestViewController.m */,
				4D93CFD61C85355D00852D28 /* ApiTestViewController.xib */,
			);
			name = ApiTest;
			sourceTree = "<group>";
		};
		3ACFFD271CF9D6B1000312DC /* NetWork */ = {
			isa = PBXGroup;
			children = (
				3ACFFD281CF9D6BF000312DC /* HPURLCache.h */,
				3ACFFD291CF9D6BF000312DC /* HPURLCache.m */,
				3ACFFD2E1CF9DD3C000312DC /* HPURLProtocol.h */,
				3ACFFD2F1CF9DD3C000312DC /* HPURLProtocol.m */,
				3ACFFD2A1CF9D6BF000312DC /* SDImageCache+URLCache.h */,
				3ACFFD2B1CF9D6BF000312DC /* SDImageCache+URLCache.m */,
			);
			name = NetWork;
			sourceTree = "<group>";
		};
		3ACFFD311CFA640B000312DC /* PhotoView */ = {
			isa = PBXGroup;
			children = (
				3ACFFD321CFA641F000312DC /* NYTExamplePhoto.h */,
				3ACFFD331CFA641F000312DC /* NYTExamplePhoto.m */,
			);
			name = PhotoView;
			sourceTree = "<group>";
		};
		3AEA1F341C365E2100710BD6 /* Controllers */ = {
			isa = PBXGroup;
			children = (
				3A0B2C511DDAADD300FF4ABD /* Report */,
				3A8E05561CC3AA28003D0D90 /* ReplyController */,
				3A734BDC1CCC55EF00C4821A /* Profile */,
				3A734BE81CCCC23700C4821A /* CreateNewThread */,
				3A734BF01CCCCCC900C4821A /* TransBundle */,
				3A734BEC1CCCC2CF00C4821A /* PrivateMessage */,
				3AA935E51CF1C19A009FC4A6 /* ForumLoginViewController.h */,
				3AA935E61CF1C19A009FC4A6 /* ForumLoginViewController.m */,
				3AA935E71CF1C19A009FC4A6 /* ForumLoginViewController.xib */,
				3AC660631CF1833F000D3BDB /* ForumTabBarController.h */,
				3AC660641CF1833F000D3BDB /* ForumTabBarController.m */,
				3AD077C31CF73B50006A8FBF /* ForumWebViewController.h */,
				3AD077C41CF73B50006A8FBF /* ForumWebViewController.m */,
				3AC660461CF1833F000D3BDB /* ForumFavFormController.h */,
				3AC660471CF1833F000D3BDB /* ForumFavFormController.m */,
				3AC6605F1CF1833F000D3BDB /* ForumSearchViewController.h */,
				3AC660601CF1833F000D3BDB /* ForumSearchViewController.m */,
				3AC660441CF1833F000D3BDB /* ForumApiBaseViewController.h */,
				3AC660451CF1833F000D3BDB /* ForumApiBaseViewController.m */,
				3AC6604A1CF1833F000D3BDB /* ForumTableViewController.h */,
				3AC6604B1CF1833F000D3BDB /* ForumTableViewController.m */,
				3AC660611CF1833F000D3BDB /* ForumSettingTableViewController.h */,
				3AC660621CF1833F000D3BDB /* ForumSettingTableViewController.m */,
				3A2CE7CF1DAA3DFD00315C09 /* ForumBaseStaticTableViewController.h */,
				3A2CE7D01DAA3DFD00315C09 /* ForumBaseStaticTableViewController.m */,
				3AC660421CF1833F000D3BDB /* ForumApiBaseTableViewController.h */,
				3AC660431CF1833F000D3BDB /* ForumApiBaseTableViewController.m */,
				3AC6604E1CF1833F000D3BDB /* ForumMyThreadTableViewController.h */,
				3AC6604F1CF1833F000D3BDB /* ForumMyThreadTableViewController.m */,
				3AC660581CF1833F000D3BDB /* ForumThreadListTableViewController.h */,
				3AC660591CF1833F000D3BDB /* ForumThreadListTableViewController.m */,
				3AC6605A1CF1833F000D3BDB /* ForumUserThreadTableViewController.h */,
				3AC6605B1CF1833F000D3BDB /* ForumUserThreadTableViewController.m */,
				3AC6604C1CF1833F000D3BDB /* ForumMyThreadPostTableViewController.h */,
				3AC6604D1CF1833F000D3BDB /* ForumMyThreadPostTableViewController.m */,
				3AC660481CF1833F000D3BDB /* ForumFavThreadPostTableViewController.h */,
				3AC660491CF1833F000D3BDB /* ForumFavThreadPostTableViewController.m */,
				3AC660521CF1833F000D3BDB /* ForumShowNewThreadPostTableViewController.h */,
				3AC660531CF1833F000D3BDB /* ForumShowNewThreadPostTableViewController.m */,
				3AC660561CF1833F000D3BDB /* ForumThreadListForChildFormUITableViewController.h */,
				3AC660571CF1833F000D3BDB /* ForumThreadListForChildFormUITableViewController.m */,
			);
			name = Controllers;
			path = CCF;
			sourceTree = "<group>";
		};
		3AF86A751C82EEAF0036AD61 /* Api */ = {
			isa = PBXGroup;
			children = (
				3A84A4431CE8BF97009619DE /* Extension */,
				4D796BB31C3DF88F00B3C62D /* AddonsExtension */,
				3AC65FC91CF13C42000D3BDB /* ApiTest */,
				3A734BE11CCCADF500C4821A /* CCFPCH.pch */,
				3AC65FC01CF13AA1000D3BDB /* Utils.h */,
				3AC65FC11CF13AA1000D3BDB /* Utils.m */,
			);
			name = Api;
			path = CCF;
			sourceTree = "<group>";
		};
		4D339D821C31454A0022A6A4 = {
			isa = PBXGroup;
			children = (
				4DF736F91DDECC3700BF1896 /* Engine */,
				3AC65FBC1CF13809000D3BDB /* CCF */,
				3A141A1F1D0AD9D2001A1F78 /* ForumConfig.h */,
				3AC660051CF17D86000D3BDB /* CCFForumApi.h */,
				3AC660061CF17D86000D3BDB /* CCFForumApi.m */,
				3AF8878C1DA155D20083A8D5 /* CCFForumParser.h */,
				3AF8878D1DA155D20083A8D5 /* CCFForumParser.m */,
				3AF887951DA16D2C0083A8D5 /* CCFForumBrowser.h */,
				3AF887961DA16D2C0083A8D5 /* CCFForumBrowser.m */,
				3A37ED921D85C72E003CDC58 /* Templet */,
				3ACFFD311CFA640B000312DC /* PhotoView */,
				3ACFFD271CF9D6B1000312DC /* NetWork */,
				4D796BEE1C44B59100B3C62D /* CoreData */,
				3A2FCC7B1C956D5C00B469E4 /* TableViewCell */,
				3AEA1F341C365E2100710BD6 /* Controllers */,
				3AF86A751C82EEAF0036AD61 /* Api */,
				4D796B5D1C3BC15D00B3C62D /* Public Views */,
				3A671EE11CB9E00C001CC91E /* Widgets */,
				4D339D8C1C31454A0022A6A4 /* Products */,
				849509D36740A6FFD960CDA8 /* Pods */,
				CC5E7A99B69535660B7F40C0 /* Frameworks */,
			);
			sourceTree = "<group>";
		};
		4D339D8C1C31454A0022A6A4 /* Products */ = {
			isa = PBXGroup;
			children = (
				4D339D8B1C31454A0022A6A4 /* CCF.app */,
			);
			name = Products;
			sourceTree = "<group>";
		};
		4D339D8E1C31454A0022A6A4 /* Supporting Files */ = {
			isa = PBXGroup;
			children = (
				3A1CC3B01CB8F8B5007A0B97 /* paperclip.gif */,
				4D339D8F1C31454A0022A6A4 /* main.m */,
			);
			name = "Supporting Files";
			sourceTree = "<group>";
		};
		4D796B5D1C3BC15D00B3C62D /* Public Views */ = {
			isa = PBXGroup;
			children = (
				3A1CF8701C54F8AB002E52EE /* CommonUtils.h */,
				3A1CF8711C54F8AB002E52EE /* CommonUtils.m */,
				3A1CF86D1C54F88C002E52EE /* LeftDrawerItem.h */,
				3A1CF86E1C54F88C002E52EE /* LeftDrawerItem.m */,
				3AC660821CF1AEA1000D3BDB /* AutoRelayoutToolbar.h */,
				3AC660831CF1AEA1000D3BDB /* AutoRelayoutToolbar.m */,
				3A734BE21CCCB2E600C4821A /* UIAutoResizeTextView.h */,
				3A734BE31CCCB2E600C4821A /* UIAutoResizeTextView.m */,
				3AC660851CF1AF85000D3BDB /* AutoRelayoutUITextView.h */,
				3AC660861CF1AF85000D3BDB /* AutoRelayoutUITextView.m */,
			);
			name = "Public Views";
			path = CCF;
			sourceTree = "<group>";
		};
		4D796BB31C3DF88F00B3C62D /* AddonsExtension */ = {
			isa = PBXGroup;
			children = (
				3A256FAE1CA62FC600419D67 /* IGXMLNode+Children.h */,
				3A256FAF1CA62FC600419D67 /* IGXMLNode+Children.m */,
				3A256FAB1CA62DA900419D67 /* IGHTMLDocument+QueryNode.h */,
				3A256FAC1CA62DA900419D67 /* IGHTMLDocument+QueryNode.m */,
				4DEB34C41C48D57C00063CBB /* AFHTTPSessionManager+SimpleAction.h */,
				4DEB34C51C48D57C00063CBB /* AFHTTPSessionManager+SimpleAction.m */,
			);
			name = AddonsExtension;
			sourceTree = "<group>";
		};
		4D796BEE1C44B59100B3C62D /* CoreData */ = {
			isa = PBXGroup;
			children = (
				3AA935DB1CF1BCB2009FC4A6 /* UserEntry.h */,
				3AA935DC1CF1BCB2009FC4A6 /* UserEntry.m */,
				3AA935DF1CF1BCB2009FC4A6 /* FormEntry.h */,
				3AA935E01CF1BCB2009FC4A6 /* FormEntry.m */,
				3AA935B21CF1BABE009FC4A6 /* db.xcdatamodeld */,
				4D796BF81C44BE7800B3C62D /* CoreDataManager.h */,
				4D796BF91C44BE7800B3C62D /* CoreDataManager.m */,
				3AC660901CF1B578000D3BDB /* ForumCoreDataManager.h */,
				3AC660911CF1B578000D3BDB /* ForumCoreDataManager.m */,
				3AA935D91CF1BCB2009FC4A6 /* UserEntry+CoreDataProperties.h */,
				3AA935DA1CF1BCB2009FC4A6 /* UserEntry+CoreDataProperties.m */,
				3AA935DD1CF1BCB2009FC4A6 /* FormEntry+CoreDataProperties.h */,
				3AA935DE1CF1BCB2009FC4A6 /* FormEntry+CoreDataProperties.m */,
			);
			name = CoreData;
			path = CCF;
			sourceTree = "<group>";
		};
		4DF736F91DDECC3700BF1896 /* Engine */ = {
			isa = PBXGroup;
			children = (
				4DF736FA1DDECC5000BF1896 /* ForumEngine.h */,
				4DF736FB1DDECC5000BF1896 /* ForumParser.h */,
				4DF736FC1DDECC5000BF1896 /* vBulletinForumEngine.h */,
				4DF736FD1DDECC5900BF1896 /* Model */,
			);
			name = Engine;
			sourceTree = "<group>";
		};
		4DF736FD1DDECC5900BF1896 /* Model */ = {
			isa = PBXGroup;
			children = (
				4DF737281DDECCA200BF1896 /* LoginUser.h */,
				4DF737291DDECCA200BF1896 /* LoginUser.m */,
				4DF737001DDECC7400BF1896 /* PrivateMessage */,
				4DF736FF1DDECC6C00BF1896 /* Thread */,
				4DF736FE1DDECC6500BF1896 /* Search */,
			);
			name = Model;
			sourceTree = "<group>";
		};
		4DF736FE1DDECC6500BF1896 /* Search */ = {
			isa = PBXGroup;
			children = (
				4DF737011DDECC8500BF1896 /* ThreadInSearch.h */,
				4DF737021DDECC8500BF1896 /* ThreadInSearch.m */,
				4DF737031DDECC8500BF1896 /* SearchForumDisplayPage.h */,
				4DF737041DDECC8500BF1896 /* SearchForumDisplayPage.m */,
			);
			name = Search;
			sourceTree = "<group>";
		};
		4DF736FF1DDECC6C00BF1896 /* Thread */ = {
			isa = PBXGroup;
			children = (
				4DF737071DDECC8D00BF1896 /* Post.h */,
				4DF737081DDECC8D00BF1896 /* Post.m */,
				4DF737091DDECC8D00BF1896 /* User.h */,
				4DF7370A1DDECC8D00BF1896 /* User.m */,
				4DF7370B1DDECC8D00BF1896 /* Forum.h */,
				4DF7370C1DDECC8D00BF1896 /* Forum.m */,
				4DF7370D1DDECC8D00BF1896 /* Thread.h */,
				4DF7370E1DDECC8D00BF1896 /* Thread.m */,
				4DF7370F1DDECC8D00BF1896 /* UserProfile.h */,
				4DF737101DDECC8D00BF1896 /* UserProfile.m */,
				4DF737111DDECC8D00BF1896 /* SimpleThread.h */,
				4DF737121DDECC8D00BF1896 /* SimpleThread.m */,
				4DF737131DDECC8D00BF1896 /* NormalThread.h */,
				4DF737141DDECC8D00BF1896 /* NormalThread.m */,
				4DF737151DDECC8D00BF1896 /* ShowThreadPage.h */,
				4DF737161DDECC8D00BF1896 /* ShowThreadPage.m */,
				4DF737171DDECC8D00BF1896 /* ForumDisplayPage.h */,
				4DF737181DDECC8D00BF1896 /* ForumDisplayPage.m */,
			);
			name = Thread;
			sourceTree = "<group>";
		};
		4DF737001DDECC7400BF1896 /* PrivateMessage */ = {
			isa = PBXGroup;
			children = (
				4DF737221DDECC9600BF1896 /* PrivateMessage.h */,
				4DF737231DDECC9600BF1896 /* PrivateMessage.m */,
				4DF737241DDECC9600BF1896 /* ShowPrivateMessage.h */,
				4DF737251DDECC9600BF1896 /* ShowPrivateMessage.m */,
			);
			name = PrivateMessage;
			sourceTree = "<group>";
		};
		849509D36740A6FFD960CDA8 /* Pods */ = {
			isa = PBXGroup;
			children = (
				D45EAE323577337DE9983928 /* Pods.debug.xcconfig */,
				4AD749A3A2E07798AF7D58D5 /* Pods.release.xcconfig */,
			);
			name = Pods;
			sourceTree = "<group>";
		};
		CC5E7A99B69535660B7F40C0 /* Frameworks */ = {
			isa = PBXGroup;
			children = (
				3AA397381DABB6FF00F74E32 /* iOSDeviceName.framework */,
				4DEB34C21C47BBE400063CBB /* AssetsLibrary.framework */,
				3A93298C1C39648900A26249 /* CoreText.framework */,
				57A2A0B6B96C76030E628C93 /* libPods.a */,
			);
			name = Frameworks;
			sourceTree = "<group>";
		};
/* End PBXGroup section */

/* Begin PBXNativeTarget section */
		4D339D8A1C31454A0022A6A4 /* CCF */ = {
			isa = PBXNativeTarget;
			buildConfigurationList = 4D339DA51C31454B0022A6A4 /* Build configuration list for PBXNativeTarget "CCF" */;
			buildPhases = (
				98749DBAA66B0ED95FEFB0A0 /* Check Pods Manifest.lock */,
				4D339D871C31454A0022A6A4 /* Sources */,
				4D339D881C31454A0022A6A4 /* Frameworks */,
				4D339D891C31454A0022A6A4 /* Resources */,
				A1C5A111E85F6A0A55D70608 /* Embed Pods Frameworks */,
				8E83BD880ACE4B8E047C76D4 /* Copy Pods Resources */,
			);
			buildRules = (
			);
			dependencies = (
			);
			name = CCF;
			productName = CCF;
			productReference = 4D339D8B1C31454A0022A6A4 /* CCF.app */;
			productType = "com.apple.product-type.application";
		};
/* End PBXNativeTarget section */

/* Begin PBXProject section */
		4D339D831C31454A0022A6A4 /* Project object */ = {
			isa = PBXProject;
			attributes = {
				LastUpgradeCheck = 0800;
				ORGANIZATIONNAME = andforce;
				TargetAttributes = {
					4D339D8A1C31454A0022A6A4 = {
						CreatedOnToolsVersion = 7.2;
						DevelopmentTeam = NRHHX365ZN;
						ProvisioningStyle = Automatic;
						SystemCapabilities = {
							com.apple.Push = {
								enabled = 0;
							};
						};
					};
				};
			};
			buildConfigurationList = 4D339D861C31454A0022A6A4 /* Build configuration list for PBXProject "CCF" */;
			compatibilityVersion = "Xcode 3.2";
			developmentRegion = English;
			hasScannedForEncodings = 0;
			knownRegions = (
				en,
				Base,
			);
			mainGroup = 4D339D821C31454A0022A6A4;
			productRefGroup = 4D339D8C1C31454A0022A6A4 /* Products */;
			projectDirPath = "";
			projectRoot = "";
			targets = (
				4D339D8A1C31454A0022A6A4 /* CCF */,
			);
		};
/* End PBXProject section */

/* Begin PBXResourcesBuildPhase section */
		4D339D891C31454A0022A6A4 /* Resources */ = {
			isa = PBXResourcesBuildPhase;
			buildActionMask = 2147483647;
			files = (
				3AA935ED1CF1DFE9009FC4A6 /* ForumListHeaderView.xib in Resources */,
				3A0B3A001D0962D40060F8A4 /* private_message.html in Resources */,
				3A28267F1CFF30D20095EAE5 /* post_view_notitle.html in Resources */,
				4D93CFD81C85355D00852D28 /* ApiTestViewController.xib in Resources */,
				3AA935E91CF1C19A009FC4A6 /* ForumLoginViewController.xib in Resources */,
				3A671EE61CB9E0E1001CC91E /* PageHeaderView.xib in Resources */,
				3AD077C71CF73FBF006A8FBF /* post_view.html in Resources */,
				4D339DA11C31454B0022A6A4 /* LaunchScreen.storyboard in Resources */,
				4D339D9E1C31454B0022A6A4 /* Assets.xcassets in Resources */,
				4D339D991C31454A0022A6A4 /* Main.storyboard in Resources */,
				3A1CC3B11CB8F8B5007A0B97 /* paperclip.gif in Resources */,
				3ACFFD261CF9B151000312DC /* post_message.html in Resources */,
				2F34CFE0A8D88142C21C7417 /* append_post.js in Resources */,
				2F34CADF83517CAFD6C03311 /* append_post_content.html in Resources */,
			);
			runOnlyForDeploymentPostprocessing = 0;
		};
/* End PBXResourcesBuildPhase section */

/* Begin PBXShellScriptBuildPhase section */
		8E83BD880ACE4B8E047C76D4 /* Copy Pods Resources */ = {
			isa = PBXShellScriptBuildPhase;
			buildActionMask = 2147483647;
			files = (
			);
			inputPaths = (
			);
			name = "Copy Pods Resources";
			outputPaths = (
			);
			runOnlyForDeploymentPostprocessing = 0;
			shellPath = /bin/sh;
			shellScript = "\"${SRCROOT}/Pods/Target Support Files/Pods/Pods-resources.sh\"\n";
			showEnvVarsInLog = 0;
		};
		98749DBAA66B0ED95FEFB0A0 /* Check Pods Manifest.lock */ = {
			isa = PBXShellScriptBuildPhase;
			buildActionMask = 2147483647;
			files = (
			);
			inputPaths = (
			);
			name = "Check Pods Manifest.lock";
			outputPaths = (
			);
			runOnlyForDeploymentPostprocessing = 0;
			shellPath = /bin/sh;
			shellScript = "diff \"${PODS_ROOT}/../Podfile.lock\" \"${PODS_ROOT}/Manifest.lock\" > /dev/null\nif [[ $? != 0 ]] ; then\n    cat << EOM\nerror: The sandbox is not in sync with the Podfile.lock. Run 'pod install' or update your CocoaPods installation.\nEOM\n    exit 1\nfi\n";
			showEnvVarsInLog = 0;
		};
		A1C5A111E85F6A0A55D70608 /* Embed Pods Frameworks */ = {
			isa = PBXShellScriptBuildPhase;
			buildActionMask = 2147483647;
			files = (
			);
			inputPaths = (
			);
			name = "Embed Pods Frameworks";
			outputPaths = (
			);
			runOnlyForDeploymentPostprocessing = 0;
			shellPath = /bin/sh;
			shellScript = "\"${SRCROOT}/Pods/Target Support Files/Pods/Pods-frameworks.sh\"\n";
			showEnvVarsInLog = 0;
		};
/* End PBXShellScriptBuildPhase section */

/* Begin PBXSourcesBuildPhase section */
		4D339D871C31454A0022A6A4 /* Sources */ = {
			isa = PBXSourcesBuildPhase;
			buildActionMask = 2147483647;
			files = (
				3A842CA11C469AC1002944A9 /* ForumNewThreadViewController.m in Sources */,
				4DF7371B1DDECC8D00BF1896 /* Forum.m in Sources */,
				3AA935E11CF1BCB2009FC4A6 /* UserEntry+CoreDataProperties.m in Sources */,
				3A671EE91CB9EA59001CC91E /* XibInflater.m in Sources */,
				3AD077C51CF73B50006A8FBF /* ForumWebViewController.m in Sources */,
				3AC660731CF1833F000D3BDB /* ForumUserThreadTableViewController.m in Sources */,
				3AC660921CF1B578000D3BDB /* ForumCoreDataManager.m in Sources */,
				3A734BE41CCCB2E600C4821A /* UIAutoResizeTextView.m in Sources */,
				3AC6606A1CF1833F000D3BDB /* ForumFavThreadPostTableViewController.m in Sources */,
				4DF7371A1DDECC8D00BF1896 /* User.m in Sources */,
				4DF7372A1DDECCA200BF1896 /* LoginUser.m in Sources */,
				4DEB34C61C48D57C00063CBB /* AFHTTPSessionManager+SimpleAction.m in Sources */,
				3A256FA11CA57F4000419D67 /* ForumShowPrivateMessageViewController.m in Sources */,
				3A734BFB1CCCD72400C4821A /* ForumWritePMNavigationController.m in Sources */,
				3ACFFD2C1CF9D6BF000312DC /* HPURLCache.m in Sources */,
				3AC65FC21CF13AA1000D3BDB /* Utils.m in Sources */,
				3ACFFD341CFA641F000312DC /* NYTExamplePhoto.m in Sources */,
				3AC660841CF1AEA1000D3BDB /* AutoRelayoutToolbar.m in Sources */,
				3AC6606D1CF1833F000D3BDB /* ForumMyThreadTableViewController.m in Sources */,
				3AC660761CF1833F000D3BDB /* ForumSearchViewController.m in Sources */,
				3A1CF8761C54F8AB002E52EE /* CommonUtils.m in Sources */,
				3AA935E21CF1BCB2009FC4A6 /* UserEntry.m in Sources */,
				3AC65FC81CF13AC5000D3BDB /* NSString+Extensions.m in Sources */,
				4D796BFA1C44BE7800B3C62D /* CoreDataManager.m in Sources */,
				4DF737051DDECC8500BF1896 /* ThreadInSearch.m in Sources */,
				4DAFF55A1C91AB2E000E72C8 /* ForumPrivateMessageTableViewController.m in Sources */,
				3AC660691CF1833F000D3BDB /* ForumFavFormController.m in Sources */,
				3AC6606F1CF1833F000D3BDB /* ForumShowNewThreadPostTableViewController.m in Sources */,
				4DF737201DDECC8D00BF1896 /* ShowThreadPage.m in Sources */,
				3A256FB01CA62FC600419D67 /* IGXMLNode+Children.m in Sources */,
				3AC65FDA1CF14AA9000D3BDB /* MGSwipeTableCellWithIndexPath.m in Sources */,
				4D32560D1C4754E700053288 /* SelectPhotoCollectionViewCell.m in Sources */,
				4DF7371D1DDECC8D00BF1896 /* UserProfile.m in Sources */,
				4D796BDB1C43666C00B3C62D /* ForumSearchResultCell.m in Sources */,
				3A1CF86F1C54F88C002E52EE /* LeftDrawerItem.m in Sources */,
				4DF7371E1DDECC8D00BF1896 /* SimpleThread.m in Sources */,
				3AA935B41CF1BABE009FC4A6 /* db.xcdatamodeld in Sources */,
				3A1C2CD11C9E9B740068AF6B /* ForumUserProfileTableViewController.m in Sources */,
				3A256FAD1CA62DA900419D67 /* IGHTMLDocument+QueryNode.m in Sources */,
				3ABAFE411CAAD12300803085 /* TransValueUITableViewCell.m in Sources */,
				3AC660671CF1833F000D3BDB /* ForumApiBaseTableViewController.m in Sources */,
				3AF8878E1DA155D20083A8D5 /* CCFForumParser.m in Sources */,
				4DF737261DDECC9600BF1896 /* PrivateMessage.m in Sources */,
				3AA935E31CF1BCB2009FC4A6 /* FormEntry+CoreDataProperties.m in Sources */,
				3ACFFD301CF9DD3C000312DC /* HPURLProtocol.m in Sources */,
				3AC65FBF1CF13A8F000D3BDB /* NSUserDefaults+Extensions.m in Sources */,
				3AC660781CF1833F000D3BDB /* ForumTabBarController.m in Sources */,
				3A671EE41CB9E061001CC91E /* PageHeaderView.m in Sources */,
				4DF737191DDECC8D00BF1896 /* Post.m in Sources */,
				4DF737061DDECC8500BF1896 /* SearchForumDisplayPage.m in Sources */,
				4DF7371C1DDECC8D00BF1896 /* Thread.m in Sources */,
				3A0B2C541DDAAE5100FF4ABD /* ForumReportViewController.m in Sources */,
				3AA5B99D1CBA7D690008175A /* ForumSimpleReplyViewController.m in Sources */,
				4DF7371F1DDECC8D00BF1896 /* NormalThread.m in Sources */,
				3AA5B9A01CBA8C6C0008175A /* ForumReplyNavigationController.m in Sources */,
				4DF737211DDECC8D00BF1896 /* ForumDisplayPage.m in Sources */,
				3A9ADC6C1C9D8F2C006055A8 /* BaseFourmTableViewCell.m in Sources */,
				3AC660771CF1833F000D3BDB /* ForumSettingTableViewController.m in Sources */,
				3A1CC3E01CB922F5007A0B97 /* ForumWritePMViewController.m in Sources */,
				3AC6606C1CF1833F000D3BDB /* ForumMyThreadPostTableViewController.m in Sources */,
				4D6B11CB1C9A582100E073A1 /* CCFSimpleThreadTableViewCell.m in Sources */,
				3A2FCC7E1C956DB100B469E4 /* PrivateMessageTableViewCell.m in Sources */,
				3AA935E81CF1C19A009FC4A6 /* ForumLoginViewController.m in Sources */,
				3A1CF8781C54F8AB002E52EE /* UIColor+MyColor.m in Sources */,
				3AF887971DA16D2C0083A8D5 /* CCFForumBrowser.m in Sources */,
				3ACFFD2D1CF9D6BF000312DC /* SDImageCache+URLCache.m in Sources */,
				4D339D931C31454A0022A6A4 /* AppDelegate.m in Sources */,
				3A3AC5461DA24733000C9CED /* UIView+Corner.m in Sources */,
				4D796BEA1C44992700B3C62D /* UIStoryboard+Forum.m in Sources */,
				3AC660711CF1833F000D3BDB /* ForumThreadListForChildFormUITableViewController.m in Sources */,
				3A734BEB1CCCC2B000C4821A /* ForumNewThreadNavigationController.m in Sources */,
				3A0A99831C4A71B600086DAB /* ForumSeniorNewPostViewController.m in Sources */,
				3AC65FD61CF149CB000D3BDB /* ForumListHeaderView.m in Sources */,
				3A1C2CD71C9EB2C10068AF6B /* ForumProfileTableViewCell.m in Sources */,
				3AA935E41CF1BCB2009FC4A6 /* FormEntry.m in Sources */,
				3A1CF8771C54F8AB002E52EE /* UIImage+Tint.m in Sources */,
				3AC660721CF1833F000D3BDB /* ForumThreadListTableViewController.m in Sources */,
				3AC660871CF1AF85000D3BDB /* AutoRelayoutUITextView.m in Sources */,
				4D339D901C31454A0022A6A4 /* main.m in Sources */,
				3A2CE7CE1DAA3C9000315C09 /* ForumMyProfileTableViewController.m in Sources */,
				4D93CFD71C85355D00852D28 /* ApiTestViewController.m in Sources */,
				3A690A431C3755C00076C8F1 /* ForumThreadListCell.m in Sources */,
				3AC660811CF18685000D3BDB /* NSUserDefaults+Setting.m in Sources */,
				3AC660681CF1833F000D3BDB /* ForumApiBaseViewController.m in Sources */,
				3A2CE7D11DAA3DFD00315C09 /* ForumBaseStaticTableViewController.m in Sources */,
				3AC660071CF17D86000D3BDB /* CCFForumApi.m in Sources */,
				3AC6606B1CF1833F000D3BDB /* ForumTableViewController.m in Sources */,
				2F34C2318A205D6A20FAA12F /* TransBundle.m in Sources */,
				4DF737271DDECC9600BF1896 /* ShowPrivateMessage.m in Sources */,
				C7B593E096D9917A12EDBC57 /* TransBundleUIViewController.m in Sources */,
				C7B59E72D9580AF3CD42302E /* TranBundleUITableViewController.m in Sources */,
				C7B59881688117523FB59B18 /* TransBudleUINavigatioController.m in Sources */,
			);
			runOnlyForDeploymentPostprocessing = 0;
		};
/* End PBXSourcesBuildPhase section */

/* Begin PBXVariantGroup section */
		4D339D971C31454A0022A6A4 /* Main.storyboard */ = {
			isa = PBXVariantGroup;
			children = (
				4D339D981C31454A0022A6A4 /* Base */,
			);
			name = Main.storyboard;
			sourceTree = "<group>";
		};
		4D339D9F1C31454B0022A6A4 /* LaunchScreen.storyboard */ = {
			isa = PBXVariantGroup;
			children = (
				4D339DA01C31454B0022A6A4 /* Base */,
			);
			name = LaunchScreen.storyboard;
			sourceTree = "<group>";
		};
/* End PBXVariantGroup section */

/* Begin XCBuildConfiguration section */
		4D339DA31C31454B0022A6A4 /* Debug */ = {
			isa = XCBuildConfiguration;
			buildSettings = {
				ALWAYS_SEARCH_USER_PATHS = NO;
				CLANG_CXX_LANGUAGE_STANDARD = "gnu++0x";
				CLANG_CXX_LIBRARY = "libc++";
				CLANG_ENABLE_MODULES = YES;
				CLANG_ENABLE_OBJC_ARC = YES;
				CLANG_WARN_BOOL_CONVERSION = YES;
				CLANG_WARN_CONSTANT_CONVERSION = YES;
				CLANG_WARN_DIRECT_OBJC_ISA_USAGE = YES_ERROR;
				CLANG_WARN_EMPTY_BODY = YES;
				CLANG_WARN_ENUM_CONVERSION = YES;
				CLANG_WARN_INFINITE_RECURSION = YES;
				CLANG_WARN_INT_CONVERSION = YES;
				CLANG_WARN_OBJC_ROOT_CLASS = YES_ERROR;
				CLANG_WARN_SUSPICIOUS_MOVE = YES;
				CLANG_WARN_UNREACHABLE_CODE = YES;
				CLANG_WARN__DUPLICATE_METHOD_MATCH = YES;
				"CODE_SIGN_IDENTITY[sdk=iphoneos*]" = "iPhone Developer";
				COPY_PHASE_STRIP = NO;
				DEBUG_INFORMATION_FORMAT = dwarf;
				ENABLE_STRICT_OBJC_MSGSEND = YES;
				ENABLE_TESTABILITY = YES;
				GCC_C_LANGUAGE_STANDARD = gnu99;
				GCC_DYNAMIC_NO_PIC = NO;
				GCC_NO_COMMON_BLOCKS = YES;
				GCC_OPTIMIZATION_LEVEL = 0;
				GCC_PREPROCESSOR_DEFINITIONS = (
					"DEBUG=1",
					"$(inherited)",
				);
				GCC_WARN_64_TO_32_BIT_CONVERSION = YES;
				GCC_WARN_ABOUT_RETURN_TYPE = YES_ERROR;
				GCC_WARN_UNDECLARED_SELECTOR = YES;
				GCC_WARN_UNINITIALIZED_AUTOS = YES_AGGRESSIVE;
				GCC_WARN_UNUSED_FUNCTION = YES;
				GCC_WARN_UNUSED_VARIABLE = YES;
				IPHONEOS_DEPLOYMENT_TARGET = 8.0;
				MTL_ENABLE_DEBUG_INFO = YES;
				ONLY_ACTIVE_ARCH = YES;
				SDKROOT = iphoneos;
			};
			name = Debug;
		};
		4D339DA41C31454B0022A6A4 /* Release */ = {
			isa = XCBuildConfiguration;
			buildSettings = {
				ALWAYS_SEARCH_USER_PATHS = NO;
				CLANG_CXX_LANGUAGE_STANDARD = "gnu++0x";
				CLANG_CXX_LIBRARY = "libc++";
				CLANG_ENABLE_MODULES = YES;
				CLANG_ENABLE_OBJC_ARC = YES;
				CLANG_WARN_BOOL_CONVERSION = YES;
				CLANG_WARN_CONSTANT_CONVERSION = YES;
				CLANG_WARN_DIRECT_OBJC_ISA_USAGE = YES_ERROR;
				CLANG_WARN_EMPTY_BODY = YES;
				CLANG_WARN_ENUM_CONVERSION = YES;
				CLANG_WARN_INFINITE_RECURSION = YES;
				CLANG_WARN_INT_CONVERSION = YES;
				CLANG_WARN_OBJC_ROOT_CLASS = YES_ERROR;
				CLANG_WARN_SUSPICIOUS_MOVE = YES;
				CLANG_WARN_UNREACHABLE_CODE = YES;
				CLANG_WARN__DUPLICATE_METHOD_MATCH = YES;
				"CODE_SIGN_IDENTITY[sdk=iphoneos*]" = "iPhone Developer";
				COPY_PHASE_STRIP = NO;
				DEBUG_INFORMATION_FORMAT = "dwarf-with-dsym";
				ENABLE_NS_ASSERTIONS = NO;
				ENABLE_STRICT_OBJC_MSGSEND = YES;
				GCC_C_LANGUAGE_STANDARD = gnu99;
				GCC_NO_COMMON_BLOCKS = YES;
				GCC_WARN_64_TO_32_BIT_CONVERSION = YES;
				GCC_WARN_ABOUT_RETURN_TYPE = YES_ERROR;
				GCC_WARN_UNDECLARED_SELECTOR = YES;
				GCC_WARN_UNINITIALIZED_AUTOS = YES_AGGRESSIVE;
				GCC_WARN_UNUSED_FUNCTION = YES;
				GCC_WARN_UNUSED_VARIABLE = YES;
				IPHONEOS_DEPLOYMENT_TARGET = 8.0;
				MTL_ENABLE_DEBUG_INFO = NO;
				SDKROOT = iphoneos;
				VALIDATE_PRODUCT = YES;
			};
			name = Release;
		};
		4D339DA61C31454B0022A6A4 /* Debug */ = {
			isa = XCBuildConfiguration;
			baseConfigurationReference = D45EAE323577337DE9983928 /* Pods.debug.xcconfig */;
			buildSettings = {
				ASSETCATALOG_COMPILER_APPICON_NAME = AppIcon;
				CODE_SIGN_IDENTITY = "iPhone Developer";
				"CODE_SIGN_IDENTITY[sdk=iphoneos*]" = "iPhone Developer";
				DEVELOPMENT_TEAM = "";
				FRAMEWORK_SEARCH_PATHS = (
					"$(inherited)",
					"$(PROJECT_DIR)",
				);
				GCC_PREFIX_HEADER = CCF/CCFPCH.pch;
				HEADER_SEARCH_PATHS = (
					"$(inherited)",
					"\"${PODS_ROOT}/Headers/Public\"",
					"\"${PODS_ROOT}/Headers/Public/AFNetworking\"",
					"\"${PODS_ROOT}/Headers/Public/ObjectiveGumbo\"",
					"\"$(SDKROOT)/usr/include/libxml2\"",
				);
				INFOPLIST_FILE = CCF/Info.plist;
				IPHONEOS_DEPLOYMENT_TARGET = 8.0;
				LD_RUNPATH_SEARCH_PATHS = "$(inherited) @executable_path/Frameworks";
				PRODUCT_BUNDLE_IDENTIFIER = com.andforce.et8;
				PRODUCT_NAME = "$(TARGET_NAME)";
				PROVISIONING_PROFILE = "";
				PROVISIONING_PROFILE_SPECIFIER = "";
				TARGETED_DEVICE_FAMILY = "1,2";
			};
			name = Debug;
		};
		4D339DA71C31454B0022A6A4 /* Release */ = {
			isa = XCBuildConfiguration;
			baseConfigurationReference = 4AD749A3A2E07798AF7D58D5 /* Pods.release.xcconfig */;
			buildSettings = {
				ASSETCATALOG_COMPILER_APPICON_NAME = AppIcon;
				CODE_SIGN_IDENTITY = "iPhone Distribution";
				"CODE_SIGN_IDENTITY[sdk=iphoneos*]" = "iPhone Developer";
				DEVELOPMENT_TEAM = "";
				FRAMEWORK_SEARCH_PATHS = (
					"$(inherited)",
					"$(PROJECT_DIR)",
				);
				GCC_PREFIX_HEADER = CCF/CCFPCH.pch;
				HEADER_SEARCH_PATHS = (
					"$(inherited)",
					"\"${PODS_ROOT}/Headers/Public\"",
					"\"${PODS_ROOT}/Headers/Public/AFNetworking\"",
					"\"${PODS_ROOT}/Headers/Public/ObjectiveGumbo\"",
					"\"$(SDKROOT)/usr/include/libxml2\"",
				);
				INFOPLIST_FILE = CCF/Info.plist;
				IPHONEOS_DEPLOYMENT_TARGET = 8.0;
				LD_RUNPATH_SEARCH_PATHS = "$(inherited) @executable_path/Frameworks";
				ONLY_ACTIVE_ARCH = NO;
				PRODUCT_BUNDLE_IDENTIFIER = com.andforce.et8;
				PRODUCT_NAME = "$(TARGET_NAME)";
				PROVISIONING_PROFILE = "";
				PROVISIONING_PROFILE_SPECIFIER = "";
				TARGETED_DEVICE_FAMILY = "1,2";
			};
			name = Release;
		};
/* End XCBuildConfiguration section */

/* Begin XCConfigurationList section */
		4D339D861C31454A0022A6A4 /* Build configuration list for PBXProject "CCF" */ = {
			isa = XCConfigurationList;
			buildConfigurations = (
				4D339DA31C31454B0022A6A4 /* Debug */,
				4D339DA41C31454B0022A6A4 /* Release */,
			);
			defaultConfigurationIsVisible = 0;
			defaultConfigurationName = Release;
		};
		4D339DA51C31454B0022A6A4 /* Build configuration list for PBXNativeTarget "CCF" */ = {
			isa = XCConfigurationList;
			buildConfigurations = (
				4D339DA61C31454B0022A6A4 /* Debug */,
				4D339DA71C31454B0022A6A4 /* Release */,
			);
			defaultConfigurationIsVisible = 0;
			defaultConfigurationName = Release;
		};
/* End XCConfigurationList section */

/* Begin XCVersionGroup section */
		3AA935B21CF1BABE009FC4A6 /* db.xcdatamodeld */ = {
			isa = XCVersionGroup;
			children = (
				3AA935B31CF1BABE009FC4A6 /* db.xcdatamodel */,
			);
			currentVersion = 3AA935B31CF1BABE009FC4A6 /* db.xcdatamodel */;
			path = db.xcdatamodeld;
			sourceTree = "<group>";
			versionGroupType = wrapper.xcdatamodel;
		};
/* End XCVersionGroup section */
	};
	rootObject = 4D339D831C31454A0022A6A4 /* Project object */;
}
