// !$*UTF8*$!
{
	archiveVersion = 1;
	classes = {
	};
	objectVersion = 46;
	objects = {

/* Begin PBXBuildFile section */
		3A2C3F0C1DDFB88400576151 /* Assets.xcassets in Resources */ = {isa = PBXBuildFile; fileRef = 3A2C3F0B1DDFB88400576151 /* Assets.xcassets */; };
		3A2C3F0E1DDFB8D300576151 /* paperclip.gif in Resources */ = {isa = PBXBuildFile; fileRef = 3A2C3F0D1DDFB8D300576151 /* paperclip.gif */; };
		3A2C3F151DDFB94200576151 /* AppDelegate.m in Sources */ = {isa = PBXBuildFile; fileRef = 3A2C3F141DDFB94200576151 /* AppDelegate.m */; };
		3A2C3F171DDFBAB200576151 /* append_post_content.html in Resources */ = {isa = PBXBuildFile; fileRef = 3A2C3F161DDFBAB200576151 /* append_post_content.html */; };
		3A2C3F191DDFBABD00576151 /* append_post.js in Resources */ = {isa = PBXBuildFile; fileRef = 3A2C3F181DDFBABD00576151 /* append_post.js */; };
		3A2C3F1D1DDFBAD000576151 /* post_message.html in Resources */ = {isa = PBXBuildFile; fileRef = 3A2C3F1A1DDFBAD000576151 /* post_message.html */; };
		3A2C3F1E1DDFBAD000576151 /* post_view_notitle.html in Resources */ = {isa = PBXBuildFile; fileRef = 3A2C3F1B1DDFBAD000576151 /* post_view_notitle.html */; };
		3A2C3F1F1DDFBAD000576151 /* post_view.html in Resources */ = {isa = PBXBuildFile; fileRef = 3A2C3F1C1DDFBAD000576151 /* post_view.html */; };
		3A2C3F211DDFBADA00576151 /* private_message.html in Resources */ = {isa = PBXBuildFile; fileRef = 3A2C3F201DDFBADA00576151 /* private_message.html */; };
		3A2C3F321DDFBCE800576151 /* CoreDataManager.m in Sources */ = {isa = PBXBuildFile; fileRef = 3A2C3F2D1DDFBCE800576151 /* CoreDataManager.m */; };
		3A2C3F371DDFBD2700576151 /* ForumCoreDataManager.m in Sources */ = {isa = PBXBuildFile; fileRef = 3A2C3F361DDFBD2700576151 /* ForumCoreDataManager.m */; };
		3A2C3F3A1DDFBF3900576151 /* BaseFourmTableViewCell.m in Sources */ = {isa = PBXBuildFile; fileRef = 3A2C3F391DDFBF3900576151 /* BaseFourmTableViewCell.m */; };
		3A2C3F4B1DDFBF5900576151 /* ForumProfileTableViewCell.m in Sources */ = {isa = PBXBuildFile; fileRef = 3A2C3F3C1DDFBF5900576151 /* ForumProfileTableViewCell.m */; };
		3A2C3F4C1DDFBF5900576151 /* ForumSearchResultCell.m in Sources */ = {isa = PBXBuildFile; fileRef = 3A2C3F3E1DDFBF5900576151 /* ForumSearchResultCell.m */; };
		3A2C3F4D1DDFBF5900576151 /* ForumSimpleThreadTableViewCell.m in Sources */ = {isa = PBXBuildFile; fileRef = 3A2C3F401DDFBF5900576151 /* ForumSimpleThreadTableViewCell.m */; };
		3A2C3F4E1DDFBF5900576151 /* ForumThreadListCell.m in Sources */ = {isa = PBXBuildFile; fileRef = 3A2C3F421DDFBF5900576151 /* ForumThreadListCell.m */; };
		3A2C3F4F1DDFBF5900576151 /* MGSwipeTableCellWithIndexPath.m in Sources */ = {isa = PBXBuildFile; fileRef = 3A2C3F441DDFBF5900576151 /* MGSwipeTableCellWithIndexPath.m */; };
		3A2C3F501DDFBF5900576151 /* PrivateMessageTableViewCell.m in Sources */ = {isa = PBXBuildFile; fileRef = 3A2C3F461DDFBF5900576151 /* PrivateMessageTableViewCell.m */; };
		3A2C3F511DDFBF5900576151 /* SelectPhotoCollectionViewCell.m in Sources */ = {isa = PBXBuildFile; fileRef = 3A2C3F481DDFBF5900576151 /* SelectPhotoCollectionViewCell.m */; };
		3A2C3F5B1DDFBFC500576151 /* ForumListHeaderView.m in Sources */ = {isa = PBXBuildFile; fileRef = 3A2C3F541DDFBFC500576151 /* ForumListHeaderView.m */; };
		3A2C3F5C1DDFBFC500576151 /* ForumListHeaderView.xib in Resources */ = {isa = PBXBuildFile; fileRef = 3A2C3F551DDFBFC500576151 /* ForumListHeaderView.xib */; };
		3A2C3F5D1DDFBFC500576151 /* PageHeaderView.m in Sources */ = {isa = PBXBuildFile; fileRef = 3A2C3F571DDFBFC500576151 /* PageHeaderView.m */; };
		3A2C3F5E1DDFBFC500576151 /* PageHeaderView.xib in Resources */ = {isa = PBXBuildFile; fileRef = 3A2C3F581DDFBFC500576151 /* PageHeaderView.xib */; };
		3A2C3F5F1DDFBFC500576151 /* XibInflater.m in Sources */ = {isa = PBXBuildFile; fileRef = 3A2C3F5A1DDFBFC500576151 /* XibInflater.m */; };
		3A2C3F681DDFC03400576151 /* AutoRelayoutUITextView.m in Sources */ = {isa = PBXBuildFile; fileRef = 3A2C3F611DDFC03400576151 /* AutoRelayoutUITextView.m */; };
		3A2C3F691DDFC03400576151 /* CommonUtils.m in Sources */ = {isa = PBXBuildFile; fileRef = 3A2C3F631DDFC03400576151 /* CommonUtils.m */; };
		3A2C3F6A1DDFC03400576151 /* LeftDrawerItem.m in Sources */ = {isa = PBXBuildFile; fileRef = 3A2C3F651DDFC03400576151 /* LeftDrawerItem.m */; };
		3A2C3F6B1DDFC03400576151 /* UIAutoResizeTextView.m in Sources */ = {isa = PBXBuildFile; fileRef = 3A2C3F671DDFC03400576151 /* UIAutoResizeTextView.m */; };
		3A2C3F7A1DDFC0CD00576151 /* NSString+Extensions.m in Sources */ = {isa = PBXBuildFile; fileRef = 3A2C3F6D1DDFC0CD00576151 /* NSString+Extensions.m */; };
		3A2C3F7B1DDFC0CD00576151 /* NSUserDefaults+Extensions.m in Sources */ = {isa = PBXBuildFile; fileRef = 3A2C3F6F1DDFC0CD00576151 /* NSUserDefaults+Extensions.m */; };
		3A2C3F7C1DDFC0CD00576151 /* NSUserDefaults+Setting.m in Sources */ = {isa = PBXBuildFile; fileRef = 3A2C3F711DDFC0CD00576151 /* NSUserDefaults+Setting.m */; };
		3A2C3F7D1DDFC0CD00576151 /* UIColor+MyColor.m in Sources */ = {isa = PBXBuildFile; fileRef = 3A2C3F731DDFC0CD00576151 /* UIColor+MyColor.m */; };
		3A2C3F7E1DDFC0CD00576151 /* UIImage+Tint.m in Sources */ = {isa = PBXBuildFile; fileRef = 3A2C3F751DDFC0CD00576151 /* UIImage+Tint.m */; };
		3A2C3F7F1DDFC0CD00576151 /* UIStoryboard+Forum.m in Sources */ = {isa = PBXBuildFile; fileRef = 3A2C3F771DDFC0CD00576151 /* UIStoryboard+Forum.m */; };
		3A2C3F801DDFC0CD00576151 /* UIView+Corner.m in Sources */ = {isa = PBXBuildFile; fileRef = 3A2C3F791DDFC0CD00576151 /* UIView+Corner.m */; };
		3A2C3F871DDFDF9200576151 /* AFHTTPSessionManager+SimpleAction.m in Sources */ = {isa = PBXBuildFile; fileRef = 3A2C3F821DDFDF9200576151 /* AFHTTPSessionManager+SimpleAction.m */; };
		3A2C3F881DDFDF9200576151 /* IGHTMLDocument+QueryNode.m in Sources */ = {isa = PBXBuildFile; fileRef = 3A2C3F841DDFDF9200576151 /* IGHTMLDocument+QueryNode.m */; };
		3A2C3F891DDFDF9200576151 /* IGXMLNode+Children.m in Sources */ = {isa = PBXBuildFile; fileRef = 3A2C3F861DDFDF9200576151 /* IGXMLNode+Children.m */; };
		3A2C3F8D1DDFDFC000576151 /* ApiTestViewController.m in Sources */ = {isa = PBXBuildFile; fileRef = 3A2C3F8B1DDFDFC000576151 /* ApiTestViewController.m */; };
		3A2C3F8E1DDFDFC000576151 /* ApiTestViewController.xib in Resources */ = {isa = PBXBuildFile; fileRef = 3A2C3F8C1DDFDFC000576151 /* ApiTestViewController.xib */; };
		3A2C3FCE1DDFE0C900576151 /* ForumApiBaseTableViewController.m in Sources */ = {isa = PBXBuildFile; fileRef = 3A2C3F941DDFE0C900576151 /* ForumApiBaseTableViewController.m */; };
		3A2C3FCF1DDFE0C900576151 /* ForumApiBaseViewController.m in Sources */ = {isa = PBXBuildFile; fileRef = 3A2C3F961DDFE0C900576151 /* ForumApiBaseViewController.m */; };
		3A2C3FD01DDFE0C900576151 /* ForumBaseStaticTableViewController.m in Sources */ = {isa = PBXBuildFile; fileRef = 3A2C3F981DDFE0C900576151 /* ForumBaseStaticTableViewController.m */; };
		3A2C3FD11DDFE0C900576151 /* ForumFavFormController.m in Sources */ = {isa = PBXBuildFile; fileRef = 3A2C3F9A1DDFE0C900576151 /* ForumFavFormController.m */; };
		3A2C3FD21DDFE0C900576151 /* ForumFavThreadPostTableViewController.m in Sources */ = {isa = PBXBuildFile; fileRef = 3A2C3F9C1DDFE0C900576151 /* ForumFavThreadPostTableViewController.m */; };
		3A2C3FD31DDFE0C900576151 /* ForumLoginViewController.m in Sources */ = {isa = PBXBuildFile; fileRef = 3A2C3F9E1DDFE0C900576151 /* ForumLoginViewController.m */; };
		3A2C3FD41DDFE0C900576151 /* ForumLoginViewController.xib in Resources */ = {isa = PBXBuildFile; fileRef = 3A2C3F9F1DDFE0C900576151 /* ForumLoginViewController.xib */; };
		3A2C3FD51DDFE0C900576151 /* ForumMyProfileTableViewController.m in Sources */ = {isa = PBXBuildFile; fileRef = 3A2C3FA11DDFE0C900576151 /* ForumMyProfileTableViewController.m */; };
		3A2C3FD61DDFE0C900576151 /* ForumMyThreadPostTableViewController.m in Sources */ = {isa = PBXBuildFile; fileRef = 3A2C3FA31DDFE0C900576151 /* ForumMyThreadPostTableViewController.m */; };
		3A2C3FD71DDFE0C900576151 /* ForumMyThreadTableViewController.m in Sources */ = {isa = PBXBuildFile; fileRef = 3A2C3FA51DDFE0C900576151 /* ForumMyThreadTableViewController.m */; };
		3A2C3FD91DDFE0C900576151 /* ForumCreateNewThreadViewController.m in Sources */ = {isa = PBXBuildFile; fileRef = 3A2C3FA91DDFE0C900576151 /* ForumCreateNewThreadViewController.m */; };
		3A2C3FDA1DDFE0C900576151 /* ForumPrivateMessageTableViewController.m in Sources */ = {isa = PBXBuildFile; fileRef = 3A2C3FAB1DDFE0C900576151 /* ForumPrivateMessageTableViewController.m */; };
		3A2C3FDC1DDFE0C900576151 /* ForumReportViewController.m in Sources */ = {isa = PBXBuildFile; fileRef = 3A2C3FAF1DDFE0C900576151 /* ForumReportViewController.m */; };
		3A2C3FDD1DDFE0C900576151 /* ForumSearchViewController.m in Sources */ = {isa = PBXBuildFile; fileRef = 3A2C3FB11DDFE0C900576151 /* ForumSearchViewController.m */; };
		3A2C3FDE1DDFE0C900576151 /* ForumSeniorNewPostViewController.m in Sources */ = {isa = PBXBuildFile; fileRef = 3A2C3FB31DDFE0C900576151 /* ForumSeniorNewPostViewController.m */; };
		3A2C3FDF1DDFE0C900576151 /* ForumSettingTableViewController.m in Sources */ = {isa = PBXBuildFile; fileRef = 3A2C3FB51DDFE0C900576151 /* ForumSettingTableViewController.m */; };
		3A2C3FE01DDFE0C900576151 /* ForumShowNewThreadPostTableViewController.m in Sources */ = {isa = PBXBuildFile; fileRef = 3A2C3FB71DDFE0C900576151 /* ForumShowNewThreadPostTableViewController.m */; };
		3A2C3FE11DDFE0C900576151 /* ForumShowPrivateMessageViewController.m in Sources */ = {isa = PBXBuildFile; fileRef = 3A2C3FB91DDFE0C900576151 /* ForumShowPrivateMessageViewController.m */; };
		3A2C3FE21DDFE0C900576151 /* ForumSimpleReplyViewController.m in Sources */ = {isa = PBXBuildFile; fileRef = 3A2C3FBB1DDFE0C900576151 /* ForumSimpleReplyViewController.m */; };
		3A2C3FE31DDFE0C900576151 /* ForumTabBarController.m in Sources */ = {isa = PBXBuildFile; fileRef = 3A2C3FBD1DDFE0C900576151 /* ForumTabBarController.m */; };
		3A2C3FE41DDFE0C900576151 /* ForumTableViewController.m in Sources */ = {isa = PBXBuildFile; fileRef = 3A2C3FBF1DDFE0C900576151 /* ForumTableViewController.m */; };
		3A2C3FE51DDFE0C900576151 /* ForumThreadListForChildFormUITableViewController.m in Sources */ = {isa = PBXBuildFile; fileRef = 3A2C3FC11DDFE0C900576151 /* ForumThreadListForChildFormUITableViewController.m */; };
		3A2C3FE61DDFE0C900576151 /* ForumThreadListTableViewController.m in Sources */ = {isa = PBXBuildFile; fileRef = 3A2C3FC31DDFE0C900576151 /* ForumThreadListTableViewController.m */; };
		3A2C3FE71DDFE0C900576151 /* ForumUserProfileTableViewController.m in Sources */ = {isa = PBXBuildFile; fileRef = 3A2C3FC51DDFE0C900576151 /* ForumUserProfileTableViewController.m */; };
		3A2C3FE81DDFE0C900576151 /* ForumUserThreadTableViewController.m in Sources */ = {isa = PBXBuildFile; fileRef = 3A2C3FC71DDFE0C900576151 /* ForumUserThreadTableViewController.m */; };
		3A2C3FE91DDFE0C900576151 /* ForumWebViewController.m in Sources */ = {isa = PBXBuildFile; fileRef = 3A2C3FC91DDFE0C900576151 /* ForumWebViewController.m */; };
		3A2C3FEB1DDFE0C900576151 /* ForumWritePMViewController.m in Sources */ = {isa = PBXBuildFile; fileRef = 3A2C3FCD1DDFE0C900576151 /* ForumWritePMViewController.m */; };
		3A2C3FEE1DDFE10900576151 /* forum.xcdatamodeld in Sources */ = {isa = PBXBuildFile; fileRef = 3A2C3FEC1DDFE10900576151 /* forum.xcdatamodeld */; };
		3A2C3FF11DDFE13500576151 /* LaunchScreen.storyboard in Resources */ = {isa = PBXBuildFile; fileRef = 3A2C3FEF1DDFE13500576151 /* LaunchScreen.storyboard */; };
		3A2C3FF21DDFE13500576151 /* Main.storyboard in Resources */ = {isa = PBXBuildFile; fileRef = 3A2C3FF01DDFE13500576151 /* Main.storyboard */; };
		3A2C3FFF1DDFE30300576151 /* TranBundleUITableViewController.m in Sources */ = {isa = PBXBuildFile; fileRef = 3A2C3FF51DDFE30300576151 /* TranBundleUITableViewController.m */; };
		3A2C40001DDFE30300576151 /* TransBundleUINavigationController.m in Sources */ = {isa = PBXBuildFile; fileRef = 3A2C3FF71DDFE30300576151 /* TransBundleUINavigationController.m */; };
		3A2C40011DDFE30300576151 /* TransBundle.m in Sources */ = {isa = PBXBuildFile; fileRef = 3A2C3FF91DDFE30300576151 /* TransBundle.m */; };
		3A2C40021DDFE30300576151 /* TransBundleUIViewController.m in Sources */ = {isa = PBXBuildFile; fileRef = 3A2C3FFC1DDFE30300576151 /* TransBundleUIViewController.m */; };
		3A2C40061DDFE3AD00576151 /* TransValueUITableViewCell.m in Sources */ = {isa = PBXBuildFile; fileRef = 3A2C40051DDFE3AD00576151 /* TransValueUITableViewCell.m */; };
		3A2C400A1DE0015C00576151 /* main.m in Sources */ = {isa = PBXBuildFile; fileRef = 3A2C40091DE0015C00576151 /* main.m */; };
		3A2C402D1DE0A3DD00576151 /* UserEntry+CoreDataClass.m in Sources */ = {isa = PBXBuildFile; fileRef = 3A2C40261DE0A3DD00576151 /* UserEntry+CoreDataClass.m */; };
		3A2C402E1DE0A3DD00576151 /* UserEntry+CoreDataProperties.m in Sources */ = {isa = PBXBuildFile; fileRef = 3A2C40281DE0A3DD00576151 /* UserEntry+CoreDataProperties.m */; };
		3A2C402F1DE0A3DD00576151 /* ForumEntry+CoreDataClass.m in Sources */ = {isa = PBXBuildFile; fileRef = 3A2C402A1DE0A3DD00576151 /* ForumEntry+CoreDataClass.m */; };
		3A2C40301DE0A3DD00576151 /* ForumEntry+CoreDataProperties.m in Sources */ = {isa = PBXBuildFile; fileRef = 3A2C402C1DE0A3DD00576151 /* ForumEntry+CoreDataProperties.m */; };
		3AA397391DABB6FF00F74E32 /* iOSDeviceName.framework in Frameworks */ = {isa = PBXBuildFile; fileRef = 3AA397381DABB6FF00F74E32 /* iOSDeviceName.framework */; };
		3ACFFD2C1CF9D6BF000312DC /* HPURLCache.m in Sources */ = {isa = PBXBuildFile; fileRef = 3ACFFD291CF9D6BF000312DC /* HPURLCache.m */; };
		3ACFFD2D1CF9D6BF000312DC /* SDImageCache+URLCache.m in Sources */ = {isa = PBXBuildFile; fileRef = 3ACFFD2B1CF9D6BF000312DC /* SDImageCache+URLCache.m */; };
		3ACFFD301CF9DD3C000312DC /* HPURLProtocol.m in Sources */ = {isa = PBXBuildFile; fileRef = 3ACFFD2F1CF9DD3C000312DC /* HPURLProtocol.m */; };
		3ACFFD341CFA641F000312DC /* NYTExamplePhoto.m in Sources */ = {isa = PBXBuildFile; fileRef = 3ACFFD331CFA641F000312DC /* NYTExamplePhoto.m */; };
		3AE854B71DF2B0B3000F62E9 /* defaultAvatar.gif in Resources */ = {isa = PBXBuildFile; fileRef = 3AE854B61DF2B0B3000F62E9 /* defaultAvatar.gif */; };
		3AF8878E1DA155D20083A8D5 /* ForumHtmlParser.m in Sources */ = {isa = PBXBuildFile; fileRef = 3AF8878D1DA155D20083A8D5 /* ForumHtmlParser.m */; };
		3AF887971DA16D2C0083A8D5 /* ForumBrowser.m in Sources */ = {isa = PBXBuildFile; fileRef = 3AF887961DA16D2C0083A8D5 /* ForumBrowser.m */; };
		4D0D87251DE40C7900DA9034 /* ForumNavigationViewController.m in Sources */ = {isa = PBXBuildFile; fileRef = 4D0D87241DE40C7900DA9034 /* ForumNavigationViewController.m */; };
		4DEB34C31C47BBE400063CBB /* AssetsLibrary.framework in Frameworks */ = {isa = PBXBuildFile; fileRef = 4DEB34C21C47BBE400063CBB /* AssetsLibrary.framework */; };
		4DF737051DDECC8500BF1896 /* ThreadInSearch.m in Sources */ = {isa = PBXBuildFile; fileRef = 4DF737021DDECC8500BF1896 /* ThreadInSearch.m */; };
		4DF737061DDECC8500BF1896 /* ViewSearchForumPage.m in Sources */ = {isa = PBXBuildFile; fileRef = 4DF737041DDECC8500BF1896 /* ViewSearchForumPage.m */; };
		4DF737191DDECC8D00BF1896 /* Post.m in Sources */ = {isa = PBXBuildFile; fileRef = 4DF737081DDECC8D00BF1896 /* Post.m */; };
		4DF7371A1DDECC8D00BF1896 /* User.m in Sources */ = {isa = PBXBuildFile; fileRef = 4DF7370A1DDECC8D00BF1896 /* User.m */; };
		4DF7371B1DDECC8D00BF1896 /* Forum.m in Sources */ = {isa = PBXBuildFile; fileRef = 4DF7370C1DDECC8D00BF1896 /* Forum.m */; };
		4DF7371C1DDECC8D00BF1896 /* Thread.m in Sources */ = {isa = PBXBuildFile; fileRef = 4DF7370E1DDECC8D00BF1896 /* Thread.m */; };
		4DF7371D1DDECC8D00BF1896 /* UserProfile.m in Sources */ = {isa = PBXBuildFile; fileRef = 4DF737101DDECC8D00BF1896 /* UserProfile.m */; };
		4DF7371E1DDECC8D00BF1896 /* SimpleThread.m in Sources */ = {isa = PBXBuildFile; fileRef = 4DF737121DDECC8D00BF1896 /* SimpleThread.m */; };
		4DF7371F1DDECC8D00BF1896 /* NormalThread.m in Sources */ = {isa = PBXBuildFile; fileRef = 4DF737141DDECC8D00BF1896 /* NormalThread.m */; };
		4DF737201DDECC8D00BF1896 /* ViewThreadPage.m in Sources */ = {isa = PBXBuildFile; fileRef = 4DF737161DDECC8D00BF1896 /* ViewThreadPage.m */; };
		4DF737211DDECC8D00BF1896 /* ViewForumPage.m in Sources */ = {isa = PBXBuildFile; fileRef = 4DF737181DDECC8D00BF1896 /* ViewForumPage.m */; };
		4DF737261DDECC9600BF1896 /* Message.m in Sources */ = {isa = PBXBuildFile; fileRef = 4DF737231DDECC9600BF1896 /* Message.m */; };
		4DF737271DDECC9600BF1896 /* ViewMessagePage.m in Sources */ = {isa = PBXBuildFile; fileRef = 4DF737251DDECC9600BF1896 /* ViewMessagePage.m */; };
		4DF7372A1DDECCA200BF1896 /* LoginUser.m in Sources */ = {isa = PBXBuildFile; fileRef = 4DF737291DDECCA200BF1896 /* LoginUser.m */; };
		757C88B17FCB5AFBB7C0CA0B /* libPods-Forum.a in Frameworks */ = {isa = PBXBuildFile; fileRef = EA91F0D805959E8525B7BE0D /* libPods-Forum.a */; };
		C7B59D8E9D44A593D270BE03 /* NSData+UTF8.m in Sources */ = {isa = PBXBuildFile; fileRef = C7B590FF019B54B2E6BDDE91 /* NSData+UTF8.m */; };
/* End PBXBuildFile section */

/* Begin PBXFileReference section */
		3A2C3F0B1DDFB88400576151 /* Assets.xcassets */ = {isa = PBXFileReference; lastKnownFileType = folder.assetcatalog; path = Assets.xcassets; sourceTree = "<group>"; };
		3A2C3F0D1DDFB8D300576151 /* paperclip.gif */ = {isa = PBXFileReference; lastKnownFileType = image.gif; path = paperclip.gif; sourceTree = "<group>"; };
		3A2C3F111DDFB91F00576151 /* Info.plist */ = {isa = PBXFileReference; fileEncoding = 4; lastKnownFileType = text.plist.xml; path = Info.plist; sourceTree = "<group>"; };
		3A2C3F131DDFB94200576151 /* AppDelegate.h */ = {isa = PBXFileReference; fileEncoding = 4; lastKnownFileType = sourcecode.c.h; path = AppDelegate.h; sourceTree = "<group>"; };
		3A2C3F141DDFB94200576151 /* AppDelegate.m */ = {isa = PBXFileReference; fileEncoding = 4; lastKnownFileType = sourcecode.c.objc; path = AppDelegate.m; sourceTree = "<group>"; };
		3A2C3F161DDFBAB200576151 /* append_post_content.html */ = {isa = PBXFileReference; fileEncoding = 4; lastKnownFileType = text.html; path = append_post_content.html; sourceTree = "<group>"; };
		3A2C3F181DDFBABD00576151 /* append_post.js */ = {isa = PBXFileReference; fileEncoding = 4; lastKnownFileType = sourcecode.javascript; path = append_post.js; sourceTree = "<group>"; };
		3A2C3F1A1DDFBAD000576151 /* post_message.html */ = {isa = PBXFileReference; fileEncoding = 4; lastKnownFileType = text.html; path = post_message.html; sourceTree = "<group>"; };
		3A2C3F1B1DDFBAD000576151 /* post_view_notitle.html */ = {isa = PBXFileReference; fileEncoding = 4; lastKnownFileType = text.html; path = post_view_notitle.html; sourceTree = "<group>"; };
		3A2C3F1C1DDFBAD000576151 /* post_view.html */ = {isa = PBXFileReference; fileEncoding = 4; lastKnownFileType = text.html; path = post_view.html; sourceTree = "<group>"; };
		3A2C3F201DDFBADA00576151 /* private_message.html */ = {isa = PBXFileReference; fileEncoding = 4; lastKnownFileType = text.html; path = private_message.html; sourceTree = "<group>"; };
		3A2C3F241DDFBB3900576151 /* ForumConfig.h */ = {isa = PBXFileReference; fileEncoding = 4; lastKnownFileType = sourcecode.c.h; path = ForumConfig.h; sourceTree = "<group>"; };
		3A2C3F2C1DDFBCE800576151 /* CoreDataManager.h */ = {isa = PBXFileReference; fileEncoding = 4; lastKnownFileType = sourcecode.c.h; path = CoreDataManager.h; sourceTree = "<group>"; };
		3A2C3F2D1DDFBCE800576151 /* CoreDataManager.m */ = {isa = PBXFileReference; fileEncoding = 4; lastKnownFileType = sourcecode.c.objc; path = CoreDataManager.m; sourceTree = "<group>"; };
		3A2C3F351DDFBD2700576151 /* ForumCoreDataManager.h */ = {isa = PBXFileReference; fileEncoding = 4; lastKnownFileType = sourcecode.c.h; path = ForumCoreDataManager.h; sourceTree = "<group>"; };
		3A2C3F361DDFBD2700576151 /* ForumCoreDataManager.m */ = {isa = PBXFileReference; fileEncoding = 4; lastKnownFileType = sourcecode.c.objc; path = ForumCoreDataManager.m; sourceTree = "<group>"; };
		3A2C3F381DDFBF3900576151 /* BaseFourmTableViewCell.h */ = {isa = PBXFileReference; fileEncoding = 4; lastKnownFileType = sourcecode.c.h; path = BaseFourmTableViewCell.h; sourceTree = "<group>"; };
		3A2C3F391DDFBF3900576151 /* BaseFourmTableViewCell.m */ = {isa = PBXFileReference; fileEncoding = 4; lastKnownFileType = sourcecode.c.objc; path = BaseFourmTableViewCell.m; sourceTree = "<group>"; };
		3A2C3F3B1DDFBF5900576151 /* ForumProfileTableViewCell.h */ = {isa = PBXFileReference; fileEncoding = 4; lastKnownFileType = sourcecode.c.h; path = ForumProfileTableViewCell.h; sourceTree = "<group>"; };
		3A2C3F3C1DDFBF5900576151 /* ForumProfileTableViewCell.m */ = {isa = PBXFileReference; fileEncoding = 4; lastKnownFileType = sourcecode.c.objc; path = ForumProfileTableViewCell.m; sourceTree = "<group>"; };
		3A2C3F3D1DDFBF5900576151 /* ForumSearchResultCell.h */ = {isa = PBXFileReference; fileEncoding = 4; lastKnownFileType = sourcecode.c.h; path = ForumSearchResultCell.h; sourceTree = "<group>"; };
		3A2C3F3E1DDFBF5900576151 /* ForumSearchResultCell.m */ = {isa = PBXFileReference; fileEncoding = 4; lastKnownFileType = sourcecode.c.objc; path = ForumSearchResultCell.m; sourceTree = "<group>"; };
		3A2C3F3F1DDFBF5900576151 /* ForumSimpleThreadTableViewCell.h */ = {isa = PBXFileReference; fileEncoding = 4; lastKnownFileType = sourcecode.c.h; path = ForumSimpleThreadTableViewCell.h; sourceTree = "<group>"; };
		3A2C3F401DDFBF5900576151 /* ForumSimpleThreadTableViewCell.m */ = {isa = PBXFileReference; fileEncoding = 4; lastKnownFileType = sourcecode.c.objc; path = ForumSimpleThreadTableViewCell.m; sourceTree = "<group>"; };
		3A2C3F411DDFBF5900576151 /* ForumThreadListCell.h */ = {isa = PBXFileReference; fileEncoding = 4; lastKnownFileType = sourcecode.c.h; path = ForumThreadListCell.h; sourceTree = "<group>"; };
		3A2C3F421DDFBF5900576151 /* ForumThreadListCell.m */ = {isa = PBXFileReference; fileEncoding = 4; lastKnownFileType = sourcecode.c.objc; path = ForumThreadListCell.m; sourceTree = "<group>"; };
		3A2C3F431DDFBF5900576151 /* MGSwipeTableCellWithIndexPath.h */ = {isa = PBXFileReference; fileEncoding = 4; lastKnownFileType = sourcecode.c.h; path = MGSwipeTableCellWithIndexPath.h; sourceTree = "<group>"; };
		3A2C3F441DDFBF5900576151 /* MGSwipeTableCellWithIndexPath.m */ = {isa = PBXFileReference; fileEncoding = 4; lastKnownFileType = sourcecode.c.objc; path = MGSwipeTableCellWithIndexPath.m; sourceTree = "<group>"; };
		3A2C3F451DDFBF5900576151 /* PrivateMessageTableViewCell.h */ = {isa = PBXFileReference; fileEncoding = 4; lastKnownFileType = sourcecode.c.h; path = PrivateMessageTableViewCell.h; sourceTree = "<group>"; };
		3A2C3F461DDFBF5900576151 /* PrivateMessageTableViewCell.m */ = {isa = PBXFileReference; fileEncoding = 4; lastKnownFileType = sourcecode.c.objc; path = PrivateMessageTableViewCell.m; sourceTree = "<group>"; };
		3A2C3F471DDFBF5900576151 /* SelectPhotoCollectionViewCell.h */ = {isa = PBXFileReference; fileEncoding = 4; lastKnownFileType = sourcecode.c.h; path = SelectPhotoCollectionViewCell.h; sourceTree = "<group>"; };
		3A2C3F481DDFBF5900576151 /* SelectPhotoCollectionViewCell.m */ = {isa = PBXFileReference; fileEncoding = 4; lastKnownFileType = sourcecode.c.objc; path = SelectPhotoCollectionViewCell.m; sourceTree = "<group>"; };
		3A2C3F531DDFBFC500576151 /* ForumListHeaderView.h */ = {isa = PBXFileReference; fileEncoding = 4; lastKnownFileType = sourcecode.c.h; path = ForumListHeaderView.h; sourceTree = "<group>"; };
		3A2C3F541DDFBFC500576151 /* ForumListHeaderView.m */ = {isa = PBXFileReference; fileEncoding = 4; lastKnownFileType = sourcecode.c.objc; path = ForumListHeaderView.m; sourceTree = "<group>"; };
		3A2C3F551DDFBFC500576151 /* ForumListHeaderView.xib */ = {isa = PBXFileReference; fileEncoding = 4; lastKnownFileType = file.xib; path = ForumListHeaderView.xib; sourceTree = "<group>"; };
		3A2C3F561DDFBFC500576151 /* PageHeaderView.h */ = {isa = PBXFileReference; fileEncoding = 4; lastKnownFileType = sourcecode.c.h; path = PageHeaderView.h; sourceTree = "<group>"; };
		3A2C3F571DDFBFC500576151 /* PageHeaderView.m */ = {isa = PBXFileReference; fileEncoding = 4; lastKnownFileType = sourcecode.c.objc; path = PageHeaderView.m; sourceTree = "<group>"; };
		3A2C3F581DDFBFC500576151 /* PageHeaderView.xib */ = {isa = PBXFileReference; fileEncoding = 4; lastKnownFileType = file.xib; path = PageHeaderView.xib; sourceTree = "<group>"; };
		3A2C3F591DDFBFC500576151 /* XibInflater.h */ = {isa = PBXFileReference; fileEncoding = 4; lastKnownFileType = sourcecode.c.h; path = XibInflater.h; sourceTree = "<group>"; };
		3A2C3F5A1DDFBFC500576151 /* XibInflater.m */ = {isa = PBXFileReference; fileEncoding = 4; lastKnownFileType = sourcecode.c.objc; path = XibInflater.m; sourceTree = "<group>"; };
		3A2C3F601DDFC03400576151 /* AutoRelayoutUITextView.h */ = {isa = PBXFileReference; fileEncoding = 4; lastKnownFileType = sourcecode.c.h; path = AutoRelayoutUITextView.h; sourceTree = "<group>"; };
		3A2C3F611DDFC03400576151 /* AutoRelayoutUITextView.m */ = {isa = PBXFileReference; fileEncoding = 4; lastKnownFileType = sourcecode.c.objc; path = AutoRelayoutUITextView.m; sourceTree = "<group>"; };
		3A2C3F621DDFC03400576151 /* CommonUtils.h */ = {isa = PBXFileReference; fileEncoding = 4; lastKnownFileType = sourcecode.c.h; path = CommonUtils.h; sourceTree = "<group>"; };
		3A2C3F631DDFC03400576151 /* CommonUtils.m */ = {isa = PBXFileReference; fileEncoding = 4; lastKnownFileType = sourcecode.c.objc; path = CommonUtils.m; sourceTree = "<group>"; };
		3A2C3F641DDFC03400576151 /* LeftDrawerItem.h */ = {isa = PBXFileReference; fileEncoding = 4; lastKnownFileType = sourcecode.c.h; path = LeftDrawerItem.h; sourceTree = "<group>"; };
		3A2C3F651DDFC03400576151 /* LeftDrawerItem.m */ = {isa = PBXFileReference; fileEncoding = 4; lastKnownFileType = sourcecode.c.objc; path = LeftDrawerItem.m; sourceTree = "<group>"; };
		3A2C3F661DDFC03400576151 /* UIAutoResizeTextView.h */ = {isa = PBXFileReference; fileEncoding = 4; lastKnownFileType = sourcecode.c.h; path = UIAutoResizeTextView.h; sourceTree = "<group>"; };
		3A2C3F671DDFC03400576151 /* UIAutoResizeTextView.m */ = {isa = PBXFileReference; fileEncoding = 4; lastKnownFileType = sourcecode.c.objc; path = UIAutoResizeTextView.m; sourceTree = "<group>"; };
		3A2C3F6C1DDFC0CD00576151 /* NSString+Extensions.h */ = {isa = PBXFileReference; fileEncoding = 4; lastKnownFileType = sourcecode.c.h; path = "NSString+Extensions.h"; sourceTree = "<group>"; };
		3A2C3F6D1DDFC0CD00576151 /* NSString+Extensions.m */ = {isa = PBXFileReference; fileEncoding = 4; lastKnownFileType = sourcecode.c.objc; path = "NSString+Extensions.m"; sourceTree = "<group>"; };
		3A2C3F6E1DDFC0CD00576151 /* NSUserDefaults+Extensions.h */ = {isa = PBXFileReference; fileEncoding = 4; lastKnownFileType = sourcecode.c.h; path = "NSUserDefaults+Extensions.h"; sourceTree = "<group>"; };
		3A2C3F6F1DDFC0CD00576151 /* NSUserDefaults+Extensions.m */ = {isa = PBXFileReference; fileEncoding = 4; lastKnownFileType = sourcecode.c.objc; path = "NSUserDefaults+Extensions.m"; sourceTree = "<group>"; };
		3A2C3F701DDFC0CD00576151 /* NSUserDefaults+Setting.h */ = {isa = PBXFileReference; fileEncoding = 4; lastKnownFileType = sourcecode.c.h; path = "NSUserDefaults+Setting.h"; sourceTree = "<group>"; };
		3A2C3F711DDFC0CD00576151 /* NSUserDefaults+Setting.m */ = {isa = PBXFileReference; fileEncoding = 4; lastKnownFileType = sourcecode.c.objc; path = "NSUserDefaults+Setting.m"; sourceTree = "<group>"; };
		3A2C3F721DDFC0CD00576151 /* UIColor+MyColor.h */ = {isa = PBXFileReference; fileEncoding = 4; lastKnownFileType = sourcecode.c.h; path = "UIColor+MyColor.h"; sourceTree = "<group>"; };
		3A2C3F731DDFC0CD00576151 /* UIColor+MyColor.m */ = {isa = PBXFileReference; fileEncoding = 4; lastKnownFileType = sourcecode.c.objc; path = "UIColor+MyColor.m"; sourceTree = "<group>"; };
		3A2C3F741DDFC0CD00576151 /* UIImage+Tint.h */ = {isa = PBXFileReference; fileEncoding = 4; lastKnownFileType = sourcecode.c.h; path = "UIImage+Tint.h"; sourceTree = "<group>"; };
		3A2C3F751DDFC0CD00576151 /* UIImage+Tint.m */ = {isa = PBXFileReference; fileEncoding = 4; lastKnownFileType = sourcecode.c.objc; path = "UIImage+Tint.m"; sourceTree = "<group>"; };
		3A2C3F761DDFC0CD00576151 /* UIStoryboard+Forum.h */ = {isa = PBXFileReference; fileEncoding = 4; lastKnownFileType = sourcecode.c.h; path = "UIStoryboard+Forum.h"; sourceTree = "<group>"; };
		3A2C3F771DDFC0CD00576151 /* UIStoryboard+Forum.m */ = {isa = PBXFileReference; fileEncoding = 4; lastKnownFileType = sourcecode.c.objc; path = "UIStoryboard+Forum.m"; sourceTree = "<group>"; };
		3A2C3F781DDFC0CD00576151 /* UIView+Corner.h */ = {isa = PBXFileReference; fileEncoding = 4; lastKnownFileType = sourcecode.c.h; path = "UIView+Corner.h"; sourceTree = "<group>"; };
		3A2C3F791DDFC0CD00576151 /* UIView+Corner.m */ = {isa = PBXFileReference; fileEncoding = 4; lastKnownFileType = sourcecode.c.objc; path = "UIView+Corner.m"; sourceTree = "<group>"; };
		3A2C3F811DDFDF9200576151 /* AFHTTPSessionManager+SimpleAction.h */ = {isa = PBXFileReference; fileEncoding = 4; lastKnownFileType = sourcecode.c.h; path = "AFHTTPSessionManager+SimpleAction.h"; sourceTree = "<group>"; };
		3A2C3F821DDFDF9200576151 /* AFHTTPSessionManager+SimpleAction.m */ = {isa = PBXFileReference; fileEncoding = 4; lastKnownFileType = sourcecode.c.objc; path = "AFHTTPSessionManager+SimpleAction.m"; sourceTree = "<group>"; };
		3A2C3F831DDFDF9200576151 /* IGHTMLDocument+QueryNode.h */ = {isa = PBXFileReference; fileEncoding = 4; lastKnownFileType = sourcecode.c.h; path = "IGHTMLDocument+QueryNode.h"; sourceTree = "<group>"; };
		3A2C3F841DDFDF9200576151 /* IGHTMLDocument+QueryNode.m */ = {isa = PBXFileReference; fileEncoding = 4; lastKnownFileType = sourcecode.c.objc; path = "IGHTMLDocument+QueryNode.m"; sourceTree = "<group>"; };
		3A2C3F851DDFDF9200576151 /* IGXMLNode+Children.h */ = {isa = PBXFileReference; fileEncoding = 4; lastKnownFileType = sourcecode.c.h; path = "IGXMLNode+Children.h"; sourceTree = "<group>"; };
		3A2C3F861DDFDF9200576151 /* IGXMLNode+Children.m */ = {isa = PBXFileReference; fileEncoding = 4; lastKnownFileType = sourcecode.c.objc; path = "IGXMLNode+Children.m"; sourceTree = "<group>"; };
		3A2C3F8A1DDFDFC000576151 /* ApiTestViewController.h */ = {isa = PBXFileReference; fileEncoding = 4; lastKnownFileType = sourcecode.c.h; path = ApiTestViewController.h; sourceTree = "<group>"; };
		3A2C3F8B1DDFDFC000576151 /* ApiTestViewController.m */ = {isa = PBXFileReference; fileEncoding = 4; lastKnownFileType = sourcecode.c.objc; path = ApiTestViewController.m; sourceTree = "<group>"; };
		3A2C3F8C1DDFDFC000576151 /* ApiTestViewController.xib */ = {isa = PBXFileReference; fileEncoding = 4; lastKnownFileType = file.xib; path = ApiTestViewController.xib; sourceTree = "<group>"; };
		3A2C3F8F1DDFDFEF00576151 /* Forum.pch */ = {isa = PBXFileReference; fileEncoding = 4; lastKnownFileType = sourcecode.c.h; path = Forum.pch; sourceTree = "<group>"; };
		3A2C3F931DDFE0C900576151 /* ForumApiBaseTableViewController.h */ = {isa = PBXFileReference; fileEncoding = 4; lastKnownFileType = sourcecode.c.h; path = ForumApiBaseTableViewController.h; sourceTree = "<group>"; };
		3A2C3F941DDFE0C900576151 /* ForumApiBaseTableViewController.m */ = {isa = PBXFileReference; fileEncoding = 4; lastKnownFileType = sourcecode.c.objc; path = ForumApiBaseTableViewController.m; sourceTree = "<group>"; };
		3A2C3F951DDFE0C900576151 /* ForumApiBaseViewController.h */ = {isa = PBXFileReference; fileEncoding = 4; lastKnownFileType = sourcecode.c.h; path = ForumApiBaseViewController.h; sourceTree = "<group>"; };
		3A2C3F961DDFE0C900576151 /* ForumApiBaseViewController.m */ = {isa = PBXFileReference; fileEncoding = 4; lastKnownFileType = sourcecode.c.objc; path = ForumApiBaseViewController.m; sourceTree = "<group>"; };
		3A2C3F971DDFE0C900576151 /* ForumBaseStaticTableViewController.h */ = {isa = PBXFileReference; fileEncoding = 4; lastKnownFileType = sourcecode.c.h; path = ForumBaseStaticTableViewController.h; sourceTree = "<group>"; };
		3A2C3F981DDFE0C900576151 /* ForumBaseStaticTableViewController.m */ = {isa = PBXFileReference; fileEncoding = 4; lastKnownFileType = sourcecode.c.objc; path = ForumBaseStaticTableViewController.m; sourceTree = "<group>"; };
		3A2C3F991DDFE0C900576151 /* ForumFavFormController.h */ = {isa = PBXFileReference; fileEncoding = 4; lastKnownFileType = sourcecode.c.h; path = ForumFavFormController.h; sourceTree = "<group>"; };
		3A2C3F9A1DDFE0C900576151 /* ForumFavFormController.m */ = {isa = PBXFileReference; fileEncoding = 4; lastKnownFileType = sourcecode.c.objc; path = ForumFavFormController.m; sourceTree = "<group>"; };
		3A2C3F9B1DDFE0C900576151 /* ForumFavThreadPostTableViewController.h */ = {isa = PBXFileReference; fileEncoding = 4; lastKnownFileType = sourcecode.c.h; path = ForumFavThreadPostTableViewController.h; sourceTree = "<group>"; };
		3A2C3F9C1DDFE0C900576151 /* ForumFavThreadPostTableViewController.m */ = {isa = PBXFileReference; fileEncoding = 4; lastKnownFileType = sourcecode.c.objc; path = ForumFavThreadPostTableViewController.m; sourceTree = "<group>"; };
		3A2C3F9D1DDFE0C900576151 /* ForumLoginViewController.h */ = {isa = PBXFileReference; fileEncoding = 4; lastKnownFileType = sourcecode.c.h; path = ForumLoginViewController.h; sourceTree = "<group>"; };
		3A2C3F9E1DDFE0C900576151 /* ForumLoginViewController.m */ = {isa = PBXFileReference; fileEncoding = 4; lastKnownFileType = sourcecode.c.objc; path = ForumLoginViewController.m; sourceTree = "<group>"; };
		3A2C3F9F1DDFE0C900576151 /* ForumLoginViewController.xib */ = {isa = PBXFileReference; fileEncoding = 4; lastKnownFileType = file.xib; path = ForumLoginViewController.xib; sourceTree = "<group>"; };
		3A2C3FA01DDFE0C900576151 /* ForumMyProfileTableViewController.h */ = {isa = PBXFileReference; fileEncoding = 4; lastKnownFileType = sourcecode.c.h; path = ForumMyProfileTableViewController.h; sourceTree = "<group>"; };
		3A2C3FA11DDFE0C900576151 /* ForumMyProfileTableViewController.m */ = {isa = PBXFileReference; fileEncoding = 4; lastKnownFileType = sourcecode.c.objc; path = ForumMyProfileTableViewController.m; sourceTree = "<group>"; };
		3A2C3FA21DDFE0C900576151 /* ForumMyThreadPostTableViewController.h */ = {isa = PBXFileReference; fileEncoding = 4; lastKnownFileType = sourcecode.c.h; path = ForumMyThreadPostTableViewController.h; sourceTree = "<group>"; };
		3A2C3FA31DDFE0C900576151 /* ForumMyThreadPostTableViewController.m */ = {isa = PBXFileReference; fileEncoding = 4; lastKnownFileType = sourcecode.c.objc; path = ForumMyThreadPostTableViewController.m; sourceTree = "<group>"; };
		3A2C3FA41DDFE0C900576151 /* ForumMyThreadTableViewController.h */ = {isa = PBXFileReference; fileEncoding = 4; lastKnownFileType = sourcecode.c.h; path = ForumMyThreadTableViewController.h; sourceTree = "<group>"; };
		3A2C3FA51DDFE0C900576151 /* ForumMyThreadTableViewController.m */ = {isa = PBXFileReference; fileEncoding = 4; lastKnownFileType = sourcecode.c.objc; path = ForumMyThreadTableViewController.m; sourceTree = "<group>"; };
		3A2C3FA81DDFE0C900576151 /* ForumCreateNewThreadViewController.h */ = {isa = PBXFileReference; fileEncoding = 4; lastKnownFileType = sourcecode.c.h; path = ForumCreateNewThreadViewController.h; sourceTree = "<group>"; };
		3A2C3FA91DDFE0C900576151 /* ForumCreateNewThreadViewController.m */ = {isa = PBXFileReference; fileEncoding = 4; lastKnownFileType = sourcecode.c.objc; path = ForumCreateNewThreadViewController.m; sourceTree = "<group>"; };
		3A2C3FAA1DDFE0C900576151 /* ForumPrivateMessageTableViewController.h */ = {isa = PBXFileReference; fileEncoding = 4; lastKnownFileType = sourcecode.c.h; path = ForumPrivateMessageTableViewController.h; sourceTree = "<group>"; };
		3A2C3FAB1DDFE0C900576151 /* ForumPrivateMessageTableViewController.m */ = {isa = PBXFileReference; fileEncoding = 4; lastKnownFileType = sourcecode.c.objc; path = ForumPrivateMessageTableViewController.m; sourceTree = "<group>"; };
		3A2C3FAE1DDFE0C900576151 /* ForumReportViewController.h */ = {isa = PBXFileReference; fileEncoding = 4; lastKnownFileType = sourcecode.c.h; path = ForumReportViewController.h; sourceTree = "<group>"; };
		3A2C3FAF1DDFE0C900576151 /* ForumReportViewController.m */ = {isa = PBXFileReference; fileEncoding = 4; lastKnownFileType = sourcecode.c.objc; path = ForumReportViewController.m; sourceTree = "<group>"; };
		3A2C3FB01DDFE0C900576151 /* ForumSearchViewController.h */ = {isa = PBXFileReference; fileEncoding = 4; lastKnownFileType = sourcecode.c.h; path = ForumSearchViewController.h; sourceTree = "<group>"; };
		3A2C3FB11DDFE0C900576151 /* ForumSearchViewController.m */ = {isa = PBXFileReference; fileEncoding = 4; lastKnownFileType = sourcecode.c.objc; path = ForumSearchViewController.m; sourceTree = "<group>"; };
		3A2C3FB21DDFE0C900576151 /* ForumSeniorNewPostViewController.h */ = {isa = PBXFileReference; fileEncoding = 4; lastKnownFileType = sourcecode.c.h; path = ForumSeniorNewPostViewController.h; sourceTree = "<group>"; };
		3A2C3FB31DDFE0C900576151 /* ForumSeniorNewPostViewController.m */ = {isa = PBXFileReference; fileEncoding = 4; lastKnownFileType = sourcecode.c.objc; path = ForumSeniorNewPostViewController.m; sourceTree = "<group>"; };
		3A2C3FB41DDFE0C900576151 /* ForumSettingTableViewController.h */ = {isa = PBXFileReference; fileEncoding = 4; lastKnownFileType = sourcecode.c.h; path = ForumSettingTableViewController.h; sourceTree = "<group>"; };
		3A2C3FB51DDFE0C900576151 /* ForumSettingTableViewController.m */ = {isa = PBXFileReference; fileEncoding = 4; lastKnownFileType = sourcecode.c.objc; path = ForumSettingTableViewController.m; sourceTree = "<group>"; };
		3A2C3FB61DDFE0C900576151 /* ForumShowNewThreadPostTableViewController.h */ = {isa = PBXFileReference; fileEncoding = 4; lastKnownFileType = sourcecode.c.h; path = ForumShowNewThreadPostTableViewController.h; sourceTree = "<group>"; };
		3A2C3FB71DDFE0C900576151 /* ForumShowNewThreadPostTableViewController.m */ = {isa = PBXFileReference; fileEncoding = 4; lastKnownFileType = sourcecode.c.objc; path = ForumShowNewThreadPostTableViewController.m; sourceTree = "<group>"; };
		3A2C3FB81DDFE0C900576151 /* ForumShowPrivateMessageViewController.h */ = {isa = PBXFileReference; fileEncoding = 4; lastKnownFileType = sourcecode.c.h; path = ForumShowPrivateMessageViewController.h; sourceTree = "<group>"; };
		3A2C3FB91DDFE0C900576151 /* ForumShowPrivateMessageViewController.m */ = {isa = PBXFileReference; fileEncoding = 4; lastKnownFileType = sourcecode.c.objc; path = ForumShowPrivateMessageViewController.m; sourceTree = "<group>"; };
		3A2C3FBA1DDFE0C900576151 /* ForumSimpleReplyViewController.h */ = {isa = PBXFileReference; fileEncoding = 4; lastKnownFileType = sourcecode.c.h; path = ForumSimpleReplyViewController.h; sourceTree = "<group>"; };
		3A2C3FBB1DDFE0C900576151 /* ForumSimpleReplyViewController.m */ = {isa = PBXFileReference; fileEncoding = 4; lastKnownFileType = sourcecode.c.objc; path = ForumSimpleReplyViewController.m; sourceTree = "<group>"; };
		3A2C3FBC1DDFE0C900576151 /* ForumTabBarController.h */ = {isa = PBXFileReference; fileEncoding = 4; lastKnownFileType = sourcecode.c.h; path = ForumTabBarController.h; sourceTree = "<group>"; };
		3A2C3FBD1DDFE0C900576151 /* ForumTabBarController.m */ = {isa = PBXFileReference; fileEncoding = 4; lastKnownFileType = sourcecode.c.objc; path = ForumTabBarController.m; sourceTree = "<group>"; };
		3A2C3FBE1DDFE0C900576151 /* ForumTableViewController.h */ = {isa = PBXFileReference; fileEncoding = 4; lastKnownFileType = sourcecode.c.h; path = ForumTableViewController.h; sourceTree = "<group>"; };
		3A2C3FBF1DDFE0C900576151 /* ForumTableViewController.m */ = {isa = PBXFileReference; fileEncoding = 4; lastKnownFileType = sourcecode.c.objc; path = ForumTableViewController.m; sourceTree = "<group>"; };
		3A2C3FC01DDFE0C900576151 /* ForumThreadListForChildFormUITableViewController.h */ = {isa = PBXFileReference; fileEncoding = 4; lastKnownFileType = sourcecode.c.h; path = ForumThreadListForChildFormUITableViewController.h; sourceTree = "<group>"; };
		3A2C3FC11DDFE0C900576151 /* ForumThreadListForChildFormUITableViewController.m */ = {isa = PBXFileReference; fileEncoding = 4; lastKnownFileType = sourcecode.c.objc; path = ForumThreadListForChildFormUITableViewController.m; sourceTree = "<group>"; };
		3A2C3FC21DDFE0C900576151 /* ForumThreadListTableViewController.h */ = {isa = PBXFileReference; fileEncoding = 4; lastKnownFileType = sourcecode.c.h; path = ForumThreadListTableViewController.h; sourceTree = "<group>"; };
		3A2C3FC31DDFE0C900576151 /* ForumThreadListTableViewController.m */ = {isa = PBXFileReference; fileEncoding = 4; lastKnownFileType = sourcecode.c.objc; path = ForumThreadListTableViewController.m; sourceTree = "<group>"; };
		3A2C3FC41DDFE0C900576151 /* ForumUserProfileTableViewController.h */ = {isa = PBXFileReference; fileEncoding = 4; lastKnownFileType = sourcecode.c.h; path = ForumUserProfileTableViewController.h; sourceTree = "<group>"; };
		3A2C3FC51DDFE0C900576151 /* ForumUserProfileTableViewController.m */ = {isa = PBXFileReference; fileEncoding = 4; lastKnownFileType = sourcecode.c.objc; path = ForumUserProfileTableViewController.m; sourceTree = "<group>"; };
		3A2C3FC61DDFE0C900576151 /* ForumUserThreadTableViewController.h */ = {isa = PBXFileReference; fileEncoding = 4; lastKnownFileType = sourcecode.c.h; path = ForumUserThreadTableViewController.h; sourceTree = "<group>"; };
		3A2C3FC71DDFE0C900576151 /* ForumUserThreadTableViewController.m */ = {isa = PBXFileReference; fileEncoding = 4; lastKnownFileType = sourcecode.c.objc; path = ForumUserThreadTableViewController.m; sourceTree = "<group>"; };
		3A2C3FC81DDFE0C900576151 /* ForumWebViewController.h */ = {isa = PBXFileReference; fileEncoding = 4; lastKnownFileType = sourcecode.c.h; path = ForumWebViewController.h; sourceTree = "<group>"; };
		3A2C3FC91DDFE0C900576151 /* ForumWebViewController.m */ = {isa = PBXFileReference; fileEncoding = 4; lastKnownFileType = sourcecode.c.objc; path = ForumWebViewController.m; sourceTree = "<group>"; };
		3A2C3FCC1DDFE0C900576151 /* ForumWritePMViewController.h */ = {isa = PBXFileReference; fileEncoding = 4; lastKnownFileType = sourcecode.c.h; path = ForumWritePMViewController.h; sourceTree = "<group>"; };
		3A2C3FCD1DDFE0C900576151 /* ForumWritePMViewController.m */ = {isa = PBXFileReference; fileEncoding = 4; lastKnownFileType = sourcecode.c.objc; path = ForumWritePMViewController.m; sourceTree = "<group>"; };
		3A2C3FED1DDFE10900576151 /* forum.xcdatamodel */ = {isa = PBXFileReference; lastKnownFileType = wrapper.xcdatamodel; path = forum.xcdatamodel; sourceTree = "<group>"; };
		3A2C3FEF1DDFE13500576151 /* LaunchScreen.storyboard */ = {isa = PBXFileReference; fileEncoding = 4; lastKnownFileType = file.storyboard; path = LaunchScreen.storyboard; sourceTree = "<group>"; };
		3A2C3FF01DDFE13500576151 /* Main.storyboard */ = {isa = PBXFileReference; fileEncoding = 4; lastKnownFileType = file.storyboard; path = Main.storyboard; sourceTree = "<group>"; };
		3A2C3FF41DDFE30300576151 /* TranBundleUITableViewController.h */ = {isa = PBXFileReference; fileEncoding = 4; lastKnownFileType = sourcecode.c.h; path = TranBundleUITableViewController.h; sourceTree = "<group>"; };
		3A2C3FF51DDFE30300576151 /* TranBundleUITableViewController.m */ = {isa = PBXFileReference; fileEncoding = 4; lastKnownFileType = sourcecode.c.objc; path = TranBundleUITableViewController.m; sourceTree = "<group>"; };
		3A2C3FF61DDFE30300576151 /* TransBundleUINavigationController.h */ = {isa = PBXFileReference; fileEncoding = 4; lastKnownFileType = sourcecode.c.h; path = TransBundleUINavigationController.h; sourceTree = "<group>"; };
		3A2C3FF71DDFE30300576151 /* TransBundleUINavigationController.m */ = {isa = PBXFileReference; fileEncoding = 4; lastKnownFileType = sourcecode.c.objc; path = TransBundleUINavigationController.m; sourceTree = "<group>"; };
		3A2C3FF81DDFE30300576151 /* TransBundle.h */ = {isa = PBXFileReference; fileEncoding = 4; lastKnownFileType = sourcecode.c.h; path = TransBundle.h; sourceTree = "<group>"; };
		3A2C3FF91DDFE30300576151 /* TransBundle.m */ = {isa = PBXFileReference; fileEncoding = 4; lastKnownFileType = sourcecode.c.objc; path = TransBundle.m; sourceTree = "<group>"; };
		3A2C3FFA1DDFE30300576151 /* TransBundleDelegate.h */ = {isa = PBXFileReference; fileEncoding = 4; lastKnownFileType = sourcecode.c.h; path = TransBundleDelegate.h; sourceTree = "<group>"; };
		3A2C3FFB1DDFE30300576151 /* TransBundleUIViewController.h */ = {isa = PBXFileReference; fileEncoding = 4; lastKnownFileType = sourcecode.c.h; path = TransBundleUIViewController.h; sourceTree = "<group>"; };
		3A2C3FFC1DDFE30300576151 /* TransBundleUIViewController.m */ = {isa = PBXFileReference; fileEncoding = 4; lastKnownFileType = sourcecode.c.objc; path = TransBundleUIViewController.m; sourceTree = "<group>"; };
		3A2C40041DDFE3AD00576151 /* TransValueUITableViewCell.h */ = {isa = PBXFileReference; fileEncoding = 4; lastKnownFileType = sourcecode.c.h; path = TransValueUITableViewCell.h; sourceTree = "<group>"; };
		3A2C40051DDFE3AD00576151 /* TransValueUITableViewCell.m */ = {isa = PBXFileReference; fileEncoding = 4; lastKnownFileType = sourcecode.c.objc; path = TransValueUITableViewCell.m; sourceTree = "<group>"; };
		3A2C40091DE0015C00576151 /* main.m */ = {isa = PBXFileReference; fileEncoding = 4; lastKnownFileType = sourcecode.c.objc; path = main.m; sourceTree = "<group>"; };
		3A2C40251DE0A3DD00576151 /* UserEntry+CoreDataClass.h */ = {isa = PBXFileReference; fileEncoding = 4; lastKnownFileType = sourcecode.c.h; path = "UserEntry+CoreDataClass.h"; sourceTree = "<group>"; };
		3A2C40261DE0A3DD00576151 /* UserEntry+CoreDataClass.m */ = {isa = PBXFileReference; fileEncoding = 4; lastKnownFileType = sourcecode.c.objc; path = "UserEntry+CoreDataClass.m"; sourceTree = "<group>"; };
		3A2C40271DE0A3DD00576151 /* UserEntry+CoreDataProperties.h */ = {isa = PBXFileReference; fileEncoding = 4; lastKnownFileType = sourcecode.c.h; path = "UserEntry+CoreDataProperties.h"; sourceTree = "<group>"; };
		3A2C40281DE0A3DD00576151 /* UserEntry+CoreDataProperties.m */ = {isa = PBXFileReference; fileEncoding = 4; lastKnownFileType = sourcecode.c.objc; path = "UserEntry+CoreDataProperties.m"; sourceTree = "<group>"; };
		3A2C40291DE0A3DD00576151 /* ForumEntry+CoreDataClass.h */ = {isa = PBXFileReference; fileEncoding = 4; lastKnownFileType = sourcecode.c.h; path = "ForumEntry+CoreDataClass.h"; sourceTree = "<group>"; };
		3A2C402A1DE0A3DD00576151 /* ForumEntry+CoreDataClass.m */ = {isa = PBXFileReference; fileEncoding = 4; lastKnownFileType = sourcecode.c.objc; path = "ForumEntry+CoreDataClass.m"; sourceTree = "<group>"; };
		3A2C402B1DE0A3DD00576151 /* ForumEntry+CoreDataProperties.h */ = {isa = PBXFileReference; fileEncoding = 4; lastKnownFileType = sourcecode.c.h; path = "ForumEntry+CoreDataProperties.h"; sourceTree = "<group>"; };
		3A2C402C1DE0A3DD00576151 /* ForumEntry+CoreDataProperties.m */ = {isa = PBXFileReference; fileEncoding = 4; lastKnownFileType = sourcecode.c.objc; path = "ForumEntry+CoreDataProperties.m"; sourceTree = "<group>"; };
		3AA397381DABB6FF00F74E32 /* iOSDeviceName.framework */ = {isa = PBXFileReference; lastKnownFileType = wrapper.framework; path = iOSDeviceName.framework; sourceTree = "<group>"; };
		3ACFFD281CF9D6BF000312DC /* HPURLCache.h */ = {isa = PBXFileReference; fileEncoding = 4; lastKnownFileType = sourcecode.c.h; path = HPURLCache.h; sourceTree = "<group>"; };
		3ACFFD291CF9D6BF000312DC /* HPURLCache.m */ = {isa = PBXFileReference; fileEncoding = 4; lastKnownFileType = sourcecode.c.objc; path = HPURLCache.m; sourceTree = "<group>"; };
		3ACFFD2A1CF9D6BF000312DC /* SDImageCache+URLCache.h */ = {isa = PBXFileReference; fileEncoding = 4; lastKnownFileType = sourcecode.c.h; path = "SDImageCache+URLCache.h"; sourceTree = "<group>"; };
		3ACFFD2B1CF9D6BF000312DC /* SDImageCache+URLCache.m */ = {isa = PBXFileReference; fileEncoding = 4; lastKnownFileType = sourcecode.c.objc; path = "SDImageCache+URLCache.m"; sourceTree = "<group>"; };
		3ACFFD2E1CF9DD3C000312DC /* HPURLProtocol.h */ = {isa = PBXFileReference; fileEncoding = 4; lastKnownFileType = sourcecode.c.h; path = HPURLProtocol.h; sourceTree = "<group>"; };
		3ACFFD2F1CF9DD3C000312DC /* HPURLProtocol.m */ = {isa = PBXFileReference; fileEncoding = 4; lastKnownFileType = sourcecode.c.objc; path = HPURLProtocol.m; sourceTree = "<group>"; };
		3ACFFD321CFA641F000312DC /* NYTExamplePhoto.h */ = {isa = PBXFileReference; fileEncoding = 4; lastKnownFileType = sourcecode.c.h; path = NYTExamplePhoto.h; sourceTree = "<group>"; };
		3ACFFD331CFA641F000312DC /* NYTExamplePhoto.m */ = {isa = PBXFileReference; fileEncoding = 4; lastKnownFileType = sourcecode.c.objc; path = NYTExamplePhoto.m; sourceTree = "<group>"; };
		3AE854B61DF2B0B3000F62E9 /* defaultAvatar.gif */ = {isa = PBXFileReference; lastKnownFileType = image.gif; path = defaultAvatar.gif; sourceTree = "<group>"; };
		3AF8878C1DA155D20083A8D5 /* ForumHtmlParser.h */ = {isa = PBXFileReference; fileEncoding = 4; lastKnownFileType = sourcecode.c.h; path = ForumHtmlParser.h; sourceTree = SOURCE_ROOT; };
		3AF8878D1DA155D20083A8D5 /* ForumHtmlParser.m */ = {isa = PBXFileReference; fileEncoding = 4; lastKnownFileType = sourcecode.c.objc; path = ForumHtmlParser.m; sourceTree = SOURCE_ROOT; };
		3AF887951DA16D2C0083A8D5 /* ForumBrowser.h */ = {isa = PBXFileReference; fileEncoding = 4; lastKnownFileType = sourcecode.c.h; path = ForumBrowser.h; sourceTree = SOURCE_ROOT; };
		3AF887961DA16D2C0083A8D5 /* ForumBrowser.m */ = {isa = PBXFileReference; fileEncoding = 4; lastKnownFileType = sourcecode.c.objc; path = ForumBrowser.m; sourceTree = SOURCE_ROOT; };
		4D0D87231DE40C7900DA9034 /* ForumNavigationViewController.h */ = {isa = PBXFileReference; fileEncoding = 4; lastKnownFileType = sourcecode.c.h; path = ForumNavigationViewController.h; sourceTree = "<group>"; };
		4D0D87241DE40C7900DA9034 /* ForumNavigationViewController.m */ = {isa = PBXFileReference; fileEncoding = 4; lastKnownFileType = sourcecode.c.objc; path = ForumNavigationViewController.m; sourceTree = "<group>"; };
		4D339D8B1C31454A0022A6A4 /* Forum.app */ = {isa = PBXFileReference; explicitFileType = wrapper.application; includeInIndex = 0; path = Forum.app; sourceTree = BUILT_PRODUCTS_DIR; };
		4DEB34C21C47BBE400063CBB /* AssetsLibrary.framework */ = {isa = PBXFileReference; lastKnownFileType = wrapper.framework; name = AssetsLibrary.framework; path = System/Library/Frameworks/AssetsLibrary.framework; sourceTree = SDKROOT; };
		4DF736FA1DDECC5000BF1896 /* ForumEngine.h */ = {isa = PBXFileReference; lastKnownFileType = sourcecode.c.h; path = ForumEngine.h; sourceTree = "<group>"; };
		4DF736FB1DDECC5000BF1896 /* ForumParser.h */ = {isa = PBXFileReference; lastKnownFileType = sourcecode.c.h; path = ForumParser.h; sourceTree = "<group>"; };
		4DF736FC1DDECC5000BF1896 /* vBulletinForumEngine.h */ = {isa = PBXFileReference; lastKnownFileType = sourcecode.c.h; path = vBulletinForumEngine.h; sourceTree = "<group>"; };
		4DF737011DDECC8500BF1896 /* ThreadInSearch.h */ = {isa = PBXFileReference; fileEncoding = 4; lastKnownFileType = sourcecode.c.h; path = ThreadInSearch.h; sourceTree = "<group>"; };
		4DF737021DDECC8500BF1896 /* ThreadInSearch.m */ = {isa = PBXFileReference; fileEncoding = 4; lastKnownFileType = sourcecode.c.objc; path = ThreadInSearch.m; sourceTree = "<group>"; };
		4DF737031DDECC8500BF1896 /* ViewSearchForumPage.h */ = {isa = PBXFileReference; fileEncoding = 4; lastKnownFileType = sourcecode.c.h; path = ViewSearchForumPage.h; sourceTree = "<group>"; };
		4DF737041DDECC8500BF1896 /* ViewSearchForumPage.m */ = {isa = PBXFileReference; fileEncoding = 4; lastKnownFileType = sourcecode.c.objc; path = ViewSearchForumPage.m; sourceTree = "<group>"; };
		4DF737071DDECC8D00BF1896 /* Post.h */ = {isa = PBXFileReference; fileEncoding = 4; lastKnownFileType = sourcecode.c.h; path = Post.h; sourceTree = "<group>"; };
		4DF737081DDECC8D00BF1896 /* Post.m */ = {isa = PBXFileReference; fileEncoding = 4; lastKnownFileType = sourcecode.c.objc; path = Post.m; sourceTree = "<group>"; };
		4DF737091DDECC8D00BF1896 /* User.h */ = {isa = PBXFileReference; fileEncoding = 4; lastKnownFileType = sourcecode.c.h; path = User.h; sourceTree = "<group>"; };
		4DF7370A1DDECC8D00BF1896 /* User.m */ = {isa = PBXFileReference; fileEncoding = 4; lastKnownFileType = sourcecode.c.objc; path = User.m; sourceTree = "<group>"; };
		4DF7370B1DDECC8D00BF1896 /* Forum.h */ = {isa = PBXFileReference; fileEncoding = 4; lastKnownFileType = sourcecode.c.h; path = Forum.h; sourceTree = "<group>"; };
		4DF7370C1DDECC8D00BF1896 /* Forum.m */ = {isa = PBXFileReference; fileEncoding = 4; lastKnownFileType = sourcecode.c.objc; path = Forum.m; sourceTree = "<group>"; };
		4DF7370D1DDECC8D00BF1896 /* Thread.h */ = {isa = PBXFileReference; fileEncoding = 4; lastKnownFileType = sourcecode.c.h; path = Thread.h; sourceTree = "<group>"; };
		4DF7370E1DDECC8D00BF1896 /* Thread.m */ = {isa = PBXFileReference; fileEncoding = 4; lastKnownFileType = sourcecode.c.objc; path = Thread.m; sourceTree = "<group>"; };
		4DF7370F1DDECC8D00BF1896 /* UserProfile.h */ = {isa = PBXFileReference; fileEncoding = 4; lastKnownFileType = sourcecode.c.h; path = UserProfile.h; sourceTree = "<group>"; };
		4DF737101DDECC8D00BF1896 /* UserProfile.m */ = {isa = PBXFileReference; fileEncoding = 4; lastKnownFileType = sourcecode.c.objc; path = UserProfile.m; sourceTree = "<group>"; };
		4DF737111DDECC8D00BF1896 /* SimpleThread.h */ = {isa = PBXFileReference; fileEncoding = 4; lastKnownFileType = sourcecode.c.h; path = SimpleThread.h; sourceTree = "<group>"; };
		4DF737121DDECC8D00BF1896 /* SimpleThread.m */ = {isa = PBXFileReference; fileEncoding = 4; lastKnownFileType = sourcecode.c.objc; path = SimpleThread.m; sourceTree = "<group>"; };
		4DF737131DDECC8D00BF1896 /* NormalThread.h */ = {isa = PBXFileReference; fileEncoding = 4; lastKnownFileType = sourcecode.c.h; path = NormalThread.h; sourceTree = "<group>"; };
		4DF737141DDECC8D00BF1896 /* NormalThread.m */ = {isa = PBXFileReference; fileEncoding = 4; lastKnownFileType = sourcecode.c.objc; path = NormalThread.m; sourceTree = "<group>"; };
		4DF737151DDECC8D00BF1896 /* ViewThreadPage.h */ = {isa = PBXFileReference; fileEncoding = 4; lastKnownFileType = sourcecode.c.h; path = ViewThreadPage.h; sourceTree = "<group>"; };
		4DF737161DDECC8D00BF1896 /* ViewThreadPage.m */ = {isa = PBXFileReference; fileEncoding = 4; lastKnownFileType = sourcecode.c.objc; path = ViewThreadPage.m; sourceTree = "<group>"; };
		4DF737171DDECC8D00BF1896 /* ViewForumPage.h */ = {isa = PBXFileReference; fileEncoding = 4; lastKnownFileType = sourcecode.c.h; path = ViewForumPage.h; sourceTree = "<group>"; };
		4DF737181DDECC8D00BF1896 /* ViewForumPage.m */ = {isa = PBXFileReference; fileEncoding = 4; lastKnownFileType = sourcecode.c.objc; path = ViewForumPage.m; sourceTree = "<group>"; };
		4DF737221DDECC9600BF1896 /* Message.h */ = {isa = PBXFileReference; fileEncoding = 4; lastKnownFileType = sourcecode.c.h; path = Message.h; sourceTree = "<group>"; };
		4DF737231DDECC9600BF1896 /* Message.m */ = {isa = PBXFileReference; fileEncoding = 4; lastKnownFileType = sourcecode.c.objc; path = Message.m; sourceTree = "<group>"; };
		4DF737241DDECC9600BF1896 /* ViewMessagePage.h */ = {isa = PBXFileReference; fileEncoding = 4; lastKnownFileType = sourcecode.c.h; path = ViewMessagePage.h; sourceTree = "<group>"; };
		4DF737251DDECC9600BF1896 /* ViewMessagePage.m */ = {isa = PBXFileReference; fileEncoding = 4; lastKnownFileType = sourcecode.c.objc; path = ViewMessagePage.m; sourceTree = "<group>"; };
		4DF737281DDECCA200BF1896 /* LoginUser.h */ = {isa = PBXFileReference; fileEncoding = 4; lastKnownFileType = sourcecode.c.h; path = LoginUser.h; sourceTree = "<group>"; };
		4DF737291DDECCA200BF1896 /* LoginUser.m */ = {isa = PBXFileReference; fileEncoding = 4; lastKnownFileType = sourcecode.c.objc; path = LoginUser.m; sourceTree = "<group>"; };
		C7B590FF019B54B2E6BDDE91 /* NSData+UTF8.m */ = {isa = PBXFileReference; fileEncoding = 4; lastKnownFileType = sourcecode.c.objc; path = "NSData+UTF8.m"; sourceTree = "<group>"; };
		C7B59A3EE329F70B4CDE26BE /* NSData+UTF8.h */ = {isa = PBXFileReference; fileEncoding = 4; lastKnownFileType = sourcecode.c.h; path = "NSData+UTF8.h"; sourceTree = "<group>"; };
		DC2C41C75F27D6D0DA04D195 /* Pods-Forum.release.xcconfig */ = {isa = PBXFileReference; includeInIndex = 1; lastKnownFileType = text.xcconfig; name = "Pods-Forum.release.xcconfig"; path = "Pods/Target Support Files/Pods-Forum/Pods-Forum.release.xcconfig"; sourceTree = "<group>"; };
		EA91F0D805959E8525B7BE0D /* libPods-Forum.a */ = {isa = PBXFileReference; explicitFileType = archive.ar; includeInIndex = 0; path = "libPods-Forum.a"; sourceTree = BUILT_PRODUCTS_DIR; };
		F9DDCAE3994600C1B70E3DBC /* Pods-Forum.debug.xcconfig */ = {isa = PBXFileReference; includeInIndex = 1; lastKnownFileType = text.xcconfig; name = "Pods-Forum.debug.xcconfig"; path = "Pods/Target Support Files/Pods-Forum/Pods-Forum.debug.xcconfig"; sourceTree = "<group>"; };
/* End PBXFileReference section */

/* Begin PBXFrameworksBuildPhase section */
		4D339D881C31454A0022A6A4 /* Frameworks */ = {
			isa = PBXFrameworksBuildPhase;
			buildActionMask = 2147483647;
			files = (
				3AA397391DABB6FF00F74E32 /* iOSDeviceName.framework in Frameworks */,
				4DEB34C31C47BBE400063CBB /* AssetsLibrary.framework in Frameworks */,
				757C88B17FCB5AFBB7C0CA0B /* libPods-Forum.a in Frameworks */,
			);
			runOnlyForDeploymentPostprocessing = 0;
		};
/* End PBXFrameworksBuildPhase section */

/* Begin PBXGroup section */
		3A2C3FF31DDFE23D00576151 /* TransBundle */ = {
			isa = PBXGroup;
			children = (
				3A2C3FF41DDFE30300576151 /* TranBundleUITableViewController.h */,
				3A2C3FF51DDFE30300576151 /* TranBundleUITableViewController.m */,
				3A2C3FF61DDFE30300576151 /* TransBundleUINavigationController.h */,
				3A2C3FF71DDFE30300576151 /* TransBundleUINavigationController.m */,
				3A2C3FF81DDFE30300576151 /* TransBundle.h */,
				3A2C3FF91DDFE30300576151 /* TransBundle.m */,
				3A2C3FFA1DDFE30300576151 /* TransBundleDelegate.h */,
				3A2C3FFB1DDFE30300576151 /* TransBundleUIViewController.h */,
				3A2C3FFC1DDFE30300576151 /* TransBundleUIViewController.m */,
				3A2C40041DDFE3AD00576151 /* TransValueUITableViewCell.h */,
				3A2C40051DDFE3AD00576151 /* TransValueUITableViewCell.m */,
			);
			name = TransBundle;
			sourceTree = "<group>";
		};
		3A2C400B1DE001B800576151 /* ForumCoreData */ = {
			isa = PBXGroup;
			children = (
				3A2C40251DE0A3DD00576151 /* UserEntry+CoreDataClass.h */,
				3A2C40261DE0A3DD00576151 /* UserEntry+CoreDataClass.m */,
				3A2C40271DE0A3DD00576151 /* UserEntry+CoreDataProperties.h */,
				3A2C40281DE0A3DD00576151 /* UserEntry+CoreDataProperties.m */,
				3A2C40291DE0A3DD00576151 /* ForumEntry+CoreDataClass.h */,
				3A2C402A1DE0A3DD00576151 /* ForumEntry+CoreDataClass.m */,
				3A2C402B1DE0A3DD00576151 /* ForumEntry+CoreDataProperties.h */,
				3A2C402C1DE0A3DD00576151 /* ForumEntry+CoreDataProperties.m */,
				3A2C3F351DDFBD2700576151 /* ForumCoreDataManager.h */,
				3A2C3F361DDFBD2700576151 /* ForumCoreDataManager.m */,
				3A2C3FEC1DDFE10900576151 /* forum.xcdatamodeld */,
				3A2C3F2C1DDFBCE800576151 /* CoreDataManager.h */,
				3A2C3F2D1DDFBCE800576151 /* CoreDataManager.m */,
			);
			name = ForumCoreData;
			sourceTree = "<group>";
		};
		3A2C400C1DE001F100576151 /* SupportFiles */ = {
			isa = PBXGroup;
			children = (
				3AE854B61DF2B0B3000F62E9 /* defaultAvatar.gif */,
				3A2C40091DE0015C00576151 /* main.m */,
				3A2C3F0D1DDFB8D300576151 /* paperclip.gif */,
			);
			name = SupportFiles;
			sourceTree = "<group>";
		};
		3A2C400D1DE0021200576151 /* Views */ = {
			isa = PBXGroup;
			children = (
				3A2C3F531DDFBFC500576151 /* ForumListHeaderView.h */,
				3A2C3F541DDFBFC500576151 /* ForumListHeaderView.m */,
				3A2C3F551DDFBFC500576151 /* ForumListHeaderView.xib */,
				3A2C3F561DDFBFC500576151 /* PageHeaderView.h */,
				3A2C3F571DDFBFC500576151 /* PageHeaderView.m */,
				3A2C3F581DDFBFC500576151 /* PageHeaderView.xib */,
				3A2C3F591DDFBFC500576151 /* XibInflater.h */,
				3A2C3F5A1DDFBFC500576151 /* XibInflater.m */,
				3A2C3F601DDFC03400576151 /* AutoRelayoutUITextView.h */,
				3A2C3F611DDFC03400576151 /* AutoRelayoutUITextView.m */,
				3A2C3F621DDFC03400576151 /* CommonUtils.h */,
				3A2C3F631DDFC03400576151 /* CommonUtils.m */,
				3A2C3F641DDFC03400576151 /* LeftDrawerItem.h */,
				3A2C3F651DDFC03400576151 /* LeftDrawerItem.m */,
				3A2C3F661DDFC03400576151 /* UIAutoResizeTextView.h */,
				3A2C3F671DDFC03400576151 /* UIAutoResizeTextView.m */,
			);
			name = Views;
			sourceTree = "<group>";
		};
		3A2C400E1DE0024000576151 /* Cells */ = {
			isa = PBXGroup;
			children = (
				3A2C3F381DDFBF3900576151 /* BaseFourmTableViewCell.h */,
				3A2C3F391DDFBF3900576151 /* BaseFourmTableViewCell.m */,
				3A2C3F3B1DDFBF5900576151 /* ForumProfileTableViewCell.h */,
				3A2C3F3C1DDFBF5900576151 /* ForumProfileTableViewCell.m */,
				3A2C3F3D1DDFBF5900576151 /* ForumSearchResultCell.h */,
				3A2C3F3E1DDFBF5900576151 /* ForumSearchResultCell.m */,
				3A2C3F3F1DDFBF5900576151 /* ForumSimpleThreadTableViewCell.h */,
				3A2C3F401DDFBF5900576151 /* ForumSimpleThreadTableViewCell.m */,
				3A2C3F411DDFBF5900576151 /* ForumThreadListCell.h */,
				3A2C3F421DDFBF5900576151 /* ForumThreadListCell.m */,
				3A2C3F431DDFBF5900576151 /* MGSwipeTableCellWithIndexPath.h */,
				3A2C3F441DDFBF5900576151 /* MGSwipeTableCellWithIndexPath.m */,
				3A2C3F451DDFBF5900576151 /* PrivateMessageTableViewCell.h */,
				3A2C3F461DDFBF5900576151 /* PrivateMessageTableViewCell.m */,
				3A2C3F471DDFBF5900576151 /* SelectPhotoCollectionViewCell.h */,
				3A2C3F481DDFBF5900576151 /* SelectPhotoCollectionViewCell.m */,
			);
			name = Cells;
			sourceTree = "<group>";
		};
		3A2C400F1DE0026400576151 /* ForumControllers */ = {
			isa = PBXGroup;
			children = (
				4D0D87231DE40C7900DA9034 /* ForumNavigationViewController.h */,
				4D0D87241DE40C7900DA9034 /* ForumNavigationViewController.m */,
				3A2C3F931DDFE0C900576151 /* ForumApiBaseTableViewController.h */,
				3A2C3F941DDFE0C900576151 /* ForumApiBaseTableViewController.m */,
				3A2C3F951DDFE0C900576151 /* ForumApiBaseViewController.h */,
				3A2C3F961DDFE0C900576151 /* ForumApiBaseViewController.m */,
				3A2C3F971DDFE0C900576151 /* ForumBaseStaticTableViewController.h */,
				3A2C3F981DDFE0C900576151 /* ForumBaseStaticTableViewController.m */,
				3A2C3F991DDFE0C900576151 /* ForumFavFormController.h */,
				3A2C3F9A1DDFE0C900576151 /* ForumFavFormController.m */,
				3A2C3F9B1DDFE0C900576151 /* ForumFavThreadPostTableViewController.h */,
				3A2C3F9C1DDFE0C900576151 /* ForumFavThreadPostTableViewController.m */,
				3A2C3F9D1DDFE0C900576151 /* ForumLoginViewController.h */,
				3A2C3F9E1DDFE0C900576151 /* ForumLoginViewController.m */,
				3A2C3F9F1DDFE0C900576151 /* ForumLoginViewController.xib */,
				3A2C3FA01DDFE0C900576151 /* ForumMyProfileTableViewController.h */,
				3A2C3FA11DDFE0C900576151 /* ForumMyProfileTableViewController.m */,
				3A2C3FA21DDFE0C900576151 /* ForumMyThreadPostTableViewController.h */,
				3A2C3FA31DDFE0C900576151 /* ForumMyThreadPostTableViewController.m */,
				3A2C3FA41DDFE0C900576151 /* ForumMyThreadTableViewController.h */,
				3A2C3FA51DDFE0C900576151 /* ForumMyThreadTableViewController.m */,
				3A2C3FA81DDFE0C900576151 /* ForumCreateNewThreadViewController.h */,
				3A2C3FA91DDFE0C900576151 /* ForumCreateNewThreadViewController.m */,
				3A2C3FAA1DDFE0C900576151 /* ForumPrivateMessageTableViewController.h */,
				3A2C3FAB1DDFE0C900576151 /* ForumPrivateMessageTableViewController.m */,
				3A2C3FAE1DDFE0C900576151 /* ForumReportViewController.h */,
				3A2C3FAF1DDFE0C900576151 /* ForumReportViewController.m */,
				3A2C3FB01DDFE0C900576151 /* ForumSearchViewController.h */,
				3A2C3FB11DDFE0C900576151 /* ForumSearchViewController.m */,
				3A2C3FB21DDFE0C900576151 /* ForumSeniorNewPostViewController.h */,
				3A2C3FB31DDFE0C900576151 /* ForumSeniorNewPostViewController.m */,
				3A2C3FB41DDFE0C900576151 /* ForumSettingTableViewController.h */,
				3A2C3FB51DDFE0C900576151 /* ForumSettingTableViewController.m */,
				3A2C3FB61DDFE0C900576151 /* ForumShowNewThreadPostTableViewController.h */,
				3A2C3FB71DDFE0C900576151 /* ForumShowNewThreadPostTableViewController.m */,
				3A2C3FB81DDFE0C900576151 /* ForumShowPrivateMessageViewController.h */,
				3A2C3FB91DDFE0C900576151 /* ForumShowPrivateMessageViewController.m */,
				3A2C3FBA1DDFE0C900576151 /* ForumSimpleReplyViewController.h */,
				3A2C3FBB1DDFE0C900576151 /* ForumSimpleReplyViewController.m */,
				3A2C3FBC1DDFE0C900576151 /* ForumTabBarController.h */,
				3A2C3FBD1DDFE0C900576151 /* ForumTabBarController.m */,
				3A2C3FBE1DDFE0C900576151 /* ForumTableViewController.h */,
				3A2C3FBF1DDFE0C900576151 /* ForumTableViewController.m */,
				3A2C3FC01DDFE0C900576151 /* ForumThreadListForChildFormUITableViewController.h */,
				3A2C3FC11DDFE0C900576151 /* ForumThreadListForChildFormUITableViewController.m */,
				3A2C3FC21DDFE0C900576151 /* ForumThreadListTableViewController.h */,
				3A2C3FC31DDFE0C900576151 /* ForumThreadListTableViewController.m */,
				3A2C3FC41DDFE0C900576151 /* ForumUserProfileTableViewController.h */,
				3A2C3FC51DDFE0C900576151 /* ForumUserProfileTableViewController.m */,
				3A2C3FC61DDFE0C900576151 /* ForumUserThreadTableViewController.h */,
				3A2C3FC71DDFE0C900576151 /* ForumUserThreadTableViewController.m */,
				3A2C3FC81DDFE0C900576151 /* ForumWebViewController.h */,
				3A2C3FC91DDFE0C900576151 /* ForumWebViewController.m */,
				3A2C3FCC1DDFE0C900576151 /* ForumWritePMViewController.h */,
				3A2C3FCD1DDFE0C900576151 /* ForumWritePMViewController.m */,
			);
			name = ForumControllers;
			sourceTree = "<group>";
		};
		3A2C40101DE0029D00576151 /* Extension */ = {
			isa = PBXGroup;
			children = (
				3A2C3F811DDFDF9200576151 /* AFHTTPSessionManager+SimpleAction.h */,
				3A2C3F821DDFDF9200576151 /* AFHTTPSessionManager+SimpleAction.m */,
				3A2C3F831DDFDF9200576151 /* IGHTMLDocument+QueryNode.h */,
				3A2C3F841DDFDF9200576151 /* IGHTMLDocument+QueryNode.m */,
				3A2C3F851DDFDF9200576151 /* IGXMLNode+Children.h */,
				3A2C3F861DDFDF9200576151 /* IGXMLNode+Children.m */,
				3A2C3F6C1DDFC0CD00576151 /* NSString+Extensions.h */,
				3A2C3F6D1DDFC0CD00576151 /* NSString+Extensions.m */,
				3A2C3F6E1DDFC0CD00576151 /* NSUserDefaults+Extensions.h */,
				3A2C3F6F1DDFC0CD00576151 /* NSUserDefaults+Extensions.m */,
				3A2C3F701DDFC0CD00576151 /* NSUserDefaults+Setting.h */,
				3A2C3F711DDFC0CD00576151 /* NSUserDefaults+Setting.m */,
				3A2C3F721DDFC0CD00576151 /* UIColor+MyColor.h */,
				3A2C3F731DDFC0CD00576151 /* UIColor+MyColor.m */,
				3A2C3F741DDFC0CD00576151 /* UIImage+Tint.h */,
				3A2C3F751DDFC0CD00576151 /* UIImage+Tint.m */,
				3A2C3F761DDFC0CD00576151 /* UIStoryboard+Forum.h */,
				3A2C3F771DDFC0CD00576151 /* UIStoryboard+Forum.m */,
				3A2C3F781DDFC0CD00576151 /* UIView+Corner.h */,
				3A2C3F791DDFC0CD00576151 /* UIView+Corner.m */,
				C7B590FF019B54B2E6BDDE91 /* NSData+UTF8.m */,
				C7B59A3EE329F70B4CDE26BE /* NSData+UTF8.h */,
			);
			name = Extension;
			sourceTree = "<group>";
		};
		3A2C40111DE0423500576151 /* ApiTest */ = {
			isa = PBXGroup;
			children = (
				3A2C3F8A1DDFDFC000576151 /* ApiTestViewController.h */,
				3A2C3F8B1DDFDFC000576151 /* ApiTestViewController.m */,
				3A2C3F8C1DDFDFC000576151 /* ApiTestViewController.xib */,
			);
			name = ApiTest;
			sourceTree = "<group>";
		};
		3A2C40121DE0439500576151 /* Custom */ = {
			isa = PBXGroup;
			children = (
				3A2C3F241DDFBB3900576151 /* ForumConfig.h */,
				3AF887951DA16D2C0083A8D5 /* ForumBrowser.h */,
				3AF887961DA16D2C0083A8D5 /* ForumBrowser.m */,
				3AF8878C1DA155D20083A8D5 /* ForumHtmlParser.h */,
				3AF8878D1DA155D20083A8D5 /* ForumHtmlParser.m */,
			);
			name = Custom;
			sourceTree = "<group>";
		};
		3A37ED921D85C72E003CDC58 /* Templet */ = {
			isa = PBXGroup;
			children = (
				3A2C3F201DDFBADA00576151 /* private_message.html */,
				3A2C3F1A1DDFBAD000576151 /* post_message.html */,
				3A2C3F1B1DDFBAD000576151 /* post_view_notitle.html */,
				3A2C3F1C1DDFBAD000576151 /* post_view.html */,
				3A2C3F181DDFBABD00576151 /* append_post.js */,
				3A2C3F161DDFBAB200576151 /* append_post_content.html */,
			);
			name = Templet;
			sourceTree = "<group>";
		};
		3ACFFD271CF9D6B1000312DC /* NetWork */ = {
			isa = PBXGroup;
			children = (
				3ACFFD281CF9D6BF000312DC /* HPURLCache.h */,
				3ACFFD291CF9D6BF000312DC /* HPURLCache.m */,
				3ACFFD2E1CF9DD3C000312DC /* HPURLProtocol.h */,
				3ACFFD2F1CF9DD3C000312DC /* HPURLProtocol.m */,
				3ACFFD2A1CF9D6BF000312DC /* SDImageCache+URLCache.h */,
				3ACFFD2B1CF9D6BF000312DC /* SDImageCache+URLCache.m */,
			);
			name = NetWork;
			sourceTree = "<group>";
		};
		3ACFFD311CFA640B000312DC /* PhotoView */ = {
			isa = PBXGroup;
			children = (
				3ACFFD321CFA641F000312DC /* NYTExamplePhoto.h */,
				3ACFFD331CFA641F000312DC /* NYTExamplePhoto.m */,
			);
			name = PhotoView;
			sourceTree = "<group>";
		};
		4D339D821C31454A0022A6A4 = {
			isa = PBXGroup;
			children = (
				3A2C40121DE0439500576151 /* Custom */,
				3A2C40111DE0423500576151 /* ApiTest */,
				3A2C40101DE0029D00576151 /* Extension */,
				3A2C400F1DE0026400576151 /* ForumControllers */,
				3A2C400E1DE0024000576151 /* Cells */,
				3A2C400D1DE0021200576151 /* Views */,
				3A2C400C1DE001F100576151 /* SupportFiles */,
				3A2C400B1DE001B800576151 /* ForumCoreData */,
				3A2C3FF31DDFE23D00576151 /* TransBundle */,
				4DF736F91DDECC3700BF1896 /* Engine */,
				3A37ED921D85C72E003CDC58 /* Templet */,
				3ACFFD311CFA640B000312DC /* PhotoView */,
				3ACFFD271CF9D6B1000312DC /* NetWork */,
				3A2C3F8F1DDFDFEF00576151 /* Forum.pch */,
				3A2C3F131DDFB94200576151 /* AppDelegate.h */,
				3A2C3F141DDFB94200576151 /* AppDelegate.m */,
				3A2C3FEF1DDFE13500576151 /* LaunchScreen.storyboard */,
				3A2C3FF01DDFE13500576151 /* Main.storyboard */,
				3A2C3F0B1DDFB88400576151 /* Assets.xcassets */,
				3A2C3F111DDFB91F00576151 /* Info.plist */,
				4D339D8C1C31454A0022A6A4 /* Products */,
				849509D36740A6FFD960CDA8 /* Pods */,
				CC5E7A99B69535660B7F40C0 /* Frameworks */,
			);
			sourceTree = "<group>";
		};
		4D339D8C1C31454A0022A6A4 /* Products */ = {
			isa = PBXGroup;
			children = (
				4D339D8B1C31454A0022A6A4 /* Forum.app */,
			);
			name = Products;
			sourceTree = "<group>";
		};
		4DF736F91DDECC3700BF1896 /* Engine */ = {
			isa = PBXGroup;
			children = (
				4DF736FA1DDECC5000BF1896 /* ForumEngine.h */,
				4DF736FB1DDECC5000BF1896 /* ForumParser.h */,
				4DF736FC1DDECC5000BF1896 /* vBulletinForumEngine.h */,
				4DF736FD1DDECC5900BF1896 /* Model */,
			);
			name = Engine;
			sourceTree = "<group>";
		};
		4DF736FD1DDECC5900BF1896 /* Model */ = {
			isa = PBXGroup;
			children = (
				4DF737281DDECCA200BF1896 /* LoginUser.h */,
				4DF737291DDECCA200BF1896 /* LoginUser.m */,
				4DF737001DDECC7400BF1896 /* PrivateMessage */,
				4DF736FF1DDECC6C00BF1896 /* Thread */,
				4DF736FE1DDECC6500BF1896 /* Search */,
			);
			name = Model;
			sourceTree = "<group>";
		};
		4DF736FE1DDECC6500BF1896 /* Search */ = {
			isa = PBXGroup;
			children = (
				4DF737011DDECC8500BF1896 /* ThreadInSearch.h */,
				4DF737021DDECC8500BF1896 /* ThreadInSearch.m */,
				4DF737031DDECC8500BF1896 /* ViewSearchForumPage.h */,
				4DF737041DDECC8500BF1896 /* ViewSearchForumPage.m */,
			);
			name = Search;
			sourceTree = "<group>";
		};
		4DF736FF1DDECC6C00BF1896 /* Thread */ = {
			isa = PBXGroup;
			children = (
				4DF737071DDECC8D00BF1896 /* Post.h */,
				4DF737081DDECC8D00BF1896 /* Post.m */,
				4DF737091DDECC8D00BF1896 /* User.h */,
				4DF7370A1DDECC8D00BF1896 /* User.m */,
				4DF7370B1DDECC8D00BF1896 /* Forum.h */,
				4DF7370C1DDECC8D00BF1896 /* Forum.m */,
				4DF7370D1DDECC8D00BF1896 /* Thread.h */,
				4DF7370E1DDECC8D00BF1896 /* Thread.m */,
				4DF7370F1DDECC8D00BF1896 /* UserProfile.h */,
				4DF737101DDECC8D00BF1896 /* UserProfile.m */,
				4DF737111DDECC8D00BF1896 /* SimpleThread.h */,
				4DF737121DDECC8D00BF1896 /* SimpleThread.m */,
				4DF737131DDECC8D00BF1896 /* NormalThread.h */,
				4DF737141DDECC8D00BF1896 /* NormalThread.m */,
				4DF737151DDECC8D00BF1896 /* ViewThreadPage.h */,
				4DF737161DDECC8D00BF1896 /* ViewThreadPage.m */,
				4DF737171DDECC8D00BF1896 /* ViewForumPage.h */,
				4DF737181DDECC8D00BF1896 /* ViewForumPage.m */,
			);
			name = Thread;
			sourceTree = "<group>";
		};
		4DF737001DDECC7400BF1896 /* PrivateMessage */ = {
			isa = PBXGroup;
			children = (
				4DF737221DDECC9600BF1896 /* Message.h */,
				4DF737231DDECC9600BF1896 /* Message.m */,
				4DF737241DDECC9600BF1896 /* ViewMessagePage.h */,
				4DF737251DDECC9600BF1896 /* ViewMessagePage.m */,
			);
			name = PrivateMessage;
			sourceTree = "<group>";
		};
		849509D36740A6FFD960CDA8 /* Pods */ = {
			isa = PBXGroup;
			children = (
				F9DDCAE3994600C1B70E3DBC /* Pods-Forum.debug.xcconfig */,
				DC2C41C75F27D6D0DA04D195 /* Pods-Forum.release.xcconfig */,
			);
			name = Pods;
			sourceTree = "<group>";
		};
		CC5E7A99B69535660B7F40C0 /* Frameworks */ = {
			isa = PBXGroup;
			children = (
				3AA397381DABB6FF00F74E32 /* iOSDeviceName.framework */,
				4DEB34C21C47BBE400063CBB /* AssetsLibrary.framework */,
				EA91F0D805959E8525B7BE0D /* libPods-Forum.a */,
			);
			name = Frameworks;
			sourceTree = "<group>";
		};
/* End PBXGroup section */

/* Begin PBXNativeTarget section */
		4D339D8A1C31454A0022A6A4 /* Forum */ = {
			isa = PBXNativeTarget;
			buildConfigurationList = 4D339DA51C31454B0022A6A4 /* Build configuration list for PBXNativeTarget "Forum" */;
			buildPhases = (
				98749DBAA66B0ED95FEFB0A0 /* [CP] Check Pods Manifest.lock */,
				4D339D871C31454A0022A6A4 /* Sources */,
				4D339D881C31454A0022A6A4 /* Frameworks */,
				4D339D891C31454A0022A6A4 /* Resources */,
				A1C5A111E85F6A0A55D70608 /* [CP] Embed Pods Frameworks */,
				8E83BD880ACE4B8E047C76D4 /* [CP] Copy Pods Resources */,
			);
			buildRules = (
			);
			dependencies = (
			);
			name = Forum;
			productName = CCF;
			productReference = 4D339D8B1C31454A0022A6A4 /* Forum.app */;
			productType = "com.apple.product-type.application";
		};
/* End PBXNativeTarget section */

/* Begin PBXProject section */
		4D339D831C31454A0022A6A4 /* Project object */ = {
			isa = PBXProject;
			attributes = {
				LastUpgradeCheck = 0810;
				ORGANIZATIONNAME = andforce;
				TargetAttributes = {
					4D339D8A1C31454A0022A6A4 = {
						CreatedOnToolsVersion = 7.2;
						DevelopmentTeam = NRHHX365ZN;
						ProvisioningStyle = Automatic;
						SystemCapabilities = {
							com.apple.Push = {
								enabled = 0;
							};
						};
					};
				};
			};
			buildConfigurationList = 4D339D861C31454A0022A6A4 /* Build configuration list for PBXProject "Forum" */;
			compatibilityVersion = "Xcode 3.2";
			developmentRegion = English;
			hasScannedForEncodings = 0;
			knownRegions = (
				en,
				Base,
			);
			mainGroup = 4D339D821C31454A0022A6A4;
			productRefGroup = 4D339D8C1C31454A0022A6A4 /* Products */;
			projectDirPath = "";
			projectRoot = "";
			targets = (
				4D339D8A1C31454A0022A6A4 /* Forum */,
			);
		};
/* End PBXProject section */

/* Begin PBXResourcesBuildPhase section */
		4D339D891C31454A0022A6A4 /* Resources */ = {
			isa = PBXResourcesBuildPhase;
			buildActionMask = 2147483647;
			files = (
				3A2C3F211DDFBADA00576151 /* private_message.html in Resources */,
				3A2C3F5C1DDFBFC500576151 /* ForumListHeaderView.xib in Resources */,
				3A2C3F1F1DDFBAD000576151 /* post_view.html in Resources */,
				3A2C3F8E1DDFDFC000576151 /* ApiTestViewController.xib in Resources */,
				3A2C3F0E1DDFB8D300576151 /* paperclip.gif in Resources */,
				3A2C3F0C1DDFB88400576151 /* Assets.xcassets in Resources */,
				3A2C3FF21DDFE13500576151 /* Main.storyboard in Resources */,
				3A2C3F1E1DDFBAD000576151 /* post_view_notitle.html in Resources */,
				3A2C3F171DDFBAB200576151 /* append_post_content.html in Resources */,
				3A2C3F1D1DDFBAD000576151 /* post_message.html in Resources */,
				3A2C3F191DDFBABD00576151 /* append_post.js in Resources */,
				3A2C3FF11DDFE13500576151 /* LaunchScreen.storyboard in Resources */,
				3AE854B71DF2B0B3000F62E9 /* defaultAvatar.gif in Resources */,
				3A2C3F5E1DDFBFC500576151 /* PageHeaderView.xib in Resources */,
				3A2C3FD41DDFE0C900576151 /* ForumLoginViewController.xib in Resources */,
			);
			runOnlyForDeploymentPostprocessing = 0;
		};
/* End PBXResourcesBuildPhase section */

/* Begin PBXShellScriptBuildPhase section */
		8E83BD880ACE4B8E047C76D4 /* [CP] Copy Pods Resources */ = {
			isa = PBXShellScriptBuildPhase;
			buildActionMask = 2147483647;
			files = (
			);
			inputPaths = (
			);
			name = "[CP] Copy Pods Resources";
			outputPaths = (
			);
			runOnlyForDeploymentPostprocessing = 0;
			shellPath = /bin/sh;
			shellScript = "\"${SRCROOT}/Pods/Target Support Files/Pods-Forum/Pods-Forum-resources.sh\"\n";
			showEnvVarsInLog = 0;
		};
		98749DBAA66B0ED95FEFB0A0 /* [CP] Check Pods Manifest.lock */ = {
			isa = PBXShellScriptBuildPhase;
			buildActionMask = 2147483647;
			files = (
			);
			inputPaths = (
			);
			name = "[CP] Check Pods Manifest.lock";
			outputPaths = (
			);
			runOnlyForDeploymentPostprocessing = 0;
			shellPath = /bin/sh;
			shellScript = "diff \"${PODS_ROOT}/../Podfile.lock\" \"${PODS_ROOT}/Manifest.lock\" > /dev/null\nif [ $? != 0 ] ; then\n    # print error to STDERR\n    echo \"error: The sandbox is not in sync with the Podfile.lock. Run 'pod install' or update your CocoaPods installation.\" >&2\n    exit 1\nfi\n";
			showEnvVarsInLog = 0;
		};
		A1C5A111E85F6A0A55D70608 /* [CP] Embed Pods Frameworks */ = {
			isa = PBXShellScriptBuildPhase;
			buildActionMask = 2147483647;
			files = (
			);
			inputPaths = (
			);
			name = "[CP] Embed Pods Frameworks";
			outputPaths = (
			);
			runOnlyForDeploymentPostprocessing = 0;
			shellPath = /bin/sh;
			shellScript = "\"${SRCROOT}/Pods/Target Support Files/Pods-Forum/Pods-Forum-frameworks.sh\"\n";
			showEnvVarsInLog = 0;
		};
/* End PBXShellScriptBuildPhase section */

/* Begin PBXSourcesBuildPhase section */
		4D339D871C31454A0022A6A4 /* Sources */ = {
			isa = PBXSourcesBuildPhase;
			buildActionMask = 2147483647;
			files = (
				3A2C3F891DDFDF9200576151 /* IGXMLNode+Children.m in Sources */,
				3A2C3F151DDFB94200576151 /* AppDelegate.m in Sources */,
				3A2C3FDC1DDFE0C900576151 /* ForumReportViewController.m in Sources */,
				3A2C3FDD1DDFE0C900576151 /* ForumSearchViewController.m in Sources */,
				3A2C3FD01DDFE0C900576151 /* ForumBaseStaticTableViewController.m in Sources */,
				3A2C3F4C1DDFBF5900576151 /* ForumSearchResultCell.m in Sources */,
				4DF7371B1DDECC8D00BF1896 /* Forum.m in Sources */,
				3A2C40061DDFE3AD00576151 /* TransValueUITableViewCell.m in Sources */,
				3A2C3F4B1DDFBF5900576151 /* ForumProfileTableViewCell.m in Sources */,
				3A2C3F4F1DDFBF5900576151 /* MGSwipeTableCellWithIndexPath.m in Sources */,
				3A2C40001DDFE30300576151 /* TransBundleUINavigationController.m in Sources */,
				4DF7371A1DDECC8D00BF1896 /* User.m in Sources */,
				3A2C3FDF1DDFE0C900576151 /* ForumSettingTableViewController.m in Sources */,
				3A2C3F8D1DDFDFC000576151 /* ApiTestViewController.m in Sources */,
				3A2C3FD71DDFE0C900576151 /* ForumMyThreadTableViewController.m in Sources */,
				3A2C3FD11DDFE0C900576151 /* ForumFavFormController.m in Sources */,
				4DF7372A1DDECCA200BF1896 /* LoginUser.m in Sources */,
				3A2C3F6B1DDFC03400576151 /* UIAutoResizeTextView.m in Sources */,
				3A2C3FE51DDFE0C900576151 /* ForumThreadListForChildFormUITableViewController.m in Sources */,
				3A2C3F371DDFBD2700576151 /* ForumCoreDataManager.m in Sources */,
				3ACFFD2C1CF9D6BF000312DC /* HPURLCache.m in Sources */,
				3A2C3FDA1DDFE0C900576151 /* ForumPrivateMessageTableViewController.m in Sources */,
				3ACFFD341CFA641F000312DC /* NYTExamplePhoto.m in Sources */,
				4DF737051DDECC8500BF1896 /* ThreadInSearch.m in Sources */,
				3A2C3F7F1DDFC0CD00576151 /* UIStoryboard+Forum.m in Sources */,
				4DF737201DDECC8D00BF1896 /* ViewThreadPage.m in Sources */,
				3A2C3F4D1DDFBF5900576151 /* ForumSimpleThreadTableViewCell.m in Sources */,
				3A2C402F1DE0A3DD00576151 /* ForumEntry+CoreDataClass.m in Sources */,
				3A2C3F7A1DDFC0CD00576151 /* NSString+Extensions.m in Sources */,
				3A2C3F871DDFDF9200576151 /* AFHTTPSessionManager+SimpleAction.m in Sources */,
				4DF7371D1DDECC8D00BF1896 /* UserProfile.m in Sources */,
				3A2C3FE11DDFE0C900576151 /* ForumShowPrivateMessageViewController.m in Sources */,
				4DF7371E1DDECC8D00BF1896 /* SimpleThread.m in Sources */,
				3A2C40011DDFE30300576151 /* TransBundle.m in Sources */,
				3A2C3FE01DDFE0C900576151 /* ForumShowNewThreadPostTableViewController.m in Sources */,
				3A2C3FE31DDFE0C900576151 /* ForumTabBarController.m in Sources */,
				3A2C3FEE1DDFE10900576151 /* forum.xcdatamodeld in Sources */,
				3A2C402D1DE0A3DD00576151 /* UserEntry+CoreDataClass.m in Sources */,
				3AF8878E1DA155D20083A8D5 /* ForumHtmlParser.m in Sources */,
				4DF737261DDECC9600BF1896 /* Message.m in Sources */,
				3A2C3F7C1DDFC0CD00576151 /* NSUserDefaults+Setting.m in Sources */,
				3ACFFD301CF9DD3C000312DC /* HPURLProtocol.m in Sources */,
				3A2C3FFF1DDFE30300576151 /* TranBundleUITableViewController.m in Sources */,
				3A2C3FE61DDFE0C900576151 /* ForumThreadListTableViewController.m in Sources */,
				3A2C3F7D1DDFC0CD00576151 /* UIColor+MyColor.m in Sources */,
				3A2C3FD61DDFE0C900576151 /* ForumMyThreadPostTableViewController.m in Sources */,
				3A2C3F5F1DDFBFC500576151 /* XibInflater.m in Sources */,
				3A2C3F801DDFC0CD00576151 /* UIView+Corner.m in Sources */,
				3A2C3F5D1DDFBFC500576151 /* PageHeaderView.m in Sources */,
				3A2C40021DDFE30300576151 /* TransBundleUIViewController.m in Sources */,
				4D0D87251DE40C7900DA9034 /* ForumNavigationViewController.m in Sources */,
				3A2C3F511DDFBF5900576151 /* SelectPhotoCollectionViewCell.m in Sources */,
				3A2C40301DE0A3DD00576151 /* ForumEntry+CoreDataProperties.m in Sources */,
				3A2C3FD51DDFE0C900576151 /* ForumMyProfileTableViewController.m in Sources */,
				4DF737191DDECC8D00BF1896 /* Post.m in Sources */,
				3A2C3FCE1DDFE0C900576151 /* ForumApiBaseTableViewController.m in Sources */,
				4DF737061DDECC8500BF1896 /* ViewSearchForumPage.m in Sources */,
				4DF7371C1DDECC8D00BF1896 /* Thread.m in Sources */,
				4DF7371F1DDECC8D00BF1896 /* NormalThread.m in Sources */,
				3A2C3FE81DDFE0C900576151 /* ForumUserThreadTableViewController.m in Sources */,
				3A2C3F501DDFBF5900576151 /* PrivateMessageTableViewCell.m in Sources */,
				3A2C3FE41DDFE0C900576151 /* ForumTableViewController.m in Sources */,
				4DF737211DDECC8D00BF1896 /* ViewForumPage.m in Sources */,
				3A2C3F681DDFC03400576151 /* AutoRelayoutUITextView.m in Sources */,
				3AF887971DA16D2C0083A8D5 /* ForumBrowser.m in Sources */,
				3A2C3FE91DDFE0C900576151 /* ForumWebViewController.m in Sources */,
				3A2C3FD21DDFE0C900576151 /* ForumFavThreadPostTableViewController.m in Sources */,
				3A2C3F7B1DDFC0CD00576151 /* NSUserDefaults+Extensions.m in Sources */,
				3A2C402E1DE0A3DD00576151 /* UserEntry+CoreDataProperties.m in Sources */,
				3ACFFD2D1CF9D6BF000312DC /* SDImageCache+URLCache.m in Sources */,
				3A2C3F3A1DDFBF3900576151 /* BaseFourmTableViewCell.m in Sources */,
				3A2C400A1DE0015C00576151 /* main.m in Sources */,
				3A2C3FE21DDFE0C900576151 /* ForumSimpleReplyViewController.m in Sources */,
				3A2C3FD91DDFE0C900576151 /* ForumCreateNewThreadViewController.m in Sources */,
				3A2C3FDE1DDFE0C900576151 /* ForumSeniorNewPostViewController.m in Sources */,
				3A2C3FEB1DDFE0C900576151 /* ForumWritePMViewController.m in Sources */,
				3A2C3FCF1DDFE0C900576151 /* ForumApiBaseViewController.m in Sources */,
				3A2C3FD31DDFE0C900576151 /* ForumLoginViewController.m in Sources */,
				3A2C3F7E1DDFC0CD00576151 /* UIImage+Tint.m in Sources */,
				3A2C3F6A1DDFC03400576151 /* LeftDrawerItem.m in Sources */,
				3A2C3F691DDFC03400576151 /* CommonUtils.m in Sources */,
				3A2C3F321DDFBCE800576151 /* CoreDataManager.m in Sources */,
				3A2C3F881DDFDF9200576151 /* IGHTMLDocument+QueryNode.m in Sources */,
				4DF737271DDECC9600BF1896 /* ViewMessagePage.m in Sources */,
				3A2C3F4E1DDFBF5900576151 /* ForumThreadListCell.m in Sources */,
				3A2C3FE71DDFE0C900576151 /* ForumUserProfileTableViewController.m in Sources */,
				3A2C3F5B1DDFBFC500576151 /* ForumListHeaderView.m in Sources */,
				C7B59D8E9D44A593D270BE03 /* NSData+UTF8.m in Sources */,
			);
			runOnlyForDeploymentPostprocessing = 0;
		};
/* End PBXSourcesBuildPhase section */

/* Begin XCBuildConfiguration section */
		4D339DA31C31454B0022A6A4 /* Debug */ = {
			isa = XCBuildConfiguration;
			buildSettings = {
				ALWAYS_SEARCH_USER_PATHS = NO;
				CLANG_CXX_LANGUAGE_STANDARD = "gnu++0x";
				CLANG_CXX_LIBRARY = "libc++";
				CLANG_ENABLE_MODULES = YES;
				CLANG_ENABLE_OBJC_ARC = YES;
				CLANG_WARN_BOOL_CONVERSION = YES;
				CLANG_WARN_CONSTANT_CONVERSION = YES;
				CLANG_WARN_DIRECT_OBJC_ISA_USAGE = YES_ERROR;
				CLANG_WARN_EMPTY_BODY = YES;
				CLANG_WARN_ENUM_CONVERSION = YES;
				CLANG_WARN_INFINITE_RECURSION = YES;
				CLANG_WARN_INT_CONVERSION = YES;
				CLANG_WARN_OBJC_ROOT_CLASS = YES_ERROR;
				CLANG_WARN_SUSPICIOUS_MOVE = YES;
				CLANG_WARN_UNREACHABLE_CODE = YES;
				CLANG_WARN__DUPLICATE_METHOD_MATCH = YES;
				"CODE_SIGN_IDENTITY[sdk=iphoneos*]" = "iPhone Developer";
				COPY_PHASE_STRIP = NO;
				DEBUG_INFORMATION_FORMAT = dwarf;
				ENABLE_STRICT_OBJC_MSGSEND = YES;
				ENABLE_TESTABILITY = YES;
				GCC_C_LANGUAGE_STANDARD = gnu99;
				GCC_DYNAMIC_NO_PIC = NO;
				GCC_NO_COMMON_BLOCKS = YES;
				GCC_OPTIMIZATION_LEVEL = 0;
				GCC_PREPROCESSOR_DEFINITIONS = (
					"DEBUG=1",
					"$(inherited)",
				);
				GCC_WARN_64_TO_32_BIT_CONVERSION = YES;
				GCC_WARN_ABOUT_RETURN_TYPE = YES_ERROR;
				GCC_WARN_UNDECLARED_SELECTOR = YES;
				GCC_WARN_UNINITIALIZED_AUTOS = YES_AGGRESSIVE;
				GCC_WARN_UNUSED_FUNCTION = YES;
				GCC_WARN_UNUSED_VARIABLE = YES;
				IPHONEOS_DEPLOYMENT_TARGET = 8.0;
				MTL_ENABLE_DEBUG_INFO = YES;
				ONLY_ACTIVE_ARCH = YES;
				SDKROOT = iphoneos;
			};
			name = Debug;
		};
		4D339DA41C31454B0022A6A4 /* Release */ = {
			isa = XCBuildConfiguration;
			buildSettings = {
				ALWAYS_SEARCH_USER_PATHS = NO;
				CLANG_CXX_LANGUAGE_STANDARD = "gnu++0x";
				CLANG_CXX_LIBRARY = "libc++";
				CLANG_ENABLE_MODULES = YES;
				CLANG_ENABLE_OBJC_ARC = YES;
				CLANG_WARN_BOOL_CONVERSION = YES;
				CLANG_WARN_CONSTANT_CONVERSION = YES;
				CLANG_WARN_DIRECT_OBJC_ISA_USAGE = YES_ERROR;
				CLANG_WARN_EMPTY_BODY = YES;
				CLANG_WARN_ENUM_CONVERSION = YES;
				CLANG_WARN_INFINITE_RECURSION = YES;
				CLANG_WARN_INT_CONVERSION = YES;
				CLANG_WARN_OBJC_ROOT_CLASS = YES_ERROR;
				CLANG_WARN_SUSPICIOUS_MOVE = YES;
				CLANG_WARN_UNREACHABLE_CODE = YES;
				CLANG_WARN__DUPLICATE_METHOD_MATCH = YES;
				"CODE_SIGN_IDENTITY[sdk=iphoneos*]" = "iPhone Developer";
				COPY_PHASE_STRIP = NO;
				DEBUG_INFORMATION_FORMAT = "dwarf-with-dsym";
				ENABLE_NS_ASSERTIONS = NO;
				ENABLE_STRICT_OBJC_MSGSEND = YES;
				GCC_C_LANGUAGE_STANDARD = gnu99;
				GCC_NO_COMMON_BLOCKS = YES;
				GCC_WARN_64_TO_32_BIT_CONVERSION = YES;
				GCC_WARN_ABOUT_RETURN_TYPE = YES_ERROR;
				GCC_WARN_UNDECLARED_SELECTOR = YES;
				GCC_WARN_UNINITIALIZED_AUTOS = YES_AGGRESSIVE;
				GCC_WARN_UNUSED_FUNCTION = YES;
				GCC_WARN_UNUSED_VARIABLE = YES;
				IPHONEOS_DEPLOYMENT_TARGET = 8.0;
				MTL_ENABLE_DEBUG_INFO = NO;
				SDKROOT = iphoneos;
				VALIDATE_PRODUCT = YES;
			};
			name = Release;
		};
		4D339DA61C31454B0022A6A4 /* Debug */ = {
			isa = XCBuildConfiguration;
			baseConfigurationReference = F9DDCAE3994600C1B70E3DBC /* Pods-Forum.debug.xcconfig */;
			buildSettings = {
				ASSETCATALOG_COMPILER_APPICON_NAME = AppIcon;
				CODE_SIGN_IDENTITY = "iPhone Developer";
				"CODE_SIGN_IDENTITY[sdk=iphoneos*]" = "iPhone Developer";
				DEVELOPMENT_TEAM = "";
				FRAMEWORK_SEARCH_PATHS = (
					"$(inherited)",
					"$(PROJECT_DIR)",
				);
				GCC_PREFIX_HEADER = Forum.pch;
				HEADER_SEARCH_PATHS = (
					"$(inherited)",
					"\"${PODS_ROOT}/Headers/Public\"",
					"\"${PODS_ROOT}/Headers/Public/AFNetworking\"",
					"\"${PODS_ROOT}/Headers/Public/ObjectiveGumbo\"",
					"\"$(SDKROOT)/usr/include/libxml2\"",
				);
				INFOPLIST_FILE = "$(SRCROOT)/Info.plist";
				IPHONEOS_DEPLOYMENT_TARGET = 8.0;
				LD_RUNPATH_SEARCH_PATHS = "$(inherited) @executable_path/Frameworks";
				PRODUCT_BUNDLE_IDENTIFIER = com.andforce.forum;
				PRODUCT_NAME = "$(TARGET_NAME)";
				PROVISIONING_PROFILE = "";
				PROVISIONING_PROFILE_SPECIFIER = "";
				TARGETED_DEVICE_FAMILY = "1,2";
			};
			name = Debug;
		};
		4D339DA71C31454B0022A6A4 /* Release */ = {
			isa = XCBuildConfiguration;
			baseConfigurationReference = DC2C41C75F27D6D0DA04D195 /* Pods-Forum.release.xcconfig */;
			buildSettings = {
				ASSETCATALOG_COMPILER_APPICON_NAME = AppIcon;
				CODE_SIGN_IDENTITY = "iPhone Distribution";
				"CODE_SIGN_IDENTITY[sdk=iphoneos*]" = "iPhone Developer";
				DEVELOPMENT_TEAM = "";
				FRAMEWORK_SEARCH_PATHS = (
					"$(inherited)",
					"$(PROJECT_DIR)",
				);
				GCC_PREFIX_HEADER = Forum.pch;
				HEADER_SEARCH_PATHS = (
					"$(inherited)",
					"\"${PODS_ROOT}/Headers/Public\"",
					"\"${PODS_ROOT}/Headers/Public/AFNetworking\"",
					"\"${PODS_ROOT}/Headers/Public/ObjectiveGumbo\"",
					"\"$(SDKROOT)/usr/include/libxml2\"",
				);
				INFOPLIST_FILE = "$(SRCROOT)/Info.plist";
				IPHONEOS_DEPLOYMENT_TARGET = 8.0;
				LD_RUNPATH_SEARCH_PATHS = "$(inherited) @executable_path/Frameworks";
				ONLY_ACTIVE_ARCH = NO;
				PRODUCT_BUNDLE_IDENTIFIER = com.andforce.forum;
				PRODUCT_NAME = "$(TARGET_NAME)";
				PROVISIONING_PROFILE = "";
				PROVISIONING_PROFILE_SPECIFIER = "";
				TARGETED_DEVICE_FAMILY = "1,2";
			};
			name = Release;
		};
/* End XCBuildConfiguration section */

/* Begin XCConfigurationList section */
		4D339D861C31454A0022A6A4 /* Build configuration list for PBXProject "Forum" */ = {
			isa = XCConfigurationList;
			buildConfigurations = (
				4D339DA31C31454B0022A6A4 /* Debug */,
				4D339DA41C31454B0022A6A4 /* Release */,
			);
			defaultConfigurationIsVisible = 0;
			defaultConfigurationName = Release;
		};
		4D339DA51C31454B0022A6A4 /* Build configuration list for PBXNativeTarget "Forum" */ = {
			isa = XCConfigurationList;
			buildConfigurations = (
				4D339DA61C31454B0022A6A4 /* Debug */,
				4D339DA71C31454B0022A6A4 /* Release */,
			);
			defaultConfigurationIsVisible = 0;
			defaultConfigurationName = Release;
		};
/* End XCConfigurationList section */

/* Begin XCVersionGroup section */
		3A2C3FEC1DDFE10900576151 /* forum.xcdatamodeld */ = {
			isa = XCVersionGroup;
			children = (
				3A2C3FED1DDFE10900576151 /* forum.xcdatamodel */,
			);
			currentVersion = 3A2C3FED1DDFE10900576151 /* forum.xcdatamodel */;
			path = forum.xcdatamodeld;
			sourceTree = "<group>";
			versionGroupType = wrapper.xcdatamodel;
		};
/* End XCVersionGroup section */
	};
	rootObject = 4D339D831C31454A0022A6A4 /* Project object */;
}
